// !$*UTF8*$!
{
	archiveVersion = 1;
	classes = {
	};
	objectVersion = 46;
	objects = {

/* Begin PBXBuildFile section */
		1FECC8A21DB01B2A002BA3D0 /* RobotKit.framework in Frameworks */ = {isa = PBXBuildFile; fileRef = 1FECC89F1DB01B2A002BA3D0 /* RobotKit.framework */; };
		1FECC8A31DB01B2A002BA3D0 /* RobotUIKit.bundle in Resources */ = {isa = PBXBuildFile; fileRef = 1FECC8A01DB01B2A002BA3D0 /* RobotUIKit.bundle */; };
		1FECC8A41DB01B2A002BA3D0 /* RobotUIKit.framework in Frameworks */ = {isa = PBXBuildFile; fileRef = 1FECC8A11DB01B2A002BA3D0 /* RobotUIKit.framework */; };
		6784E7EE15DDA24100BD3A02 /* AppDelegate.m in Sources */ = {isa = PBXBuildFile; fileRef = 6784E7DC15DDA24100BD3A02 /* AppDelegate.m */; };
		6784E7EF15DDA24100BD3A02 /* InfoPlist.strings in Resources */ = {isa = PBXBuildFile; fileRef = 6784E7DD15DDA24100BD3A02 /* InfoPlist.strings */; };
		6784E7F615DDA24100BD3A02 /* main.m in Sources */ = {isa = PBXBuildFile; fileRef = 6784E7E915DDA24100BD3A02 /* main.m */; };
		6784E7F715DDA24100BD3A02 /* README.txt in Resources */ = {isa = PBXBuildFile; fileRef = 6784E7EA15DDA24100BD3A02 /* README.txt */; };
		6784E7F815DDA24100BD3A02 /* squaremedium.sphero in Resources */ = {isa = PBXBuildFile; fileRef = 6784E7EB15DDA24100BD3A02 /* squaremedium.sphero */; };
		6784E7F915DDA24100BD3A02 /* ViewController.m in Sources */ = {isa = PBXBuildFile; fileRef = 6784E7ED15DDA24100BD3A02 /* ViewController.m */; };
		D34057441676C7CD00FE1E64 /* strobelight.sphero in Resources */ = {isa = PBXBuildFile; fileRef = 6784E80115DDA2BB00BD3A02 /* strobelight.sphero */; };
		D34057461676C7F300FE1E64 /* bigdance.sphero in Resources */ = {isa = PBXBuildFile; fileRef = 6784E7FD15DDA2BB00BD3A02 /* bigdance.sphero */; };
		D34057471676C7FA00FE1E64 /* symboll.sphero in Resources */ = {isa = PBXBuildFile; fileRef = 6784E80215DDA2BB00BD3A02 /* symboll.sphero */; };
		D34057481676C80400FE1E64 /* dance1.sphero in Resources */ = {isa = PBXBuildFile; fileRef = 6784E7FF15DDA2BB00BD3A02 /* dance1.sphero */; };
		DE53D07E1977119B006E4C0B /* Default-568h@2x.png in Resources */ = {isa = PBXBuildFile; fileRef = DE53D07D1977119B006E4C0B /* Default-568h@2x.png */; };
		E60EEC9D15DD6ED5008FFEB9 /* Foundation.framework in Frameworks */ = {isa = PBXBuildFile; fileRef = E60EEC9C15DD6ED5008FFEB9 /* Foundation.framework */; };
		E60EECA015DD6EE8008FFEB9 /* UIKit.framework in Frameworks */ = {isa = PBXBuildFile; fileRef = E60EEC9F15DD6EE8008FFEB9 /* UIKit.framework */; };
		E60EECAC15DD6F6F008FFEB9 /* ExternalAccessory.framework in Frameworks */ = {isa = PBXBuildFile; fileRef = E60EECAB15DD6F6F008FFEB9 /* ExternalAccessory.framework */; };
		EA84518A1A40DBDC0098A6C0 /* MacroLoader.storyboard in Resources */ = {isa = PBXBuildFile; fileRef = EA8451891A40DBDC0098A6C0 /* MacroLoader.storyboard */; };
/* End PBXBuildFile section */

/* Begin PBXFileReference section */
		1FECC89F1DB01B2A002BA3D0 /* RobotKit.framework */ = {isa = PBXFileReference; lastKnownFileType = wrapper.framework; name = RobotKit.framework; path = ../../frameworks/RobotKit.framework; sourceTree = "<group>"; };
		1FECC8A01DB01B2A002BA3D0 /* RobotUIKit.bundle */ = {isa = PBXFileReference; lastKnownFileType = "wrapper.plug-in"; name = RobotUIKit.bundle; path = ../../frameworks/RobotUIKit.bundle; sourceTree = "<group>"; };
		1FECC8A11DB01B2A002BA3D0 /* RobotUIKit.framework */ = {isa = PBXFileReference; lastKnownFileType = wrapper.framework; name = RobotUIKit.framework; path = ../../frameworks/RobotUIKit.framework; sourceTree = "<group>"; };
		6784E7DB15DDA24100BD3A02 /* AppDelegate.h */ = {isa = PBXFileReference; fileEncoding = 4; lastKnownFileType = sourcecode.c.h; path = AppDelegate.h; sourceTree = "<group>"; };
		6784E7DC15DDA24100BD3A02 /* AppDelegate.m */ = {isa = PBXFileReference; fileEncoding = 4; lastKnownFileType = sourcecode.c.objc; path = AppDelegate.m; sourceTree = "<group>"; };
		6784E7DE15DDA24100BD3A02 /* en */ = {isa = PBXFileReference; lastKnownFileType = text.plist.strings; name = en; path = en.lproj/InfoPlist.strings; sourceTree = "<group>"; };
		6784E7E715DDA24100BD3A02 /* MacroLoader-Info.plist */ = {isa = PBXFileReference; fileEncoding = 4; lastKnownFileType = text.plist.xml; path = "MacroLoader-Info.plist"; sourceTree = "<group>"; };
		6784E7E815DDA24100BD3A02 /* MacroLoader-Prefix.pch */ = {isa = PBXFileReference; fileEncoding = 4; lastKnownFileType = sourcecode.c.h; path = "MacroLoader-Prefix.pch"; sourceTree = "<group>"; };
		6784E7E915DDA24100BD3A02 /* main.m */ = {isa = PBXFileReference; fileEncoding = 4; lastKnownFileType = sourcecode.c.objc; path = main.m; sourceTree = "<group>"; };
		6784E7EA15DDA24100BD3A02 /* README.txt */ = {isa = PBXFileReference; fileEncoding = 4; lastKnownFileType = text; path = README.txt; sourceTree = "<group>"; };
		6784E7EB15DDA24100BD3A02 /* squaremedium.sphero */ = {isa = PBXFileReference; lastKnownFileType = file; path = squaremedium.sphero; sourceTree = "<group>"; };
		6784E7EC15DDA24100BD3A02 /* ViewController.h */ = {isa = PBXFileReference; fileEncoding = 4; lastKnownFileType = sourcecode.c.h; path = ViewController.h; sourceTree = "<group>"; };
		6784E7ED15DDA24100BD3A02 /* ViewController.m */ = {isa = PBXFileReference; fileEncoding = 4; lastKnownFileType = sourcecode.c.objc; path = ViewController.m; sourceTree = "<group>"; };
		6784E7FD15DDA2BB00BD3A02 /* bigdance.sphero */ = {isa = PBXFileReference; lastKnownFileType = file; path = bigdance.sphero; sourceTree = "<group>"; };
		6784E7FE15DDA2BB00BD3A02 /* colorm.sphero */ = {isa = PBXFileReference; lastKnownFileType = file; path = colorm.sphero; sourceTree = "<group>"; };
		6784E7FF15DDA2BB00BD3A02 /* dance1.sphero */ = {isa = PBXFileReference; lastKnownFileType = file; path = dance1.sphero; sourceTree = "<group>"; };
		6784E80015DDA2BB00BD3A02 /* squaremedium.sphero */ = {isa = PBXFileReference; lastKnownFileType = file; path = squaremedium.sphero; sourceTree = "<group>"; };
		6784E80115DDA2BB00BD3A02 /* strobelight.sphero */ = {isa = PBXFileReference; lastKnownFileType = file; path = strobelight.sphero; sourceTree = "<group>"; };
		6784E80215DDA2BB00BD3A02 /* symboll.sphero */ = {isa = PBXFileReference; lastKnownFileType = file; path = symboll.sphero; sourceTree = "<group>"; };
		81EE343D1491452A00132035 /* MacroLoader.app */ = {isa = PBXFileReference; explicitFileType = wrapper.application; includeInIndex = 0; path = MacroLoader.app; sourceTree = BUILT_PRODUCTS_DIR; };
		DE53D07D1977119B006E4C0B /* Default-568h@2x.png */ = {isa = PBXFileReference; lastKnownFileType = image.png; path = "Default-568h@2x.png"; sourceTree = "<group>"; };
		E60EEC9C15DD6ED5008FFEB9 /* Foundation.framework */ = {isa = PBXFileReference; lastKnownFileType = wrapper.framework; name = Foundation.framework; path = System/Library/Frameworks/Foundation.framework; sourceTree = SDKROOT; };
		E60EEC9F15DD6EE8008FFEB9 /* UIKit.framework */ = {isa = PBXFileReference; lastKnownFileType = wrapper.framework; name = UIKit.framework; path = System/Library/Frameworks/UIKit.framework; sourceTree = SDKROOT; };
		E60EECAB15DD6F6F008FFEB9 /* ExternalAccessory.framework */ = {isa = PBXFileReference; lastKnownFileType = wrapper.framework; name = ExternalAccessory.framework; path = System/Library/Frameworks/ExternalAccessory.framework; sourceTree = SDKROOT; };
		EA8451891A40DBDC0098A6C0 /* MacroLoader.storyboard */ = {isa = PBXFileReference; fileEncoding = 4; lastKnownFileType = file.storyboard; path = MacroLoader.storyboard; sourceTree = "<group>"; };
/* End PBXFileReference section */

/* Begin PBXFrameworksBuildPhase section */
		81EE343A1491452A00132035 /* Frameworks */ = {
			isa = PBXFrameworksBuildPhase;
			buildActionMask = 2147483647;
			files = (
				1FECC8A41DB01B2A002BA3D0 /* RobotUIKit.framework in Frameworks */,
				1FECC8A21DB01B2A002BA3D0 /* RobotKit.framework in Frameworks */,
				E60EECAC15DD6F6F008FFEB9 /* ExternalAccessory.framework in Frameworks */,
				E60EECA015DD6EE8008FFEB9 /* UIKit.framework in Frameworks */,
				E60EEC9D15DD6ED5008FFEB9 /* Foundation.framework in Frameworks */,
			);
			runOnlyForDeploymentPostprocessing = 0;
		};
/* End PBXFrameworksBuildPhase section */

/* Begin PBXGroup section */
		6784E7DA15DDA24100BD3A02 /* MacroLoader */ = {
			isa = PBXGroup;
			children = (
				6784E7FC15DDA29700BD3A02 /* Macros */,
				6784E7DB15DDA24100BD3A02 /* AppDelegate.h */,
				6784E7DC15DDA24100BD3A02 /* AppDelegate.m */,
				6784E7EC15DDA24100BD3A02 /* ViewController.h */,
				6784E7ED15DDA24100BD3A02 /* ViewController.m */,
				EA8451891A40DBDC0098A6C0 /* MacroLoader.storyboard */,
				6784E7E915DDA24100BD3A02 /* main.m */,
				6784E7EA15DDA24100BD3A02 /* README.txt */,
				6784E7FB15DDA27D00BD3A02 /* Supporting Files */,
			);
			path = MacroLoader;
			sourceTree = "<group>";
		};
		6784E7FA15DDA24B00BD3A02 /* Frameworks */ = {
			isa = PBXGroup;
			children = (
				1FECC89F1DB01B2A002BA3D0 /* RobotKit.framework */,
				1FECC8A01DB01B2A002BA3D0 /* RobotUIKit.bundle */,
				1FECC8A11DB01B2A002BA3D0 /* RobotUIKit.framework */,
				E60EECAB15DD6F6F008FFEB9 /* ExternalAccessory.framework */,
				E60EEC9F15DD6EE8008FFEB9 /* UIKit.framework */,
				E60EEC9C15DD6ED5008FFEB9 /* Foundation.framework */,
			);
			name = Frameworks;
			sourceTree = "<group>";
		};
		6784E7FB15DDA27D00BD3A02 /* Supporting Files */ = {
			isa = PBXGroup;
			children = (
				6784E7E715DDA24100BD3A02 /* MacroLoader-Info.plist */,
				6784E7E815DDA24100BD3A02 /* MacroLoader-Prefix.pch */,
				6784E7DD15DDA24100BD3A02 /* InfoPlist.strings */,
			);
			name = "Supporting Files";
			sourceTree = "<group>";
		};
		6784E7FC15DDA29700BD3A02 /* Macros */ = {
			isa = PBXGroup;
			children = (
				6784E7FD15DDA2BB00BD3A02 /* bigdance.sphero */,
				6784E7FE15DDA2BB00BD3A02 /* colorm.sphero */,
				6784E7FF15DDA2BB00BD3A02 /* dance1.sphero */,
				6784E80015DDA2BB00BD3A02 /* squaremedium.sphero */,
				6784E80115DDA2BB00BD3A02 /* strobelight.sphero */,
				6784E80215DDA2BB00BD3A02 /* symboll.sphero */,
				6784E7EB15DDA24100BD3A02 /* squaremedium.sphero */,
			);
			name = Macros;
			sourceTree = "<group>";
		};
		81EE34321491452A00132035 = {
			isa = PBXGroup;
			children = (
				DE53D07D1977119B006E4C0B /* Default-568h@2x.png */,
				6784E7DA15DDA24100BD3A02 /* MacroLoader */,
				81EE343E1491452A00132035 /* Products */,
				6784E7FA15DDA24B00BD3A02 /* Frameworks */,
			);
			sourceTree = "<group>";
		};
		81EE343E1491452A00132035 /* Products */ = {
			isa = PBXGroup;
			children = (
				81EE343D1491452A00132035 /* MacroLoader.app */,
			);
			name = Products;
			sourceTree = "<group>";
		};
/* End PBXGroup section */

/* Begin PBXNativeTarget section */
		81EE343C1491452A00132035 /* MacroLoader */ = {
			isa = PBXNativeTarget;
			buildConfigurationList = 81EE346C1491452B00132035 /* Build configuration list for PBXNativeTarget "MacroLoader" */;
			buildPhases = (
				81EE34391491452A00132035 /* Sources */,
				81EE343A1491452A00132035 /* Frameworks */,
				81EE343B1491452A00132035 /* Resources */,
			);
			buildRules = (
			);
			dependencies = (
			);
			name = MacroLoader;
			productName = HelloWorld;
			productReference = 81EE343D1491452A00132035 /* MacroLoader.app */;
			productType = "com.apple.product-type.application";
		};
/* End PBXNativeTarget section */

/* Begin PBXProject section */
		81EE34341491452A00132035 /* Project object */ = {
			isa = PBXProject;
			attributes = {
				LastUpgradeCheck = 0800;
				ORGANIZATIONNAME = "Orbotix, Inc.";
				TargetAttributes = {
					81EE343C1491452A00132035 = {
						DevelopmentTeam = U92PM5JGJC;
						SystemCapabilities = {
							com.apple.BackgroundModes = {
								enabled = 1;
							};
						};
					};
				};
			};
			buildConfigurationList = 81EE34371491452A00132035 /* Build configuration list for PBXProject "MacroLoader" */;
			compatibilityVersion = "Xcode 3.2";
			developmentRegion = English;
			hasScannedForEncodings = 0;
			knownRegions = (
				en,
			);
			mainGroup = 81EE34321491452A00132035;
			productRefGroup = 81EE343E1491452A00132035 /* Products */;
			projectDirPath = "";
			projectRoot = "";
			targets = (
				81EE343C1491452A00132035 /* MacroLoader */,
			);
		};
/* End PBXProject section */

/* Begin PBXResourcesBuildPhase section */
		81EE343B1491452A00132035 /* Resources */ = {
			isa = PBXResourcesBuildPhase;
			buildActionMask = 2147483647;
			files = (
				6784E7EF15DDA24100BD3A02 /* InfoPlist.strings in Resources */,
				EA84518A1A40DBDC0098A6C0 /* MacroLoader.storyboard in Resources */,
				DE53D07E1977119B006E4C0B /* Default-568h@2x.png in Resources */,
				6784E7F715DDA24100BD3A02 /* README.txt in Resources */,
				6784E7F815DDA24100BD3A02 /* squaremedium.sphero in Resources */,
				D34057441676C7CD00FE1E64 /* strobelight.sphero in Resources */,
				D34057461676C7F300FE1E64 /* bigdance.sphero in Resources */,
				D34057471676C7FA00FE1E64 /* symboll.sphero in Resources */,
				D34057481676C80400FE1E64 /* dance1.sphero in Resources */,
				1FECC8A31DB01B2A002BA3D0 /* RobotUIKit.bundle in Resources */,
			);
			runOnlyForDeploymentPostprocessing = 0;
		};
/* End PBXResourcesBuildPhase section */

/* Begin PBXSourcesBuildPhase section */
		81EE34391491452A00132035 /* Sources */ = {
			isa = PBXSourcesBuildPhase;
			buildActionMask = 2147483647;
			files = (
				6784E7EE15DDA24100BD3A02 /* AppDelegate.m in Sources */,
				6784E7F615DDA24100BD3A02 /* main.m in Sources */,
				6784E7F915DDA24100BD3A02 /* ViewController.m in Sources */,
			);
			runOnlyForDeploymentPostprocessing = 0;
		};
/* End PBXSourcesBuildPhase section */

/* Begin PBXVariantGroup section */
		6784E7DD15DDA24100BD3A02 /* InfoPlist.strings */ = {
			isa = PBXVariantGroup;
			children = (
				6784E7DE15DDA24100BD3A02 /* en */,
			);
			name = InfoPlist.strings;
			sourceTree = "<group>";
		};
/* End PBXVariantGroup section */

/* Begin XCBuildConfiguration section */
		81EE346A1491452B00132035 /* Debug */ = {
			isa = XCBuildConfiguration;
			buildSettings = {
				ALWAYS_SEARCH_USER_PATHS = NO;
				CLANG_ENABLE_OBJC_ARC = YES;
				CLANG_WARN_BOOL_CONVERSION = YES;
				CLANG_WARN_CONSTANT_CONVERSION = YES;
				CLANG_WARN_EMPTY_BODY = YES;
				CLANG_WARN_ENUM_CONVERSION = YES;
				CLANG_WARN_INFINITE_RECURSION = YES;
				CLANG_WARN_INT_CONVERSION = YES;
				CLANG_WARN_SUSPICIOUS_MOVE = YES;
				CLANG_WARN_UNREACHABLE_CODE = YES;
				CLANG_WARN__DUPLICATE_METHOD_MATCH = YES;
				"CODE_SIGN_IDENTITY[sdk=iphoneos*]" = "iPhone Developer";
				COPY_PHASE_STRIP = NO;
				ENABLE_STRICT_OBJC_MSGSEND = YES;
				ENABLE_TESTABILITY = YES;
				FRAMEWORK_SEARCH_PATHS = "$(PROJECT_DIR)/../../frameworks";
				GCC_C_LANGUAGE_STANDARD = gnu99;
				GCC_DYNAMIC_NO_PIC = NO;
				GCC_NO_COMMON_BLOCKS = YES;
				GCC_OPTIMIZATION_LEVEL = 0;
				GCC_PREPROCESSOR_DEFINITIONS = (
					"DEBUG=1",
					"$(inherited)",
				);
				GCC_SYMBOLS_PRIVATE_EXTERN = NO;
				GCC_VERSION = com.apple.compilers.llvm.clang.1_0;
				GCC_WARN_64_TO_32_BIT_CONVERSION = YES;
				GCC_WARN_ABOUT_MISSING_PROTOTYPES = YES;
				GCC_WARN_ABOUT_RETURN_TYPE = YES;
				GCC_WARN_UNDECLARED_SELECTOR = YES;
				GCC_WARN_UNINITIALIZED_AUTOS = YES;
				GCC_WARN_UNUSED_FUNCTION = YES;
				GCC_WARN_UNUSED_VARIABLE = YES;
				IPHONEOS_DEPLOYMENT_TARGET = 6.0;
				ONLY_ACTIVE_ARCH = YES;
				SDKROOT = iphoneos;
				TARGETED_DEVICE_FAMILY = "1,2";
			};
			name = Debug;
		};
		81EE346B1491452B00132035 /* Release */ = {
			isa = XCBuildConfiguration;
			buildSettings = {
				ALWAYS_SEARCH_USER_PATHS = NO;
				CLANG_ENABLE_OBJC_ARC = YES;
				CLANG_WARN_BOOL_CONVERSION = YES;
				CLANG_WARN_CONSTANT_CONVERSION = YES;
				CLANG_WARN_EMPTY_BODY = YES;
				CLANG_WARN_ENUM_CONVERSION = YES;
				CLANG_WARN_INFINITE_RECURSION = YES;
				CLANG_WARN_INT_CONVERSION = YES;
				CLANG_WARN_SUSPICIOUS_MOVE = YES;
				CLANG_WARN_UNREACHABLE_CODE = YES;
				CLANG_WARN__DUPLICATE_METHOD_MATCH = YES;
				"CODE_SIGN_IDENTITY[sdk=iphoneos*]" = "iPhone Developer";
				COPY_PHASE_STRIP = YES;
				ENABLE_STRICT_OBJC_MSGSEND = YES;
				FRAMEWORK_SEARCH_PATHS = "$(PROJECT_DIR)/../../frameworks";
				GCC_C_LANGUAGE_STANDARD = gnu99;
				GCC_NO_COMMON_BLOCKS = YES;
				GCC_VERSION = com.apple.compilers.llvm.clang.1_0;
				GCC_WARN_64_TO_32_BIT_CONVERSION = YES;
				GCC_WARN_ABOUT_MISSING_PROTOTYPES = YES;
				GCC_WARN_ABOUT_RETURN_TYPE = YES;
				GCC_WARN_UNDECLARED_SELECTOR = YES;
				GCC_WARN_UNINITIALIZED_AUTOS = YES;
				GCC_WARN_UNUSED_FUNCTION = YES;
				GCC_WARN_UNUSED_VARIABLE = YES;
				IPHONEOS_DEPLOYMENT_TARGET = 6.0;
				OTHER_CFLAGS = "-DNS_BLOCK_ASSERTIONS=1";
				SDKROOT = iphoneos;
				TARGETED_DEVICE_FAMILY = "1,2";
				VALIDATE_PRODUCT = YES;
			};
			name = Release;
		};
		81EE346D1491452B00132035 /* Debug */ = {
			isa = XCBuildConfiguration;
			buildSettings = {
				CODE_SIGN_IDENTITY = "iPhone Developer";
				"CODE_SIGN_IDENTITY[sdk=iphoneos*]" = "iPhone Developer";
				DEVELOPMENT_TEAM = U92PM5JGJC;
				FRAMEWORK_SEARCH_PATHS = "$(inherited)";
				GCC_PRECOMPILE_PREFIX_HEADER = YES;
				GCC_PREFIX_HEADER = "MacroLoader/MacroLoader-Prefix.pch";
				INFOPLIST_FILE = "MacroLoader/MacroLoader-Info.plist";
				IPHONEOS_DEPLOYMENT_TARGET = 7.0;
				LIBRARY_SEARCH_PATHS = "";
				ONLY_ACTIVE_ARCH = NO;
				OTHER_LDFLAGS = (
					"-ObjC",
					"-lc++",
				);
				PRODUCT_BUNDLE_IDENTIFIER = "com.orbotix..${PRODUCT_NAME:rfc1034identifier}";
				PRODUCT_NAME = MacroLoader;
				PROVISIONING_PROFILE = "";
				TARGETED_DEVICE_FAMILY = "1,2";
				WRAPPER_EXTENSION = app;
			};
			name = Debug;
		};
		81EE346E1491452B00132035 /* Release */ = {
			isa = XCBuildConfiguration;
			buildSettings = {
				CODE_SIGN_IDENTITY = "iPhone Developer";
				"CODE_SIGN_IDENTITY[sdk=iphoneos*]" = "iPhone Developer";
				DEVELOPMENT_TEAM = U92PM5JGJC;
				FRAMEWORK_SEARCH_PATHS = "$(inherited)";
				GCC_PRECOMPILE_PREFIX_HEADER = YES;
				GCC_PREFIX_HEADER = "MacroLoader/MacroLoader-Prefix.pch";
				INFOPLIST_FILE = "MacroLoader/MacroLoader-Info.plist";
				IPHONEOS_DEPLOYMENT_TARGET = 7.0;
				LIBRARY_SEARCH_PATHS = "";
				OTHER_LDFLAGS = (
					"-ObjC",
					"-lc++",
				);
				PRODUCT_BUNDLE_IDENTIFIER = "com.orbotix..${PRODUCT_NAME:rfc1034identifier}";
				PRODUCT_NAME = MacroLoader;
				PROVISIONING_PROFILE = "";
				TARGETED_DEVICE_FAMILY = "1,2";
				WRAPPER_EXTENSION = app;
			};
			name = Release;
		};
/* End XCBuildConfiguration section */

/* Begin XCConfigurationList section */
		81EE34371491452A00132035 /* Build configuration list for PBXProject "MacroLoader" */ = {
			isa = XCConfigurationList;
			buildConfigurations = (
				81EE346A1491452B00132035 /* Debug */,
				81EE346B1491452B00132035 /* Release */,
			);
			defaultConfigurationIsVisible = 0;
			defaultConfigurationName = Release;
		};
		81EE346C1491452B00132035 /* Build configuration list for PBXNativeTarget "MacroLoader" */ = {
			isa = XCConfigurationList;
			buildConfigurations = (
				81EE346D1491452B00132035 /* Debug */,
				81EE346E1491452B00132035 /* Release */,
			);
			defaultConfigurationIsVisible = 0;
			defaultConfigurationName = Release;
		};
/* End XCConfigurationList section */
	};
	rootObject = 81EE34341491452A00132035 /* Project object */;
}
