// !$*UTF8*$!
{
	archiveVersion = 1;
	classes = {
	};
	objectVersion = 46;
	objects = {

/* Begin PBXBuildFile section */
		1F8D04E41DB02DC9009DCBDD /* RobotKit.framework in Frameworks */ = {isa = PBXBuildFile; fileRef = 1F8D04E31DB02DC9009DCBDD /* RobotKit.framework */; };
		EA464DD31B386D3D00CDB4F0 /* AppDelegate.swift in Sources */ = {isa = PBXBuildFile; fileRef = EA464DD21B386D3D00CDB4F0 /* AppDelegate.swift */; };
		EA464DD51B386D3D00CDB4F0 /* ViewController.swift in Sources */ = {isa = PBXBuildFile; fileRef = EA464DD41B386D3D00CDB4F0 /* ViewController.swift */; };
		EA464DD81B386D3D00CDB4F0 /* Main.storyboard in Resources */ = {isa = PBXBuildFile; fileRef = EA464DD61B386D3D00CDB4F0 /* Main.storyboard */; };
		EA464DDA1B386D3D00CDB4F0 /* Images.xcassets in Resources */ = {isa = PBXBuildFile; fileRef = EA464DD91B386D3D00CDB4F0 /* Images.xcassets */; };
		EA464DDD1B386D3D00CDB4F0 /* LaunchScreen.xib in Resources */ = {isa = PBXBuildFile; fileRef = EA464DDB1B386D3D00CDB4F0 /* LaunchScreen.xib */; };
		EA464E1C1B3895AF00CDB4F0 /* Sample.oval in Resources */ = {isa = PBXBuildFile; fileRef = EA464E1B1B3895AF00CDB4F0 /* Sample.oval */; };
/* End PBXBuildFile section */

/* Begin PBXFileReference section */
		1F8D04E31DB02DC9009DCBDD /* RobotKit.framework */ = {isa = PBXFileReference; lastKnownFileType = wrapper.framework; name = RobotKit.framework; path = ../../frameworks/RobotKit.framework; sourceTree = "<group>"; };
		EA464DCD1B386D3D00CDB4F0 /* OvalSampleSwift.app */ = {isa = PBXFileReference; explicitFileType = wrapper.application; includeInIndex = 0; path = OvalSampleSwift.app; sourceTree = BUILT_PRODUCTS_DIR; };
		EA464DD11B386D3D00CDB4F0 /* Info.plist */ = {isa = PBXFileReference; lastKnownFileType = text.plist.xml; path = Info.plist; sourceTree = "<group>"; };
		EA464DD21B386D3D00CDB4F0 /* AppDelegate.swift */ = {isa = PBXFileReference; lastKnownFileType = sourcecode.swift; path = AppDelegate.swift; sourceTree = "<group>"; };
		EA464DD41B386D3D00CDB4F0 /* ViewController.swift */ = {isa = PBXFileReference; lastKnownFileType = sourcecode.swift; path = ViewController.swift; sourceTree = "<group>"; };
		EA464DD71B386D3D00CDB4F0 /* Base */ = {isa = PBXFileReference; lastKnownFileType = file.storyboard; name = Base; path = Base.lproj/Main.storyboard; sourceTree = "<group>"; };
		EA464DD91B386D3D00CDB4F0 /* Images.xcassets */ = {isa = PBXFileReference; lastKnownFileType = folder.assetcatalog; path = Images.xcassets; sourceTree = "<group>"; };
		EA464DDC1B386D3D00CDB4F0 /* Base */ = {isa = PBXFileReference; lastKnownFileType = file.xib; name = Base; path = Base.lproj/LaunchScreen.xib; sourceTree = "<group>"; };
		EA464DF61B386E0500CDB4F0 /* OvalSampleSwift-Bridging-Header.h */ = {isa = PBXFileReference; lastKnownFileType = sourcecode.c.h; path = "OvalSampleSwift-Bridging-Header.h"; sourceTree = SOURCE_ROOT; };
		EA464E1B1B3895AF00CDB4F0 /* Sample.oval */ = {isa = PBXFileReference; fileEncoding = 4; lastKnownFileType = text; path = Sample.oval; sourceTree = "<group>"; };
/* End PBXFileReference section */

/* Begin PBXFrameworksBuildPhase section */
		EA464DCA1B386D3D00CDB4F0 /* Frameworks */ = {
			isa = PBXFrameworksBuildPhase;
			buildActionMask = 2147483647;
			files = (
				1F8D04E41DB02DC9009DCBDD /* RobotKit.framework in Frameworks */,
			);
			runOnlyForDeploymentPostprocessing = 0;
		};
/* End PBXFrameworksBuildPhase section */

/* Begin PBXGroup section */
		1F8D04E21DB02DB3009DCBDD /* Frameworks */ = {
			isa = PBXGroup;
			children = (
				1F8D04E31DB02DC9009DCBDD /* RobotKit.framework */,
			);
			name = Frameworks;
			sourceTree = "<group>";
		};
		EA464DC41B386D3C00CDB4F0 = {
			isa = PBXGroup;
			children = (
				EA464DCF1B386D3D00CDB4F0 /* OvalSampleSwift */,
				1F8D04E21DB02DB3009DCBDD /* Frameworks */,
				EA464DCE1B386D3D00CDB4F0 /* Products */,
			);
			sourceTree = "<group>";
		};
		EA464DCE1B386D3D00CDB4F0 /* Products */ = {
			isa = PBXGroup;
			children = (
				EA464DCD1B386D3D00CDB4F0 /* OvalSampleSwift.app */,
			);
			name = Products;
			sourceTree = "<group>";
		};
		EA464DCF1B386D3D00CDB4F0 /* OvalSampleSwift */ = {
			isa = PBXGroup;
			children = (
				EA464DD21B386D3D00CDB4F0 /* AppDelegate.swift */,
				EA464DD41B386D3D00CDB4F0 /* ViewController.swift */,
				EA464DD61B386D3D00CDB4F0 /* Main.storyboard */,
				EA464DD91B386D3D00CDB4F0 /* Images.xcassets */,
				EA464DDB1B386D3D00CDB4F0 /* LaunchScreen.xib */,
				EA464DD01B386D3D00CDB4F0 /* Supporting Files */,
				EA464E1B1B3895AF00CDB4F0 /* Sample.oval */,
			);
			path = OvalSampleSwift;
			sourceTree = "<group>";
		};
		EA464DD01B386D3D00CDB4F0 /* Supporting Files */ = {
			isa = PBXGroup;
			children = (
				EA464DF61B386E0500CDB4F0 /* OvalSampleSwift-Bridging-Header.h */,
				EA464DD11B386D3D00CDB4F0 /* Info.plist */,
			);
			name = "Supporting Files";
			sourceTree = "<group>";
		};
/* End PBXGroup section */

/* Begin PBXNativeTarget section */
		EA464DCC1B386D3D00CDB4F0 /* OvalSampleSwift */ = {
			isa = PBXNativeTarget;
			buildConfigurationList = EA464DEC1B386D3D00CDB4F0 /* Build configuration list for PBXNativeTarget "OvalSampleSwift" */;
			buildPhases = (
				EA464DC91B386D3D00CDB4F0 /* Sources */,
				EA464DCA1B386D3D00CDB4F0 /* Frameworks */,
				EA464DCB1B386D3D00CDB4F0 /* Resources */,
			);
			buildRules = (
			);
			dependencies = (
			);
			name = OvalSampleSwift;
			productName = OvalSampleSwift;
			productReference = EA464DCD1B386D3D00CDB4F0 /* OvalSampleSwift.app */;
			productType = "com.apple.product-type.application";
		};
/* End PBXNativeTarget section */

/* Begin PBXProject section */
		EA464DC51B386D3C00CDB4F0 /* Project object */ = {
			isa = PBXProject;
			attributes = {
				LastUpgradeCheck = 0800;
				ORGANIZATIONNAME = Orbotix;
				TargetAttributes = {
					EA464DCC1B386D3D00CDB4F0 = {
						CreatedOnToolsVersion = 6.3.2;
						DevelopmentTeam = U92PM5JGJC;
						LastSwiftMigration = 0800;
						SystemCapabilities = {
							com.apple.BackgroundModes = {
								enabled = 1;
							};
						};
					};
				};
			};
			buildConfigurationList = EA464DC81B386D3C00CDB4F0 /* Build configuration list for PBXProject "OvalSampleSwift" */;
			compatibilityVersion = "Xcode 3.2";
			developmentRegion = English;
			hasScannedForEncodings = 0;
			knownRegions = (
				en,
				Base,
			);
			mainGroup = EA464DC41B386D3C00CDB4F0;
			productRefGroup = EA464DCE1B386D3D00CDB4F0 /* Products */;
			projectDirPath = "";
			projectRoot = "";
			targets = (
				EA464DCC1B386D3D00CDB4F0 /* OvalSampleSwift */,
			);
		};
/* End PBXProject section */

/* Begin PBXResourcesBuildPhase section */
		EA464DCB1B386D3D00CDB4F0 /* Resources */ = {
			isa = PBXResourcesBuildPhase;
			buildActionMask = 2147483647;
			files = (
				EA464DD81B386D3D00CDB4F0 /* Main.storyboard in Resources */,
				EA464E1C1B3895AF00CDB4F0 /* Sample.oval in Resources */,
				EA464DDD1B386D3D00CDB4F0 /* LaunchScreen.xib in Resources */,
				EA464DDA1B386D3D00CDB4F0 /* Images.xcassets in Resources */,
			);
			runOnlyForDeploymentPostprocessing = 0;
		};
/* End PBXResourcesBuildPhase section */

/* Begin PBXSourcesBuildPhase section */
		EA464DC91B386D3D00CDB4F0 /* Sources */ = {
			isa = PBXSourcesBuildPhase;
			buildActionMask = 2147483647;
			files = (
				EA464DD51B386D3D00CDB4F0 /* ViewController.swift in Sources */,
				EA464DD31B386D3D00CDB4F0 /* AppDelegate.swift in Sources */,
			);
			runOnlyForDeploymentPostprocessing = 0;
		};
/* End PBXSourcesBuildPhase section */

/* Begin PBXVariantGroup section */
		EA464DD61B386D3D00CDB4F0 /* Main.storyboard */ = {
			isa = PBXVariantGroup;
			children = (
				EA464DD71B386D3D00CDB4F0 /* Base */,
			);
			name = Main.storyboard;
			sourceTree = "<group>";
		};
		EA464DDB1B386D3D00CDB4F0 /* LaunchScreen.xib */ = {
			isa = PBXVariantGroup;
			children = (
				EA464DDC1B386D3D00CDB4F0 /* Base */,
			);
			name = LaunchScreen.xib;
			sourceTree = "<group>";
		};
/* End PBXVariantGroup section */

/* Begin XCBuildConfiguration section */
		EA464DEA1B386D3D00CDB4F0 /* Debug */ = {
			isa = XCBuildConfiguration;
			buildSettings = {
				ALWAYS_SEARCH_USER_PATHS = NO;
				CLANG_CXX_LANGUAGE_STANDARD = "gnu++0x";
				CLANG_CXX_LIBRARY = "libc++";
				CLANG_ENABLE_MODULES = YES;
				CLANG_ENABLE_OBJC_ARC = YES;
				CLANG_WARN_BOOL_CONVERSION = YES;
				CLANG_WARN_CONSTANT_CONVERSION = YES;
				CLANG_WARN_DIRECT_OBJC_ISA_USAGE = YES_ERROR;
				CLANG_WARN_EMPTY_BODY = YES;
				CLANG_WARN_ENUM_CONVERSION = YES;
				CLANG_WARN_INFINITE_RECURSION = YES;
				CLANG_WARN_INT_CONVERSION = YES;
				CLANG_WARN_OBJC_ROOT_CLASS = YES_ERROR;
				CLANG_WARN_SUSPICIOUS_MOVE = YES;
				CLANG_WARN_UNREACHABLE_CODE = YES;
				CLANG_WARN__DUPLICATE_METHOD_MATCH = YES;
				"CODE_SIGN_IDENTITY[sdk=iphoneos*]" = "iPhone Developer";
				COPY_PHASE_STRIP = NO;
				DEBUG_INFORMATION_FORMAT = "dwarf-with-dsym";
				ENABLE_STRICT_OBJC_MSGSEND = YES;
				ENABLE_TESTABILITY = YES;
				GCC_C_LANGUAGE_STANDARD = gnu99;
				GCC_DYNAMIC_NO_PIC = NO;
				GCC_NO_COMMON_BLOCKS = YES;
				GCC_OPTIMIZATION_LEVEL = 0;
				GCC_PREPROCESSOR_DEFINITIONS = (
					"DEBUG=1",
					"$(inherited)",
				);
				GCC_SYMBOLS_PRIVATE_EXTERN = NO;
				GCC_WARN_64_TO_32_BIT_CONVERSION = YES;
				GCC_WARN_ABOUT_RETURN_TYPE = YES_ERROR;
				GCC_WARN_UNDECLARED_SELECTOR = YES;
				GCC_WARN_UNINITIALIZED_AUTOS = YES_AGGRESSIVE;
				GCC_WARN_UNUSED_FUNCTION = YES;
				GCC_WARN_UNUSED_VARIABLE = YES;
				IPHONEOS_DEPLOYMENT_TARGET = 8.3;
				MTL_ENABLE_DEBUG_INFO = YES;
				ONLY_ACTIVE_ARCH = YES;
				SDKROOT = iphoneos;
				SWIFT_OPTIMIZATION_LEVEL = "-Onone";
				TARGETED_DEVICE_FAMILY = "1,2";
			};
			name = Debug;
		};
		EA464DEB1B386D3D00CDB4F0 /* Release */ = {
			isa = XCBuildConfiguration;
			buildSettings = {
				ALWAYS_SEARCH_USER_PATHS = NO;
				CLANG_CXX_LANGUAGE_STANDARD = "gnu++0x";
				CLANG_CXX_LIBRARY = "libc++";
				CLANG_ENABLE_MODULES = YES;
				CLANG_ENABLE_OBJC_ARC = YES;
				CLANG_WARN_BOOL_CONVERSION = YES;
				CLANG_WARN_CONSTANT_CONVERSION = YES;
				CLANG_WARN_DIRECT_OBJC_ISA_USAGE = YES_ERROR;
				CLANG_WARN_EMPTY_BODY = YES;
				CLANG_WARN_ENUM_CONVERSION = YES;
				CLANG_WARN_INFINITE_RECURSION = YES;
				CLANG_WARN_INT_CONVERSION = YES;
				CLANG_WARN_OBJC_ROOT_CLASS = YES_ERROR;
				CLANG_WARN_SUSPICIOUS_MOVE = YES;
				CLANG_WARN_UNREACHABLE_CODE = YES;
				CLANG_WARN__DUPLICATE_METHOD_MATCH = YES;
				"CODE_SIGN_IDENTITY[sdk=iphoneos*]" = "iPhone Developer";
				COPY_PHASE_STRIP = NO;
				DEBUG_INFORMATION_FORMAT = "dwarf-with-dsym";
				ENABLE_NS_ASSERTIONS = NO;
				ENABLE_STRICT_OBJC_MSGSEND = YES;
				GCC_C_LANGUAGE_STANDARD = gnu99;
				GCC_NO_COMMON_BLOCKS = YES;
				GCC_WARN_64_TO_32_BIT_CONVERSION = YES;
				GCC_WARN_ABOUT_RETURN_TYPE = YES_ERROR;
				GCC_WARN_UNDECLARED_SELECTOR = YES;
				GCC_WARN_UNINITIALIZED_AUTOS = YES_AGGRESSIVE;
				GCC_WARN_UNUSED_FUNCTION = YES;
				GCC_WARN_UNUSED_VARIABLE = YES;
				IPHONEOS_DEPLOYMENT_TARGET = 8.3;
				MTL_ENABLE_DEBUG_INFO = NO;
				SDKROOT = iphoneos;
				SWIFT_OPTIMIZATION_LEVEL = "-Owholemodule";
				TARGETED_DEVICE_FAMILY = "1,2";
				VALIDATE_PRODUCT = YES;
			};
			name = Release;
		};
		EA464DED1B386D3D00CDB4F0 /* Debug */ = {
			isa = XCBuildConfiguration;
			buildSettings = {
				ASSETCATALOG_COMPILER_APPICON_NAME = AppIcon;
				CLANG_ENABLE_MODULES = YES;
				CODE_SIGN_IDENTITY = "iPhone Developer";
				DEVELOPMENT_TEAM = U92PM5JGJC;
				FRAMEWORK_SEARCH_PATHS = (
					"$(inherited)",
					"$(PROJECT_DIR)/../../frameworks",
				);
				INFOPLIST_FILE = OvalSampleSwift/Info.plist;
				IPHONEOS_DEPLOYMENT_TARGET = 8.0;
				LD_RUNPATH_SEARCH_PATHS = "$(inherited) @executable_path/Frameworks";
				OTHER_LDFLAGS = (
					"-ObjC",
					"-lc++",
				);
				PRODUCT_BUNDLE_IDENTIFIER = com.sphero.OvalSampleSwift;
				PRODUCT_NAME = "$(TARGET_NAME)";
				SWIFT_OBJC_BRIDGING_HEADER = "OvalSampleSwift-Bridging-Header.h";
				SWIFT_OPTIMIZATION_LEVEL = "-Onone";
				SWIFT_VERSION = 3.0;
			};
			name = Debug;
		};
		EA464DEE1B386D3D00CDB4F0 /* Release */ = {
			isa = XCBuildConfiguration;
			buildSettings = {
				ASSETCATALOG_COMPILER_APPICON_NAME = AppIcon;
				CLANG_ENABLE_MODULES = YES;
				DEVELOPMENT_TEAM = U92PM5JGJC;
				FRAMEWORK_SEARCH_PATHS = (
					"$(inherited)",
					"$(PROJECT_DIR)/../../frameworks",
				);
				INFOPLIST_FILE = OvalSampleSwift/Info.plist;
				IPHONEOS_DEPLOYMENT_TARGET = 8.0;
				LD_RUNPATH_SEARCH_PATHS = "$(inherited) @executable_path/Frameworks";
				OTHER_LDFLAGS = (
					"-ObjC",
					"-lc++",
				);
				PRODUCT_BUNDLE_IDENTIFIER = com.sphero.OvalSampleSwift;
				PRODUCT_NAME = "$(TARGET_NAME)";
				SWIFT_OBJC_BRIDGING_HEADER = "OvalSampleSwift-Bridging-Header.h";
				SWIFT_VERSION = 3.0;
			};
			name = Release;
		};
/* End XCBuildConfiguration section */

/* Begin XCConfigurationList section */
		EA464DC81B386D3C00CDB4F0 /* Build configuration list for PBXProject "OvalSampleSwift" */ = {
			isa = XCConfigurationList;
			buildConfigurations = (
				EA464DEA1B386D3D00CDB4F0 /* Debug */,
				EA464DEB1B386D3D00CDB4F0 /* Release */,
			);
			defaultConfigurationIsVisible = 0;
			defaultConfigurationName = Release;
		};
		EA464DEC1B386D3D00CDB4F0 /* Build configuration list for PBXNativeTarget "OvalSampleSwift" */ = {
			isa = XCConfigurationList;
			buildConfigurations = (
				EA464DED1B386D3D00CDB4F0 /* Debug */,
				EA464DEE1B386D3D00CDB4F0 /* Release */,
			);
			defaultConfigurationIsVisible = 0;
			defaultConfigurationName = Release;
		};
/* End XCConfigurationList section */
	};
	rootObject = EA464DC51B386D3C00CDB4F0 /* Project object */;
}
