// !$*UTF8*$!
{
	archiveVersion = 1;
	classes = {
	};
	objectVersion = 46;
	objects = {

/* Begin PBXBuildFile section */
		1F08DA901A423EB700DDEE82 /* SelfLevel.storyboard in Resources */ = {isa = PBXBuildFile; fileRef = 1F08DA8F1A423EB700DDEE82 /* SelfLevel.storyboard */; };
		67F6DC0115B28FAB006EAF28 /* UIKit.framework in Frameworks */ = {isa = PBXBuildFile; fileRef = 67F6DC0015B28FAB006EAF28 /* UIKit.framework */; };
		67F6DC0315B28FAB006EAF28 /* Foundation.framework in Frameworks */ = {isa = PBXBuildFile; fileRef = 67F6DC0215B28FAB006EAF28 /* Foundation.framework */; };
		67F6DC0B15B28FAB006EAF28 /* ExternalAccessory.framework in Frameworks */ = {isa = PBXBuildFile; fileRef = 67F6DC0A15B28FAB006EAF28 /* ExternalAccessory.framework */; };
		67F6DC1115B28FAB006EAF28 /* InfoPlist.strings in Resources */ = {isa = PBXBuildFile; fileRef = 67F6DC0F15B28FAB006EAF28 /* InfoPlist.strings */; };
		67F6DC1315B28FAB006EAF28 /* main.m in Sources */ = {isa = PBXBuildFile; fileRef = 67F6DC1215B28FAB006EAF28 /* main.m */; };
		67F6DC1715B28FAB006EAF28 /* AppDelegate.m in Sources */ = {isa = PBXBuildFile; fileRef = 67F6DC1615B28FAB006EAF28 /* AppDelegate.m */; };
		67F6DC2015B28FAC006EAF28 /* ViewController.m in Sources */ = {isa = PBXBuildFile; fileRef = 67F6DC1F15B28FAC006EAF28 /* ViewController.m */; };
		DE53D07A19771191006E4C0B /* Default-568h@2x.png in Resources */ = {isa = PBXBuildFile; fileRef = DE53D07919771191006E4C0B /* Default-568h@2x.png */; };
		DE9F26261A2637B0007DFB5C /* RobotKit.framework in Frameworks */ = {isa = PBXBuildFile; fileRef = DE9F26241A2637B0007DFB5C /* RobotKit.framework */; };
		DE9F26271A2637B0007DFB5C /* RobotUIKit.framework in Frameworks */ = {isa = PBXBuildFile; fileRef = DE9F26251A2637B0007DFB5C /* RobotUIKit.framework */; };
/* End PBXBuildFile section */

/* Begin PBXFileReference section */
		1F08DA8F1A423EB700DDEE82 /* SelfLevel.storyboard */ = {isa = PBXFileReference; fileEncoding = 4; lastKnownFileType = file.storyboard; path = SelfLevel.storyboard; sourceTree = "<group>"; };
		67F6DBFC15B28FAB006EAF28 /* SelfLevel.app */ = {isa = PBXFileReference; explicitFileType = wrapper.application; includeInIndex = 0; path = SelfLevel.app; sourceTree = BUILT_PRODUCTS_DIR; };
		67F6DC0015B28FAB006EAF28 /* UIKit.framework */ = {isa = PBXFileReference; lastKnownFileType = wrapper.framework; name = UIKit.framework; path = System/Library/Frameworks/UIKit.framework; sourceTree = SDKROOT; };
		67F6DC0215B28FAB006EAF28 /* Foundation.framework */ = {isa = PBXFileReference; lastKnownFileType = wrapper.framework; name = Foundation.framework; path = System/Library/Frameworks/Foundation.framework; sourceTree = SDKROOT; };
		67F6DC0A15B28FAB006EAF28 /* ExternalAccessory.framework */ = {isa = PBXFileReference; lastKnownFileType = wrapper.framework; name = ExternalAccessory.framework; path = System/Library/Frameworks/ExternalAccessory.framework; sourceTree = SDKROOT; };
		67F6DC0E15B28FAB006EAF28 /* SelfLevel-Info.plist */ = {isa = PBXFileReference; lastKnownFileType = text.plist.xml; path = "SelfLevel-Info.plist"; sourceTree = "<group>"; };
		67F6DC1015B28FAB006EAF28 /* en */ = {isa = PBXFileReference; lastKnownFileType = text.plist.strings; name = en; path = en.lproj/InfoPlist.strings; sourceTree = "<group>"; };
		67F6DC1215B28FAB006EAF28 /* main.m */ = {isa = PBXFileReference; lastKnownFileType = sourcecode.c.objc; path = main.m; sourceTree = "<group>"; };
		67F6DC1415B28FAB006EAF28 /* SelfLevel-Prefix.pch */ = {isa = PBXFileReference; lastKnownFileType = sourcecode.c.h; path = "SelfLevel-Prefix.pch"; sourceTree = "<group>"; };
		67F6DC1515B28FAB006EAF28 /* AppDelegate.h */ = {isa = PBXFileReference; lastKnownFileType = sourcecode.c.h; path = AppDelegate.h; sourceTree = "<group>"; };
		67F6DC1615B28FAB006EAF28 /* AppDelegate.m */ = {isa = PBXFileReference; lastKnownFileType = sourcecode.c.objc; path = AppDelegate.m; sourceTree = "<group>"; };
		67F6DC1E15B28FAC006EAF28 /* ViewController.h */ = {isa = PBXFileReference; lastKnownFileType = sourcecode.c.h; path = ViewController.h; sourceTree = "<group>"; };
		67F6DC1F15B28FAC006EAF28 /* ViewController.m */ = {isa = PBXFileReference; lastKnownFileType = sourcecode.c.objc; path = ViewController.m; sourceTree = "<group>"; };
		DE53D07919771191006E4C0B /* Default-568h@2x.png */ = {isa = PBXFileReference; lastKnownFileType = image.png; path = "Default-568h@2x.png"; sourceTree = "<group>"; };
		DE9F26241A2637B0007DFB5C /* RobotKit.framework */ = {isa = PBXFileReference; lastKnownFileType = wrapper.framework; name = RobotKit.framework; path = ../_Frameworks_iOS/RobotKit.framework; sourceTree = "<group>"; };
		DE9F26251A2637B0007DFB5C /* RobotUIKit.framework */ = {isa = PBXFileReference; lastKnownFileType = wrapper.framework; name = RobotUIKit.framework; path = ../_Frameworks_iOS/RobotUIKit.framework; sourceTree = "<group>"; };
/* End PBXFileReference section */

/* Begin PBXFrameworksBuildPhase section */
		67F6DBF915B28FAB006EAF28 /* Frameworks */ = {
			isa = PBXFrameworksBuildPhase;
			buildActionMask = 2147483647;
			files = (
				DE9F26261A2637B0007DFB5C /* RobotKit.framework in Frameworks */,
				DE9F26271A2637B0007DFB5C /* RobotUIKit.framework in Frameworks */,
				67F6DC0115B28FAB006EAF28 /* UIKit.framework in Frameworks */,
				67F6DC0315B28FAB006EAF28 /* Foundation.framework in Frameworks */,
				67F6DC0B15B28FAB006EAF28 /* ExternalAccessory.framework in Frameworks */,
			);
			runOnlyForDeploymentPostprocessing = 0;
		};
/* End PBXFrameworksBuildPhase section */

/* Begin PBXGroup section */
		67F6DBF115B28FAB006EAF28 = {
			isa = PBXGroup;
			children = (
				DE53D07919771191006E4C0B /* Default-568h@2x.png */,
				67F6DC0C15B28FAB006EAF28 /* SelfLevel */,
				67F6DBFF15B28FAB006EAF28 /* Frameworks */,
				67F6DBFD15B28FAB006EAF28 /* Products */,
			);
			sourceTree = "<group>";
		};
		67F6DBFD15B28FAB006EAF28 /* Products */ = {
			isa = PBXGroup;
			children = (
				67F6DBFC15B28FAB006EAF28 /* SelfLevel.app */,
			);
			name = Products;
			sourceTree = "<group>";
		};
		67F6DBFF15B28FAB006EAF28 /* Frameworks */ = {
			isa = PBXGroup;
			children = (
				DE9F26241A2637B0007DFB5C /* RobotKit.framework */,
				DE9F26251A2637B0007DFB5C /* RobotUIKit.framework */,
				67F6DC0015B28FAB006EAF28 /* UIKit.framework */,
				67F6DC0215B28FAB006EAF28 /* Foundation.framework */,
				67F6DC0A15B28FAB006EAF28 /* ExternalAccessory.framework */,
			);
			name = Frameworks;
			sourceTree = "<group>";
		};
		67F6DC0C15B28FAB006EAF28 /* SelfLevel */ = {
			isa = PBXGroup;
			children = (
				67F6DC1515B28FAB006EAF28 /* AppDelegate.h */,
				67F6DC1615B28FAB006EAF28 /* AppDelegate.m */,
				67F6DC1E15B28FAC006EAF28 /* ViewController.h */,
				67F6DC1F15B28FAC006EAF28 /* ViewController.m */,
				67F6DC0D15B28FAB006EAF28 /* Supporting Files */,
				1F08DA8F1A423EB700DDEE82 /* SelfLevel.storyboard */,
			);
			path = SelfLevel;
			sourceTree = "<group>";
		};
		67F6DC0D15B28FAB006EAF28 /* Supporting Files */ = {
			isa = PBXGroup;
			children = (
				67F6DC0E15B28FAB006EAF28 /* SelfLevel-Info.plist */,
				67F6DC0F15B28FAB006EAF28 /* InfoPlist.strings */,
				67F6DC1215B28FAB006EAF28 /* main.m */,
				67F6DC1415B28FAB006EAF28 /* SelfLevel-Prefix.pch */,
			);
			name = "Supporting Files";
			sourceTree = "<group>";
		};
/* End PBXGroup section */

/* Begin PBXNativeTarget section */
		67F6DBFB15B28FAB006EAF28 /* SelfLevel */ = {
			isa = PBXNativeTarget;
			buildConfigurationList = 67F6DC2915B28FAC006EAF28 /* Build configuration list for PBXNativeTarget "SelfLevel" */;
			buildPhases = (
				67F6DBF815B28FAB006EAF28 /* Sources */,
				67F6DBF915B28FAB006EAF28 /* Frameworks */,
				67F6DBFA15B28FAB006EAF28 /* Resources */,
			);
			buildRules = (
			);
			dependencies = (
			);
			name = SelfLevel;
			productName = SelfLevel;
			productReference = 67F6DBFC15B28FAB006EAF28 /* SelfLevel.app */;
			productType = "com.apple.product-type.application";
		};
/* End PBXNativeTarget section */

/* Begin PBXProject section */
		67F6DBF315B28FAB006EAF28 /* Project object */ = {
			isa = PBXProject;
			attributes = {
				LastUpgradeCheck = 0600;
				ORGANIZATIONNAME = "Orbotix Inc";
				TargetAttributes = {
					67F6DBFB15B28FAB006EAF28 = {
						SystemCapabilities = {
							com.apple.BackgroundModes = {
								enabled = 1;
							};
						};
					};
				};
			};
			buildConfigurationList = 67F6DBF615B28FAB006EAF28 /* Build configuration list for PBXProject "SelfLevel" */;
			compatibilityVersion = "Xcode 3.2";
			developmentRegion = English;
			hasScannedForEncodings = 0;
			knownRegions = (
				en,
			);
			mainGroup = 67F6DBF115B28FAB006EAF28;
			productRefGroup = 67F6DBFD15B28FAB006EAF28 /* Products */;
			projectDirPath = "";
			projectRoot = "";
			targets = (
				67F6DBFB15B28FAB006EAF28 /* SelfLevel */,
			);
		};
/* End PBXProject section */

/* Begin PBXResourcesBuildPhase section */
		67F6DBFA15B28FAB006EAF28 /* Resources */ = {
			isa = PBXResourcesBuildPhase;
			buildActionMask = 2147483647;
			files = (
				1F08DA901A423EB700DDEE82 /* SelfLevel.storyboard in Resources */,
				67F6DC1115B28FAB006EAF28 /* InfoPlist.strings in Resources */,
				DE53D07A19771191006E4C0B /* Default-568h@2x.png in Resources */,
			);
			runOnlyForDeploymentPostprocessing = 0;
		};
/* End PBXResourcesBuildPhase section */

/* Begin PBXSourcesBuildPhase section */
		67F6DBF815B28FAB006EAF28 /* Sources */ = {
			isa = PBXSourcesBuildPhase;
			buildActionMask = 2147483647;
			files = (
				67F6DC1315B28FAB006EAF28 /* main.m in Sources */,
				67F6DC1715B28FAB006EAF28 /* AppDelegate.m in Sources */,
				67F6DC2015B28FAC006EAF28 /* ViewController.m in Sources */,
			);
			runOnlyForDeploymentPostprocessing = 0;
		};
/* End PBXSourcesBuildPhase section */

/* Begin PBXVariantGroup section */
		67F6DC0F15B28FAB006EAF28 /* InfoPlist.strings */ = {
			isa = PBXVariantGroup;
			children = (
				67F6DC1015B28FAB006EAF28 /* en */,
			);
			name = InfoPlist.strings;
			sourceTree = "<group>";
		};
/* End PBXVariantGroup section */

/* Begin XCBuildConfiguration section */
		67F6DC2715B28FAC006EAF28 /* Debug */ = {
			isa = XCBuildConfiguration;
			buildSettings = {
				ALWAYS_SEARCH_USER_PATHS = NO;
				CLANG_WARN_BOOL_CONVERSION = YES;
				CLANG_WARN_CONSTANT_CONVERSION = YES;
				CLANG_WARN_EMPTY_BODY = YES;
				CLANG_WARN_ENUM_CONVERSION = YES;
				CLANG_WARN_INT_CONVERSION = YES;
				CLANG_WARN_UNREACHABLE_CODE = YES;
				CLANG_WARN__DUPLICATE_METHOD_MATCH = YES;
				"CODE_SIGN_IDENTITY[sdk=iphoneos*]" = "iPhone Developer";
				COPY_PHASE_STRIP = NO;
				ENABLE_STRICT_OBJC_MSGSEND = YES;
				GCC_C_LANGUAGE_STANDARD = gnu99;
				GCC_DYNAMIC_NO_PIC = NO;
				GCC_OPTIMIZATION_LEVEL = 0;
				GCC_PREPROCESSOR_DEFINITIONS = (
					"DEBUG=1",
					"$(inherited)",
				);
				GCC_SYMBOLS_PRIVATE_EXTERN = NO;
				GCC_VERSION = com.apple.compilers.llvm.clang.1_0;
				GCC_WARN_64_TO_32_BIT_CONVERSION = YES;
				GCC_WARN_ABOUT_RETURN_TYPE = YES;
				GCC_WARN_UNDECLARED_SELECTOR = YES;
				GCC_WARN_UNINITIALIZED_AUTOS = YES;
				GCC_WARN_UNUSED_FUNCTION = YES;
				GCC_WARN_UNUSED_VARIABLE = YES;
				IPHONEOS_DEPLOYMENT_TARGET = 6.0;
				ONLY_ACTIVE_ARCH = YES;
				SDKROOT = iphoneos;
				TARGETED_DEVICE_FAMILY = "1,2";
			};
			name = Debug;
		};
		67F6DC2815B28FAC006EAF28 /* Release */ = {
			isa = XCBuildConfiguration;
			buildSettings = {
				ALWAYS_SEARCH_USER_PATHS = NO;
				CLANG_WARN_BOOL_CONVERSION = YES;
				CLANG_WARN_CONSTANT_CONVERSION = YES;
				CLANG_WARN_EMPTY_BODY = YES;
				CLANG_WARN_ENUM_CONVERSION = YES;
				CLANG_WARN_INT_CONVERSION = YES;
				CLANG_WARN_UNREACHABLE_CODE = YES;
				CLANG_WARN__DUPLICATE_METHOD_MATCH = YES;
				"CODE_SIGN_IDENTITY[sdk=iphoneos*]" = "iPhone Developer";
				COPY_PHASE_STRIP = YES;
				ENABLE_STRICT_OBJC_MSGSEND = YES;
				GCC_C_LANGUAGE_STANDARD = gnu99;
				GCC_VERSION = com.apple.compilers.llvm.clang.1_0;
				GCC_WARN_64_TO_32_BIT_CONVERSION = YES;
				GCC_WARN_ABOUT_RETURN_TYPE = YES;
				GCC_WARN_UNDECLARED_SELECTOR = YES;
				GCC_WARN_UNINITIALIZED_AUTOS = YES;
				GCC_WARN_UNUSED_FUNCTION = YES;
				GCC_WARN_UNUSED_VARIABLE = YES;
				IPHONEOS_DEPLOYMENT_TARGET = 6.0;
				OTHER_CFLAGS = "-DNS_BLOCK_ASSERTIONS=1";
				SDKROOT = iphoneos;
				TARGETED_DEVICE_FAMILY = "1,2";
				VALIDATE_PRODUCT = YES;
			};
			name = Release;
		};
		67F6DC2A15B28FAC006EAF28 /* Debug */ = {
			isa = XCBuildConfiguration;
			buildSettings = {
				CLANG_ENABLE_OBJC_ARC = YES;
				FRAMEWORK_SEARCH_PATHS = (
					"$(PROJECT_DIR)/../_Frameworks_iOS",
					"$(inherited)",
				);
				GCC_PRECOMPILE_PREFIX_HEADER = YES;
				GCC_PREFIX_HEADER = "SelfLevel/SelfLevel-Prefix.pch";
				INFOPLIST_FILE = "SelfLevel/SelfLevel-Info.plist";
				IPHONEOS_DEPLOYMENT_TARGET = 6.0;
				OTHER_LDFLAGS = (
					"-ObjC",
					"-all_load",
					"-lstdc++",
					"-lsqlite3.0",
				);
				PRODUCT_NAME = "$(TARGET_NAME)";
				TARGETED_DEVICE_FAMILY = 1;
				WRAPPER_EXTENSION = app;
			};
			name = Debug;
		};
		67F6DC2B15B28FAC006EAF28 /* Release */ = {
			isa = XCBuildConfiguration;
			buildSettings = {
				CLANG_ENABLE_OBJC_ARC = YES;
				FRAMEWORK_SEARCH_PATHS = (
					"$(PROJECT_DIR)/../_Frameworks_iOS",
					"$(inherited)",
				);
				GCC_PRECOMPILE_PREFIX_HEADER = YES;
				GCC_PREFIX_HEADER = "SelfLevel/SelfLevel-Prefix.pch";
				INFOPLIST_FILE = "SelfLevel/SelfLevel-Info.plist";
				IPHONEOS_DEPLOYMENT_TARGET = 6.0;
				OTHER_LDFLAGS = (
					"-ObjC",
					"-all_load",
					"-lstdc++",
					"-lsqlite3.0",
				);
				PRODUCT_NAME = "$(TARGET_NAME)";
				TARGETED_DEVICE_FAMILY = 1;
				WRAPPER_EXTENSION = app;
			};
			name = Release;
		};
/* End XCBuildConfiguration section */

/* Begin XCConfigurationList section */
		67F6DBF615B28FAB006EAF28 /* Build configuration list for PBXProject "SelfLevel" */ = {
			isa = XCConfigurationList;
			buildConfigurations = (
				67F6DC2715B28FAC006EAF28 /* Debug */,
				67F6DC2815B28FAC006EAF28 /* Release */,
			);
			defaultConfigurationIsVisible = 0;
			defaultConfigurationName = Release;
		};
		67F6DC2915B28FAC006EAF28 /* Build configuration list for PBXNativeTarget "SelfLevel" */ = {
			isa = XCConfigurationList;
			buildConfigurations = (
				67F6DC2A15B28FAC006EAF28 /* Debug */,
				67F6DC2B15B28FAC006EAF28 /* Release */,
			);
			defaultConfigurationIsVisible = 0;
			defaultConfigurationName = Release;
		};
/* End XCConfigurationList section */
	};
	rootObject = 67F6DBF315B28FAB006EAF28 /* Project object */;
}
