// !$*UTF8*$!
{
	archiveVersion = 1;
	classes = {
	};
	objectVersion = 46;
	objects = {

/* Begin PBXBuildFile section */
		671EC2AB15B886BF002E4815 /* RobotKit.framework in Frameworks */ = {isa = PBXBuildFile; fileRef = 671EC2A915B88693002E4815 /* RobotKit.framework */; };
		671EC2AC15B886BF002E4815 /* RobotUIKit.framework in Frameworks */ = {isa = PBXBuildFile; fileRef = 67F6DC1A15B28FAC006EAF28 /* RobotUIKit.framework */; };
		67F6DC0115B28FAB006EAF28 /* UIKit.framework in Frameworks */ = {isa = PBXBuildFile; fileRef = 67F6DC0015B28FAB006EAF28 /* UIKit.framework */; };
		67F6DC0315B28FAB006EAF28 /* Foundation.framework in Frameworks */ = {isa = PBXBuildFile; fileRef = 67F6DC0215B28FAB006EAF28 /* Foundation.framework */; };
		67F6DC0515B28FAB006EAF28 /* CoreGraphics.framework in Frameworks */ = {isa = PBXBuildFile; fileRef = 67F6DC0415B28FAB006EAF28 /* CoreGraphics.framework */; };
		67F6DC0715B28FAB006EAF28 /* CoreMotion.framework in Frameworks */ = {isa = PBXBuildFile; fileRef = 67F6DC0615B28FAB006EAF28 /* CoreMotion.framework */; };
		67F6DC0915B28FAB006EAF28 /* GameKit.framework in Frameworks */ = {isa = PBXBuildFile; fileRef = 67F6DC0815B28FAB006EAF28 /* GameKit.framework */; };
		67F6DC0B15B28FAB006EAF28 /* ExternalAccessory.framework in Frameworks */ = {isa = PBXBuildFile; fileRef = 67F6DC0A15B28FAB006EAF28 /* ExternalAccessory.framework */; };
		67F6DC1115B28FAB006EAF28 /* InfoPlist.strings in Resources */ = {isa = PBXBuildFile; fileRef = 67F6DC0F15B28FAB006EAF28 /* InfoPlist.strings */; };
		67F6DC1315B28FAB006EAF28 /* main.m in Sources */ = {isa = PBXBuildFile; fileRef = 67F6DC1215B28FAB006EAF28 /* main.m */; };
		67F6DC1715B28FAB006EAF28 /* AppDelegate.m in Sources */ = {isa = PBXBuildFile; fileRef = 67F6DC1615B28FAB006EAF28 /* AppDelegate.m */; };
		67F6DC1D15B28FAC006EAF28 /* RobotUIKit.bundle in Resources */ = {isa = PBXBuildFile; fileRef = 67F6DC1C15B28FAC006EAF28 /* RobotUIKit.bundle */; };
		67F6DC2015B28FAC006EAF28 /* ViewController.m in Sources */ = {isa = PBXBuildFile; fileRef = 67F6DC1F15B28FAC006EAF28 /* ViewController.m */; };
		67F6DC2315B28FAC006EAF28 /* ViewController_iPhone.xib in Resources */ = {isa = PBXBuildFile; fileRef = 67F6DC2115B28FAC006EAF28 /* ViewController_iPhone.xib */; };
		67F6DC2615B28FAC006EAF28 /* ViewController_iPad.xib in Resources */ = {isa = PBXBuildFile; fileRef = 67F6DC2415B28FAC006EAF28 /* ViewController_iPad.xib */; };
/* End PBXBuildFile section */

/* Begin PBXFileReference section */
		671EC2A915B88693002E4815 /* RobotKit.framework */ = {isa = PBXFileReference; lastKnownFileType = wrapper.framework; name = RobotKit.framework; path = SelfLevel/Frameworks/RobotKit.framework; sourceTree = "<group>"; };
		67F6DBFC15B28FAB006EAF28 /* SelfLevel.app */ = {isa = PBXFileReference; explicitFileType = wrapper.application; includeInIndex = 0; path = SelfLevel.app; sourceTree = BUILT_PRODUCTS_DIR; };
		67F6DC0015B28FAB006EAF28 /* UIKit.framework */ = {isa = PBXFileReference; lastKnownFileType = wrapper.framework; name = UIKit.framework; path = System/Library/Frameworks/UIKit.framework; sourceTree = SDKROOT; };
		67F6DC0215B28FAB006EAF28 /* Foundation.framework */ = {isa = PBXFileReference; lastKnownFileType = wrapper.framework; name = Foundation.framework; path = System/Library/Frameworks/Foundation.framework; sourceTree = SDKROOT; };
		67F6DC0415B28FAB006EAF28 /* CoreGraphics.framework */ = {isa = PBXFileReference; lastKnownFileType = wrapper.framework; name = CoreGraphics.framework; path = System/Library/Frameworks/CoreGraphics.framework; sourceTree = SDKROOT; };
		67F6DC0615B28FAB006EAF28 /* CoreMotion.framework */ = {isa = PBXFileReference; lastKnownFileType = wrapper.framework; name = CoreMotion.framework; path = System/Library/Frameworks/CoreMotion.framework; sourceTree = SDKROOT; };
		67F6DC0815B28FAB006EAF28 /* GameKit.framework */ = {isa = PBXFileReference; lastKnownFileType = wrapper.framework; name = GameKit.framework; path = System/Library/Frameworks/GameKit.framework; sourceTree = SDKROOT; };
		67F6DC0A15B28FAB006EAF28 /* ExternalAccessory.framework */ = {isa = PBXFileReference; lastKnownFileType = wrapper.framework; name = ExternalAccessory.framework; path = System/Library/Frameworks/ExternalAccessory.framework; sourceTree = SDKROOT; };
		67F6DC0E15B28FAB006EAF28 /* SelfLevel-Info.plist */ = {isa = PBXFileReference; lastKnownFileType = text.plist.xml; path = "SelfLevel-Info.plist"; sourceTree = "<group>"; };
		67F6DC1015B28FAB006EAF28 /* en */ = {isa = PBXFileReference; lastKnownFileType = text.plist.strings; name = en; path = en.lproj/InfoPlist.strings; sourceTree = "<group>"; };
		67F6DC1215B28FAB006EAF28 /* main.m */ = {isa = PBXFileReference; lastKnownFileType = sourcecode.c.objc; path = main.m; sourceTree = "<group>"; };
		67F6DC1415B28FAB006EAF28 /* SelfLevel-Prefix.pch */ = {isa = PBXFileReference; lastKnownFileType = sourcecode.c.h; path = "SelfLevel-Prefix.pch"; sourceTree = "<group>"; };
		67F6DC1515B28FAB006EAF28 /* AppDelegate.h */ = {isa = PBXFileReference; lastKnownFileType = sourcecode.c.h; path = AppDelegate.h; sourceTree = "<group>"; };
		67F6DC1615B28FAB006EAF28 /* AppDelegate.m */ = {isa = PBXFileReference; lastKnownFileType = sourcecode.c.objc; path = AppDelegate.m; sourceTree = "<group>"; };
		67F6DC1A15B28FAC006EAF28 /* RobotUIKit.framework */ = {isa = PBXFileReference; lastKnownFileType = wrapper.framework; name = RobotUIKit.framework; path = SelfLevel/Frameworks/RobotUIKit.framework; sourceTree = "<group>"; };
		67F6DC1C15B28FAC006EAF28 /* RobotUIKit.bundle */ = {isa = PBXFileReference; lastKnownFileType = "wrapper.plug-in"; path = RobotUIKit.bundle; sourceTree = "<group>"; };
		67F6DC1E15B28FAC006EAF28 /* ViewController.h */ = {isa = PBXFileReference; lastKnownFileType = sourcecode.c.h; path = ViewController.h; sourceTree = "<group>"; };
		67F6DC1F15B28FAC006EAF28 /* ViewController.m */ = {isa = PBXFileReference; lastKnownFileType = sourcecode.c.objc; path = ViewController.m; sourceTree = "<group>"; };
		67F6DC2215B28FAC006EAF28 /* en */ = {isa = PBXFileReference; lastKnownFileType = file.xib; name = en; path = en.lproj/ViewController_iPhone.xib; sourceTree = "<group>"; };
		67F6DC2515B28FAC006EAF28 /* en */ = {isa = PBXFileReference; lastKnownFileType = file.xib; name = en; path = en.lproj/ViewController_iPad.xib; sourceTree = "<group>"; };
/* End PBXFileReference section */

/* Begin PBXFrameworksBuildPhase section */
		67F6DBF915B28FAB006EAF28 /* Frameworks */ = {
			isa = PBXFrameworksBuildPhase;
			buildActionMask = 2147483647;
			files = (
				671EC2AB15B886BF002E4815 /* RobotKit.framework in Frameworks */,
				671EC2AC15B886BF002E4815 /* RobotUIKit.framework in Frameworks */,
				67F6DC0115B28FAB006EAF28 /* UIKit.framework in Frameworks */,
				67F6DC0315B28FAB006EAF28 /* Foundation.framework in Frameworks */,
				67F6DC0515B28FAB006EAF28 /* CoreGraphics.framework in Frameworks */,
				67F6DC0715B28FAB006EAF28 /* CoreMotion.framework in Frameworks */,
				67F6DC0915B28FAB006EAF28 /* GameKit.framework in Frameworks */,
				67F6DC0B15B28FAB006EAF28 /* ExternalAccessory.framework in Frameworks */,
			);
			runOnlyForDeploymentPostprocessing = 0;
		};
/* End PBXFrameworksBuildPhase section */

/* Begin PBXGroup section */
		67F6DBF115B28FAB006EAF28 = {
			isa = PBXGroup;
			children = (
				67F6DC0C15B28FAB006EAF28 /* SelfLevel */,
				67F6DBFF15B28FAB006EAF28 /* Frameworks */,
				67F6DBFD15B28FAB006EAF28 /* Products */,
			);
			sourceTree = "<group>";
		};
		67F6DBFD15B28FAB006EAF28 /* Products */ = {
			isa = PBXGroup;
			children = (
				67F6DBFC15B28FAB006EAF28 /* SelfLevel.app */,
			);
			name = Products;
			sourceTree = "<group>";
		};
		67F6DBFF15B28FAB006EAF28 /* Frameworks */ = {
			isa = PBXGroup;
			children = (
				67F6DC1A15B28FAC006EAF28 /* RobotUIKit.framework */,
				671EC2A915B88693002E4815 /* RobotKit.framework */,
				67F6DC0015B28FAB006EAF28 /* UIKit.framework */,
				67F6DC0215B28FAB006EAF28 /* Foundation.framework */,
				67F6DC0415B28FAB006EAF28 /* CoreGraphics.framework */,
				67F6DC0615B28FAB006EAF28 /* CoreMotion.framework */,
				67F6DC0815B28FAB006EAF28 /* GameKit.framework */,
				67F6DC0A15B28FAB006EAF28 /* ExternalAccessory.framework */,
			);
			name = Frameworks;
			sourceTree = "<group>";
		};
		67F6DC0C15B28FAB006EAF28 /* SelfLevel */ = {
			isa = PBXGroup;
			children = (
				67F6DC1515B28FAB006EAF28 /* AppDelegate.h */,
				67F6DC1615B28FAB006EAF28 /* AppDelegate.m */,
				67F6DC1C15B28FAC006EAF28 /* RobotUIKit.bundle */,
				67F6DC1E15B28FAC006EAF28 /* ViewController.h */,
				67F6DC1F15B28FAC006EAF28 /* ViewController.m */,
				67F6DC2115B28FAC006EAF28 /* ViewController_iPhone.xib */,
				67F6DC2415B28FAC006EAF28 /* ViewController_iPad.xib */,
				67F6DC0D15B28FAB006EAF28 /* Supporting Files */,
			);
			path = SelfLevel;
			sourceTree = "<group>";
		};
		67F6DC0D15B28FAB006EAF28 /* Supporting Files */ = {
			isa = PBXGroup;
			children = (
				67F6DC0E15B28FAB006EAF28 /* SelfLevel-Info.plist */,
				67F6DC0F15B28FAB006EAF28 /* InfoPlist.strings */,
				67F6DC1215B28FAB006EAF28 /* main.m */,
				67F6DC1415B28FAB006EAF28 /* SelfLevel-Prefix.pch */,
			);
			name = "Supporting Files";
			sourceTree = "<group>";
		};
/* End PBXGroup section */

/* Begin PBXNativeTarget section */
		67F6DBFB15B28FAB006EAF28 /* SelfLevel */ = {
			isa = PBXNativeTarget;
			buildConfigurationList = 67F6DC2915B28FAC006EAF28 /* Build configuration list for PBXNativeTarget "SelfLevel" */;
			buildPhases = (
				67F6DBF815B28FAB006EAF28 /* Sources */,
				67F6DBF915B28FAB006EAF28 /* Frameworks */,
				67F6DBFA15B28FAB006EAF28 /* Resources */,
			);
			buildRules = (
			);
			dependencies = (
			);
			name = SelfLevel;
			productName = SelfLevel;
			productReference = 67F6DBFC15B28FAB006EAF28 /* SelfLevel.app */;
			productType = "com.apple.product-type.application";
		};
/* End PBXNativeTarget section */

/* Begin PBXProject section */
		67F6DBF315B28FAB006EAF28 /* Project object */ = {
			isa = PBXProject;
			attributes = {
				LastUpgradeCheck = 0430;
				ORGANIZATIONNAME = "Orbotix Inc";
			};
			buildConfigurationList = 67F6DBF615B28FAB006EAF28 /* Build configuration list for PBXProject "SelfLevel" */;
			compatibilityVersion = "Xcode 3.2";
			developmentRegion = English;
			hasScannedForEncodings = 0;
			knownRegions = (
				en,
			);
			mainGroup = 67F6DBF115B28FAB006EAF28;
			productRefGroup = 67F6DBFD15B28FAB006EAF28 /* Products */;
			projectDirPath = "";
			projectRoot = "";
			targets = (
				67F6DBFB15B28FAB006EAF28 /* SelfLevel */,
			);
		};
/* End PBXProject section */

/* Begin PBXResourcesBuildPhase section */
		67F6DBFA15B28FAB006EAF28 /* Resources */ = {
			isa = PBXResourcesBuildPhase;
			buildActionMask = 2147483647;
			files = (
				67F6DC1115B28FAB006EAF28 /* InfoPlist.strings in Resources */,
				67F6DC1D15B28FAC006EAF28 /* RobotUIKit.bundle in Resources */,
				67F6DC2315B28FAC006EAF28 /* ViewController_iPhone.xib in Resources */,
				67F6DC2615B28FAC006EAF28 /* ViewController_iPad.xib in Resources */,
			);
			runOnlyForDeploymentPostprocessing = 0;
		};
/* End PBXResourcesBuildPhase section */

/* Begin PBXSourcesBuildPhase section */
		67F6DBF815B28FAB006EAF28 /* Sources */ = {
			isa = PBXSourcesBuildPhase;
			buildActionMask = 2147483647;
			files = (
				67F6DC1315B28FAB006EAF28 /* main.m in Sources */,
				67F6DC1715B28FAB006EAF28 /* AppDelegate.m in Sources */,
				67F6DC2015B28FAC006EAF28 /* ViewController.m in Sources */,
			);
			runOnlyForDeploymentPostprocessing = 0;
		};
/* End PBXSourcesBuildPhase section */

/* Begin PBXVariantGroup section */
		67F6DC0F15B28FAB006EAF28 /* InfoPlist.strings */ = {
			isa = PBXVariantGroup;
			children = (
				67F6DC1015B28FAB006EAF28 /* en */,
			);
			name = InfoPlist.strings;
			sourceTree = "<group>";
		};
		67F6DC2115B28FAC006EAF28 /* ViewController_iPhone.xib */ = {
			isa = PBXVariantGroup;
			children = (
				67F6DC2215B28FAC006EAF28 /* en */,
			);
			name = ViewController_iPhone.xib;
			sourceTree = "<group>";
		};
		67F6DC2415B28FAC006EAF28 /* ViewController_iPad.xib */ = {
			isa = PBXVariantGroup;
			children = (
				67F6DC2515B28FAC006EAF28 /* en */,
			);
			name = ViewController_iPad.xib;
			sourceTree = "<group>";
		};
/* End PBXVariantGroup section */

/* Begin XCBuildConfiguration section */
		67F6DC2715B28FAC006EAF28 /* Debug */ = {
			isa = XCBuildConfiguration;
			buildSettings = {
				ALWAYS_SEARCH_USER_PATHS = NO;
				ARCHS = "$(ARCHS_STANDARD_32_BIT)";
				"CODE_SIGN_IDENTITY[sdk=iphoneos*]" = "iPhone Developer";
				COPY_PHASE_STRIP = NO;
				GCC_C_LANGUAGE_STANDARD = gnu99;
				GCC_DYNAMIC_NO_PIC = NO;
				GCC_OPTIMIZATION_LEVEL = 0;
				GCC_PREPROCESSOR_DEFINITIONS = (
					"DEBUG=1",
					"$(inherited)",
				);
				GCC_SYMBOLS_PRIVATE_EXTERN = NO;
				GCC_VERSION = com.apple.compilers.llvm.clang.1_0;
				GCC_WARN_ABOUT_RETURN_TYPE = YES;
				GCC_WARN_UNINITIALIZED_AUTOS = YES;
				GCC_WARN_UNUSED_VARIABLE = YES;
				IPHONEOS_DEPLOYMENT_TARGET = 5.1;
				SDKROOT = iphoneos;
				TARGETED_DEVICE_FAMILY = "1,2";
			};
			name = Debug;
		};
		67F6DC2815B28FAC006EAF28 /* Release */ = {
			isa = XCBuildConfiguration;
			buildSettings = {
				ALWAYS_SEARCH_USER_PATHS = NO;
				ARCHS = "$(ARCHS_STANDARD_32_BIT)";
				"CODE_SIGN_IDENTITY[sdk=iphoneos*]" = "iPhone Developer";
				COPY_PHASE_STRIP = YES;
				GCC_C_LANGUAGE_STANDARD = gnu99;
				GCC_VERSION = com.apple.compilers.llvm.clang.1_0;
				GCC_WARN_ABOUT_RETURN_TYPE = YES;
				GCC_WARN_UNINITIALIZED_AUTOS = YES;
				GCC_WARN_UNUSED_VARIABLE = YES;
				IPHONEOS_DEPLOYMENT_TARGET = 5.1;
				OTHER_CFLAGS = "-DNS_BLOCK_ASSERTIONS=1";
				SDKROOT = iphoneos;
				TARGETED_DEVICE_FAMILY = "1,2";
				VALIDATE_PRODUCT = YES;
			};
			name = Release;
		};
		67F6DC2A15B28FAC006EAF28 /* Debug */ = {
			isa = XCBuildConfiguration;
			buildSettings = {
				FRAMEWORK_SEARCH_PATHS = (
					"$(inherited)",
					"\"$(SRCROOT)/SelfLevel/Frameworks\"",
					"\"$(SRCROOT)/../../../../../../Library/Developer/Xcode/DerivedData/IOSRobotKitWorkspace-doxenitlytbwewdaqyrcfegeuvqo/Build/Products/Debug-iphoneos\"",
				);
				GCC_PRECOMPILE_PREFIX_HEADER = YES;
				GCC_PREFIX_HEADER = "SelfLevel/SelfLevel-Prefix.pch";
				INFOPLIST_FILE = "SelfLevel/SelfLevel-Info.plist";
				IPHONEOS_DEPLOYMENT_TARGET = 4.3;
				OTHER_LDFLAGS = (
					"-ObjC",
					"-all_load",
					"-lstdc++",
					"-lsqlite3.0",
				);
				PRODUCT_NAME = "$(TARGET_NAME)";
				WRAPPER_EXTENSION = app;
			};
			name = Debug;
		};
		67F6DC2B15B28FAC006EAF28 /* Release */ = {
			isa = XCBuildConfiguration;
			buildSettings = {
				FRAMEWORK_SEARCH_PATHS = (
					"$(inherited)",
					"\"$(SRCROOT)/SelfLevel/Frameworks\"",
					"\"$(SRCROOT)/../../../../../../Library/Developer/Xcode/DerivedData/IOSRobotKitWorkspace-doxenitlytbwewdaqyrcfegeuvqo/Build/Products/Debug-iphoneos\"",
				);
				GCC_PRECOMPILE_PREFIX_HEADER = YES;
				GCC_PREFIX_HEADER = "SelfLevel/SelfLevel-Prefix.pch";
				INFOPLIST_FILE = "SelfLevel/SelfLevel-Info.plist";
				IPHONEOS_DEPLOYMENT_TARGET = 4.3;
				OTHER_LDFLAGS = (
					"-ObjC",
					"-all_load",
					"-lstdc++",
					"-lsqlite3.0",
				);
				PRODUCT_NAME = "$(TARGET_NAME)";
				WRAPPER_EXTENSION = app;
			};
			name = Release;
		};
/* End XCBuildConfiguration section */

/* Begin XCConfigurationList section */
		67F6DBF615B28FAB006EAF28 /* Build configuration list for PBXProject "SelfLevel" */ = {
			isa = XCConfigurationList;
			buildConfigurations = (
				67F6DC2715B28FAC006EAF28 /* Debug */,
				67F6DC2815B28FAC006EAF28 /* Release */,
			);
			defaultConfigurationIsVisible = 0;
			defaultConfigurationName = Release;
		};
		67F6DC2915B28FAC006EAF28 /* Build configuration list for PBXNativeTarget "SelfLevel" */ = {
			isa = XCConfigurationList;
			buildConfigurations = (
				67F6DC2A15B28FAC006EAF28 /* Debug */,
				67F6DC2B15B28FAC006EAF28 /* Release */,
			);
			defaultConfigurationIsVisible = 0;
			defaultConfigurationName = Release;
		};
/* End XCConfigurationList section */
	};
	rootObject = 67F6DBF315B28FAB006EAF28 /* Project object */;
}
