// !$*UTF8*$!
{
	archiveVersion = 1;
	classes = {
	};
	objectVersion = 46;
	objects = {

/* Begin PBXBuildFile section */
		6784E7A115DD9B7B00BD3A02 /* AppDelegate.m in Sources */ = {isa = PBXBuildFile; fileRef = 6784E78F15DD9B7B00BD3A02 /* AppDelegate.m */; };
		6784E7A215DD9B7B00BD3A02 /* InfoPlist.strings in Resources */ = {isa = PBXBuildFile; fileRef = 6784E79015DD9B7B00BD3A02 /* InfoPlist.strings */; };
		6784E7A315DD9B7B00BD3A02 /* ViewController_iPad.xib in Resources */ = {isa = PBXBuildFile; fileRef = 6784E79215DD9B7B00BD3A02 /* ViewController_iPad.xib */; };
		6784E7A415DD9B7B00BD3A02 /* ViewController_iPhone.xib in Resources */ = {isa = PBXBuildFile; fileRef = 6784E79415DD9B7B00BD3A02 /* ViewController_iPhone.xib */; };
		6784E7A515DD9B7B00BD3A02 /* libsqlite3.dylib in Frameworks */ = {isa = PBXBuildFile; fileRef = 6784E79715DD9B7B00BD3A02 /* libsqlite3.dylib */; };
		6784E7A715DD9B7B00BD3A02 /* main.m in Sources */ = {isa = PBXBuildFile; fileRef = 6784E79915DD9B7B00BD3A02 /* main.m */; };
		6784E7A815DD9B7B00BD3A02 /* MenuBG.png in Resources */ = {isa = PBXBuildFile; fileRef = 6784E79A15DD9B7B00BD3A02 /* MenuBG.png */; };
		6784E7AA15DD9B7B00BD3A02 /* sphero-ball.png in Resources */ = {isa = PBXBuildFile; fileRef = 6784E79C15DD9B7B00BD3A02 /* sphero-ball.png */; };
		6784E7AC15DD9B7B00BD3A02 /* ViewController.m in Sources */ = {isa = PBXBuildFile; fileRef = 6784E7A015DD9B7B00BD3A02 /* ViewController.m */; };
		816B79A218FCA57F009CA81D /* RobotKit.framework in Frameworks */ = {isa = PBXBuildFile; fileRef = 816B79A118FCA57F009CA81D /* RobotKit.framework */; };
		81EE34421491452A00132035 /* UIKit.framework in Frameworks */ = {isa = PBXBuildFile; fileRef = 81EE34411491452A00132035 /* UIKit.framework */; };
		81EE34441491452A00132035 /* Foundation.framework in Frameworks */ = {isa = PBXBuildFile; fileRef = 81EE34431491452A00132035 /* Foundation.framework */; };
		81EE34461491452A00132035 /* CoreGraphics.framework in Frameworks */ = {isa = PBXBuildFile; fileRef = 81EE34451491452A00132035 /* CoreGraphics.framework */; };
		81EE34481491452A00132035 /* CoreMotion.framework in Frameworks */ = {isa = PBXBuildFile; fileRef = 81EE34471491452A00132035 /* CoreMotion.framework */; };
		81EE344A1491452A00132035 /* GameKit.framework in Frameworks */ = {isa = PBXBuildFile; fileRef = 81EE34491491452A00132035 /* GameKit.framework */; };
		81EE344C1491452A00132035 /* ExternalAccessory.framework in Frameworks */ = {isa = PBXBuildFile; fileRef = 81EE344B1491452A00132035 /* ExternalAccessory.framework */; };
/* End PBXBuildFile section */

/* Begin PBXFileReference section */
		6784E78E15DD9B7B00BD3A02 /* AppDelegate.h */ = {isa = PBXFileReference; fileEncoding = 4; lastKnownFileType = sourcecode.c.h; path = AppDelegate.h; sourceTree = "<group>"; };
		6784E78F15DD9B7B00BD3A02 /* AppDelegate.m */ = {isa = PBXFileReference; fileEncoding = 4; lastKnownFileType = sourcecode.c.objc; path = AppDelegate.m; sourceTree = "<group>"; };
		6784E79115DD9B7B00BD3A02 /* en */ = {isa = PBXFileReference; lastKnownFileType = text.plist.strings; name = en; path = en.lproj/InfoPlist.strings; sourceTree = "<group>"; };
		6784E79315DD9B7B00BD3A02 /* en */ = {isa = PBXFileReference; lastKnownFileType = file.xib; name = en; path = en.lproj/ViewController_iPad.xib; sourceTree = "<group>"; };
		6784E79515DD9B7B00BD3A02 /* en */ = {isa = PBXFileReference; lastKnownFileType = file.xib; name = en; path = en.lproj/ViewController_iPhone.xib; sourceTree = "<group>"; };
		6784E79715DD9B7B00BD3A02 /* libsqlite3.dylib */ = {isa = PBXFileReference; lastKnownFileType = "compiled.mach-o.dylib"; name = libsqlite3.dylib; path = StreamingAnimation/Frameworks/libsqlite3.dylib; sourceTree = "<group>"; };
		6784E79915DD9B7B00BD3A02 /* main.m */ = {isa = PBXFileReference; fileEncoding = 4; lastKnownFileType = sourcecode.c.objc; path = main.m; sourceTree = "<group>"; };
		6784E79A15DD9B7B00BD3A02 /* MenuBG.png */ = {isa = PBXFileReference; lastKnownFileType = image.png; path = MenuBG.png; sourceTree = "<group>"; };
		6784E79C15DD9B7B00BD3A02 /* sphero-ball.png */ = {isa = PBXFileReference; lastKnownFileType = image.png; path = "sphero-ball.png"; sourceTree = "<group>"; };
		6784E79F15DD9B7B00BD3A02 /* ViewController.h */ = {isa = PBXFileReference; fileEncoding = 4; lastKnownFileType = sourcecode.c.h; path = ViewController.h; sourceTree = "<group>"; };
		6784E7A015DD9B7B00BD3A02 /* ViewController.m */ = {isa = PBXFileReference; fileEncoding = 4; lastKnownFileType = sourcecode.c.objc; path = ViewController.m; sourceTree = "<group>"; };
		6784E7AE15DD9C2A00BD3A02 /* StreamingAnimation-Info.plist */ = {isa = PBXFileReference; lastKnownFileType = text.plist.xml; path = "StreamingAnimation-Info.plist"; sourceTree = "<group>"; };
		6784E7AF15DD9C2A00BD3A02 /* StreamingAnimation-Prefix.pch */ = {isa = PBXFileReference; lastKnownFileType = sourcecode.c.h; path = "StreamingAnimation-Prefix.pch"; sourceTree = "<group>"; };
		816B79A118FCA57F009CA81D /* RobotKit.framework */ = {isa = PBXFileReference; lastKnownFileType = wrapper.framework; path = RobotKit.framework; sourceTree = "<group>"; };
		81EE343D1491452A00132035 /* StreamingAnimation.app */ = {isa = PBXFileReference; explicitFileType = wrapper.application; includeInIndex = 0; path = StreamingAnimation.app; sourceTree = BUILT_PRODUCTS_DIR; };
		81EE34411491452A00132035 /* UIKit.framework */ = {isa = PBXFileReference; lastKnownFileType = wrapper.framework; name = UIKit.framework; path = System/Library/Frameworks/UIKit.framework; sourceTree = SDKROOT; };
		81EE34431491452A00132035 /* Foundation.framework */ = {isa = PBXFileReference; lastKnownFileType = wrapper.framework; name = Foundation.framework; path = System/Library/Frameworks/Foundation.framework; sourceTree = SDKROOT; };
		81EE34451491452A00132035 /* CoreGraphics.framework */ = {isa = PBXFileReference; lastKnownFileType = wrapper.framework; name = CoreGraphics.framework; path = System/Library/Frameworks/CoreGraphics.framework; sourceTree = SDKROOT; };
		81EE34471491452A00132035 /* CoreMotion.framework */ = {isa = PBXFileReference; lastKnownFileType = wrapper.framework; name = CoreMotion.framework; path = System/Library/Frameworks/CoreMotion.framework; sourceTree = SDKROOT; };
		81EE34491491452A00132035 /* GameKit.framework */ = {isa = PBXFileReference; lastKnownFileType = wrapper.framework; name = GameKit.framework; path = System/Library/Frameworks/GameKit.framework; sourceTree = SDKROOT; };
		81EE344B1491452A00132035 /* ExternalAccessory.framework */ = {isa = PBXFileReference; lastKnownFileType = wrapper.framework; name = ExternalAccessory.framework; path = System/Library/Frameworks/ExternalAccessory.framework; sourceTree = SDKROOT; };
/* End PBXFileReference section */

/* Begin PBXFrameworksBuildPhase section */
		81EE343A1491452A00132035 /* Frameworks */ = {
			isa = PBXFrameworksBuildPhase;
			buildActionMask = 2147483647;
			files = (
				81EE34421491452A00132035 /* UIKit.framework in Frameworks */,
				81EE34441491452A00132035 /* Foundation.framework in Frameworks */,
				81EE34461491452A00132035 /* CoreGraphics.framework in Frameworks */,
				81EE34481491452A00132035 /* CoreMotion.framework in Frameworks */,
				816B79A218FCA57F009CA81D /* RobotKit.framework in Frameworks */,
				81EE344A1491452A00132035 /* GameKit.framework in Frameworks */,
				81EE344C1491452A00132035 /* ExternalAccessory.framework in Frameworks */,
				6784E7A515DD9B7B00BD3A02 /* libsqlite3.dylib in Frameworks */,
			);
			runOnlyForDeploymentPostprocessing = 0;
		};
/* End PBXFrameworksBuildPhase section */

/* Begin PBXGroup section */
		6784E78D15DD9B7B00BD3A02 /* StreamingAnimation */ = {
			isa = PBXGroup;
			children = (
				6784E79915DD9B7B00BD3A02 /* main.m */,
				6784E79A15DD9B7B00BD3A02 /* MenuBG.png */,
				6784E79C15DD9B7B00BD3A02 /* sphero-ball.png */,
				6784E78E15DD9B7B00BD3A02 /* AppDelegate.h */,
				6784E78F15DD9B7B00BD3A02 /* AppDelegate.m */,
				6784E79F15DD9B7B00BD3A02 /* ViewController.h */,
				6784E7A015DD9B7B00BD3A02 /* ViewController.m */,
				6784E79215DD9B7B00BD3A02 /* ViewController_iPad.xib */,
				6784E79415DD9B7B00BD3A02 /* ViewController_iPhone.xib */,
				6784E7AD15DD9B9400BD3A02 /* Supporting Files */,
			);
			path = StreamingAnimation;
			sourceTree = "<group>";
		};
		6784E7AD15DD9B9400BD3A02 /* Supporting Files */ = {
			isa = PBXGroup;
			children = (
				6784E7AE15DD9C2A00BD3A02 /* StreamingAnimation-Info.plist */,
				6784E7AF15DD9C2A00BD3A02 /* StreamingAnimation-Prefix.pch */,
				6784E79015DD9B7B00BD3A02 /* InfoPlist.strings */,
			);
			name = "Supporting Files";
			sourceTree = "<group>";
		};
		81EE34321491452A00132035 = {
			isa = PBXGroup;
			children = (
				6784E78D15DD9B7B00BD3A02 /* StreamingAnimation */,
				81EE34401491452A00132035 /* Frameworks */,
				81EE343E1491452A00132035 /* Products */,
			);
			sourceTree = "<group>";
		};
		81EE343E1491452A00132035 /* Products */ = {
			isa = PBXGroup;
			children = (
				81EE343D1491452A00132035 /* StreamingAnimation.app */,
			);
			name = Products;
			sourceTree = "<group>";
		};
		81EE34401491452A00132035 /* Frameworks */ = {
			isa = PBXGroup;
			children = (
				816B79A118FCA57F009CA81D /* RobotKit.framework */,
				6784E79715DD9B7B00BD3A02 /* libsqlite3.dylib */,
				81EE34411491452A00132035 /* UIKit.framework */,
				81EE34431491452A00132035 /* Foundation.framework */,
				81EE34451491452A00132035 /* CoreGraphics.framework */,
				81EE34471491452A00132035 /* CoreMotion.framework */,
				81EE34491491452A00132035 /* GameKit.framework */,
				81EE344B1491452A00132035 /* ExternalAccessory.framework */,
			);
			name = Frameworks;
			sourceTree = "<group>";
		};
/* End PBXGroup section */

/* Begin PBXNativeTarget section */
		81EE343C1491452A00132035 /* StreamingAnimation */ = {
			isa = PBXNativeTarget;
			buildConfigurationList = 81EE346C1491452B00132035 /* Build configuration list for PBXNativeTarget "StreamingAnimation" */;
			buildPhases = (
				81EE34391491452A00132035 /* Sources */,
				81EE343A1491452A00132035 /* Frameworks */,
				81EE343B1491452A00132035 /* Resources */,
			);
			buildRules = (
			);
			dependencies = (
			);
			name = StreamingAnimation;
			productName = HelloWorld;
			productReference = 81EE343D1491452A00132035 /* StreamingAnimation.app */;
			productType = "com.apple.product-type.application";
		};
/* End PBXNativeTarget section */

/* Begin PBXProject section */
		81EE34341491452A00132035 /* Project object */ = {
			isa = PBXProject;
			attributes = {
				LastUpgradeCheck = 0420;
				ORGANIZATIONNAME = "Orbotix, Inc.";
			};
			buildConfigurationList = 81EE34371491452A00132035 /* Build configuration list for PBXProject "StreamingAnimation" */;
			compatibilityVersion = "Xcode 3.2";
			developmentRegion = English;
			hasScannedForEncodings = 0;
			knownRegions = (
				en,
			);
			mainGroup = 81EE34321491452A00132035;
			productRefGroup = 81EE343E1491452A00132035 /* Products */;
			projectDirPath = "";
			projectRoot = "";
			targets = (
				81EE343C1491452A00132035 /* StreamingAnimation */,
			);
		};
/* End PBXProject section */

/* Begin PBXResourcesBuildPhase section */
		81EE343B1491452A00132035 /* Resources */ = {
			isa = PBXResourcesBuildPhase;
			buildActionMask = 2147483647;
			files = (
				6784E7A215DD9B7B00BD3A02 /* InfoPlist.strings in Resources */,
				6784E7A315DD9B7B00BD3A02 /* ViewController_iPad.xib in Resources */,
				6784E7A415DD9B7B00BD3A02 /* ViewController_iPhone.xib in Resources */,
				6784E7A815DD9B7B00BD3A02 /* MenuBG.png in Resources */,
				6784E7AA15DD9B7B00BD3A02 /* sphero-ball.png in Resources */,
			);
			runOnlyForDeploymentPostprocessing = 0;
		};
/* End PBXResourcesBuildPhase section */

/* Begin PBXSourcesBuildPhase section */
		81EE34391491452A00132035 /* Sources */ = {
			isa = PBXSourcesBuildPhase;
			buildActionMask = 2147483647;
			files = (
				6784E7A115DD9B7B00BD3A02 /* AppDelegate.m in Sources */,
				6784E7A715DD9B7B00BD3A02 /* main.m in Sources */,
				6784E7AC15DD9B7B00BD3A02 /* ViewController.m in Sources */,
			);
			runOnlyForDeploymentPostprocessing = 0;
		};
/* End PBXSourcesBuildPhase section */

/* Begin PBXVariantGroup section */
		6784E79015DD9B7B00BD3A02 /* InfoPlist.strings */ = {
			isa = PBXVariantGroup;
			children = (
				6784E79115DD9B7B00BD3A02 /* en */,
			);
			name = InfoPlist.strings;
			sourceTree = "<group>";
		};
		6784E79215DD9B7B00BD3A02 /* ViewController_iPad.xib */ = {
			isa = PBXVariantGroup;
			children = (
				6784E79315DD9B7B00BD3A02 /* en */,
			);
			name = ViewController_iPad.xib;
			sourceTree = "<group>";
		};
		6784E79415DD9B7B00BD3A02 /* ViewController_iPhone.xib */ = {
			isa = PBXVariantGroup;
			children = (
				6784E79515DD9B7B00BD3A02 /* en */,
			);
			name = ViewController_iPhone.xib;
			sourceTree = "<group>";
		};
/* End PBXVariantGroup section */

/* Begin XCBuildConfiguration section */
		81EE346A1491452B00132035 /* Debug */ = {
			isa = XCBuildConfiguration;
			buildSettings = {
				ALWAYS_SEARCH_USER_PATHS = NO;
				ARCHS = "$(ARCHS_STANDARD_32_BIT)";
				"CODE_SIGN_IDENTITY[sdk=iphoneos*]" = "iPhone Developer";
				COPY_PHASE_STRIP = NO;
				GCC_C_LANGUAGE_STANDARD = gnu99;
				GCC_DYNAMIC_NO_PIC = NO;
				GCC_OPTIMIZATION_LEVEL = 0;
				GCC_PREPROCESSOR_DEFINITIONS = (
					"DEBUG=1",
					"$(inherited)",
				);
				GCC_SYMBOLS_PRIVATE_EXTERN = NO;
				GCC_VERSION = com.apple.compilers.llvm.clang.1_0;
				GCC_WARN_ABOUT_MISSING_PROTOTYPES = YES;
				GCC_WARN_ABOUT_RETURN_TYPE = YES;
				GCC_WARN_UNUSED_VARIABLE = YES;
				IPHONEOS_DEPLOYMENT_TARGET = 5.0;
				SDKROOT = iphoneos;
				TARGETED_DEVICE_FAMILY = "1,2";
			};
			name = Debug;
		};
		81EE346B1491452B00132035 /* Release */ = {
			isa = XCBuildConfiguration;
			buildSettings = {
				ALWAYS_SEARCH_USER_PATHS = NO;
				ARCHS = "$(ARCHS_STANDARD_32_BIT)";
				"CODE_SIGN_IDENTITY[sdk=iphoneos*]" = "iPhone Developer";
				COPY_PHASE_STRIP = YES;
				GCC_C_LANGUAGE_STANDARD = gnu99;
				GCC_VERSION = com.apple.compilers.llvm.clang.1_0;
				GCC_WARN_ABOUT_MISSING_PROTOTYPES = YES;
				GCC_WARN_ABOUT_RETURN_TYPE = YES;
				GCC_WARN_UNUSED_VARIABLE = YES;
				IPHONEOS_DEPLOYMENT_TARGET = 5.0;
				OTHER_CFLAGS = "-DNS_BLOCK_ASSERTIONS=1";
				SDKROOT = iphoneos;
				TARGETED_DEVICE_FAMILY = "1,2";
				VALIDATE_PRODUCT = YES;
			};
			name = Release;
		};
		81EE346D1491452B00132035 /* Debug */ = {
			isa = XCBuildConfiguration;
			buildSettings = {
				FRAMEWORK_SEARCH_PATHS = (
					"$(inherited)",
					"\"$(SRCROOT)/StreamingAnimation/Frameworks\"",
					"$(PROJECT_DIR)",
				);
				GCC_PRECOMPILE_PREFIX_HEADER = YES;
				GCC_PREFIX_HEADER = "StreamingAnimation/StreamingAnimation-Prefix.pch";
				INFOPLIST_FILE = "$(SRCROOT)/StreamingAnimation/StreamingAnimation-Info.plist";
				IPHONEOS_DEPLOYMENT_TARGET = 4.3;
				LIBRARY_SEARCH_PATHS = (
					"$(inherited)",
					"\"$(SRCROOT)/StreamingAnimation/Frameworks\"",
				);
				OTHER_LDFLAGS = (
					"-ObjC",
					"-all_load",
					"-lstdc++",
				);
				PRODUCT_NAME = StreamingAnimation;
				TARGETED_DEVICE_FAMILY = "1,2";
				WRAPPER_EXTENSION = app;
			};
			name = Debug;
		};
		81EE346E1491452B00132035 /* Release */ = {
			isa = XCBuildConfiguration;
			buildSettings = {
				FRAMEWORK_SEARCH_PATHS = (
					"$(inherited)",
					"\"$(SRCROOT)/StreamingAnimation/Frameworks\"",
					"$(PROJECT_DIR)",
				);
				GCC_PRECOMPILE_PREFIX_HEADER = YES;
				GCC_PREFIX_HEADER = "StreamingAnimation/StreamingAnimation-Prefix.pch";
				INFOPLIST_FILE = "$(SRCROOT)/StreamingAnimation/StreamingAnimation-Info.plist";
				IPHONEOS_DEPLOYMENT_TARGET = 4.3;
				LIBRARY_SEARCH_PATHS = (
					"$(inherited)",
					"\"$(SRCROOT)/StreamingAnimation/Frameworks\"",
				);
				OTHER_LDFLAGS = (
					"-ObjC",
					"-all_load",
					"-lstdc++",
				);
				PRODUCT_NAME = StreamingAnimation;
				TARGETED_DEVICE_FAMILY = "1,2";
				WRAPPER_EXTENSION = app;
			};
			name = Release;
		};
/* End XCBuildConfiguration section */

/* Begin XCConfigurationList section */
		81EE34371491452A00132035 /* Build configuration list for PBXProject "StreamingAnimation" */ = {
			isa = XCConfigurationList;
			buildConfigurations = (
				81EE346A1491452B00132035 /* Debug */,
				81EE346B1491452B00132035 /* Release */,
			);
			defaultConfigurationIsVisible = 0;
			defaultConfigurationName = Release;
		};
		81EE346C1491452B00132035 /* Build configuration list for PBXNativeTarget "StreamingAnimation" */ = {
			isa = XCConfigurationList;
			buildConfigurations = (
				81EE346D1491452B00132035 /* Debug */,
				81EE346E1491452B00132035 /* Release */,
			);
			defaultConfigurationIsVisible = 0;
			defaultConfigurationName = Release;
		};
/* End XCConfigurationList section */
	};
	rootObject = 81EE34341491452A00132035 /* Project object */;
}
