// !$*UTF8*$!
{
	archiveVersion = 1;
	classes = {
	};
	objectVersion = 46;
	objects = {

/* Begin PBXBuildFile section */
		8134AE5414927C5A005F5FB4 /* RobotUIKit.bundle in Resources */ = {isa = PBXBuildFile; fileRef = 8134AE5214927C5A005F5FB4 /* RobotUIKit.bundle */; };
		8134AE5514927C5A005F5FB4 /* RobotUIKit.framework in Frameworks */ = {isa = PBXBuildFile; fileRef = 8134AE5314927C5A005F5FB4 /* RobotUIKit.framework */; };
		81EE34CD1491748300132035 /* UIKit.framework in Frameworks */ = {isa = PBXBuildFile; fileRef = 81EE34CC1491748300132035 /* UIKit.framework */; };
		81EE34CF1491748300132035 /* Foundation.framework in Frameworks */ = {isa = PBXBuildFile; fileRef = 81EE34CE1491748300132035 /* Foundation.framework */; };
		81EE34D11491748300132035 /* CoreGraphics.framework in Frameworks */ = {isa = PBXBuildFile; fileRef = 81EE34D01491748300132035 /* CoreGraphics.framework */; };
		81EE34D31491748300132035 /* CoreMotion.framework in Frameworks */ = {isa = PBXBuildFile; fileRef = 81EE34D21491748300132035 /* CoreMotion.framework */; };
		81EE34D51491748300132035 /* GameKit.framework in Frameworks */ = {isa = PBXBuildFile; fileRef = 81EE34D41491748300132035 /* GameKit.framework */; };
		81EE34D71491748300132035 /* ExternalAccessory.framework in Frameworks */ = {isa = PBXBuildFile; fileRef = 81EE34D61491748300132035 /* ExternalAccessory.framework */; };
		81EE34DD1491748300132035 /* InfoPlist.strings in Resources */ = {isa = PBXBuildFile; fileRef = 81EE34DB1491748300132035 /* InfoPlist.strings */; };
		81EE34DF1491748300132035 /* main.m in Sources */ = {isa = PBXBuildFile; fileRef = 81EE34DE1491748300132035 /* main.m */; };
		81EE34E31491748300132035 /* AppDelegate.m in Sources */ = {isa = PBXBuildFile; fileRef = 81EE34E21491748300132035 /* AppDelegate.m */; };
		81EE34E51491748300132035 /* libsqlite3.dylib in Frameworks */ = {isa = PBXBuildFile; fileRef = 81EE34E41491748300132035 /* libsqlite3.dylib */; };
		81EE34EE1491748400132035 /* ViewController.m in Sources */ = {isa = PBXBuildFile; fileRef = 81EE34ED1491748400132035 /* ViewController.m */; };
		81EE34F11491748400132035 /* ViewController_iPhone.xib in Resources */ = {isa = PBXBuildFile; fileRef = 81EE34EF1491748400132035 /* ViewController_iPhone.xib */; };
		81EE34F41491748400132035 /* ViewController_iPad.xib in Resources */ = {isa = PBXBuildFile; fileRef = 81EE34F21491748400132035 /* ViewController_iPad.xib */; };
		81EE34FB1491772F00132035 /* README.txt in Resources */ = {isa = PBXBuildFile; fileRef = 81EE34FA1491772F00132035 /* README.txt */; };
		81FFFC66149688A700184D6C /* RobotKit.framework in Frameworks */ = {isa = PBXBuildFile; fileRef = 81FFFC65149688A700184D6C /* RobotKit.framework */; };
/* End PBXBuildFile section */

/* Begin PBXFileReference section */
		8134AE5214927C5A005F5FB4 /* RobotUIKit.bundle */ = {isa = PBXFileReference; lastKnownFileType = "wrapper.plug-in"; path = RobotUIKit.bundle; sourceTree = "<group>"; };
		8134AE5314927C5A005F5FB4 /* RobotUIKit.framework */ = {isa = PBXFileReference; lastKnownFileType = wrapper.framework; path = RobotUIKit.framework; sourceTree = "<group>"; };
		81EE34C81491748300132035 /* AchievementSample.app */ = {isa = PBXFileReference; explicitFileType = wrapper.application; includeInIndex = 0; path = AchievementSample.app; sourceTree = BUILT_PRODUCTS_DIR; };
		81EE34CC1491748300132035 /* UIKit.framework */ = {isa = PBXFileReference; lastKnownFileType = wrapper.framework; name = UIKit.framework; path = System/Library/Frameworks/UIKit.framework; sourceTree = SDKROOT; };
		81EE34CE1491748300132035 /* Foundation.framework */ = {isa = PBXFileReference; lastKnownFileType = wrapper.framework; name = Foundation.framework; path = System/Library/Frameworks/Foundation.framework; sourceTree = SDKROOT; };
		81EE34D01491748300132035 /* CoreGraphics.framework */ = {isa = PBXFileReference; lastKnownFileType = wrapper.framework; name = CoreGraphics.framework; path = System/Library/Frameworks/CoreGraphics.framework; sourceTree = SDKROOT; };
		81EE34D21491748300132035 /* CoreMotion.framework */ = {isa = PBXFileReference; lastKnownFileType = wrapper.framework; name = CoreMotion.framework; path = System/Library/Frameworks/CoreMotion.framework; sourceTree = SDKROOT; };
		81EE34D41491748300132035 /* GameKit.framework */ = {isa = PBXFileReference; lastKnownFileType = wrapper.framework; name = GameKit.framework; path = System/Library/Frameworks/GameKit.framework; sourceTree = SDKROOT; };
		81EE34D61491748300132035 /* ExternalAccessory.framework */ = {isa = PBXFileReference; lastKnownFileType = wrapper.framework; name = ExternalAccessory.framework; path = System/Library/Frameworks/ExternalAccessory.framework; sourceTree = SDKROOT; };
		81EE34DA1491748300132035 /* AchievementSample-Info.plist */ = {isa = PBXFileReference; lastKnownFileType = text.plist.xml; path = "AchievementSample-Info.plist"; sourceTree = "<group>"; };
		81EE34DC1491748300132035 /* en */ = {isa = PBXFileReference; lastKnownFileType = text.plist.strings; name = en; path = en.lproj/InfoPlist.strings; sourceTree = "<group>"; };
		81EE34DE1491748300132035 /* main.m */ = {isa = PBXFileReference; lastKnownFileType = sourcecode.c.objc; path = main.m; sourceTree = "<group>"; };
		81EE34E01491748300132035 /* AchievementSample-Prefix.pch */ = {isa = PBXFileReference; lastKnownFileType = sourcecode.c.h; path = "AchievementSample-Prefix.pch"; sourceTree = "<group>"; };
		81EE34E11491748300132035 /* AppDelegate.h */ = {isa = PBXFileReference; lastKnownFileType = sourcecode.c.h; path = AppDelegate.h; sourceTree = "<group>"; };
		81EE34E21491748300132035 /* AppDelegate.m */ = {isa = PBXFileReference; lastKnownFileType = sourcecode.c.objc; path = AppDelegate.m; sourceTree = "<group>"; };
		81EE34E41491748300132035 /* libsqlite3.dylib */ = {isa = PBXFileReference; lastKnownFileType = "compiled.mach-o.dylib"; name = libsqlite3.dylib; path = AchievementSample/Frameworks/libsqlite3.dylib; sourceTree = "<group>"; };
		81EE34EC1491748400132035 /* ViewController.h */ = {isa = PBXFileReference; lastKnownFileType = sourcecode.c.h; path = ViewController.h; sourceTree = "<group>"; };
		81EE34ED1491748400132035 /* ViewController.m */ = {isa = PBXFileReference; lastKnownFileType = sourcecode.c.objc; path = ViewController.m; sourceTree = "<group>"; };
		81EE34F01491748400132035 /* en */ = {isa = PBXFileReference; lastKnownFileType = file.xib; name = en; path = en.lproj/ViewController_iPhone.xib; sourceTree = "<group>"; };
		81EE34F31491748400132035 /* en */ = {isa = PBXFileReference; lastKnownFileType = file.xib; name = en; path = en.lproj/ViewController_iPad.xib; sourceTree = "<group>"; };
		81EE34FA1491772F00132035 /* README.txt */ = {isa = PBXFileReference; fileEncoding = 4; lastKnownFileType = text; path = README.txt; sourceTree = "<group>"; };
		81FFFC65149688A700184D6C /* RobotKit.framework */ = {isa = PBXFileReference; lastKnownFileType = wrapper.framework; path = RobotKit.framework; sourceTree = "<group>"; };
/* End PBXFileReference section */

/* Begin PBXFrameworksBuildPhase section */
		81EE34C51491748300132035 /* Frameworks */ = {
			isa = PBXFrameworksBuildPhase;
			buildActionMask = 2147483647;
			files = (
				81EE34CD1491748300132035 /* UIKit.framework in Frameworks */,
				81EE34CF1491748300132035 /* Foundation.framework in Frameworks */,
				81EE34D11491748300132035 /* CoreGraphics.framework in Frameworks */,
				81EE34D31491748300132035 /* CoreMotion.framework in Frameworks */,
				81EE34D51491748300132035 /* GameKit.framework in Frameworks */,
				81EE34D71491748300132035 /* ExternalAccessory.framework in Frameworks */,
				81EE34E51491748300132035 /* libsqlite3.dylib in Frameworks */,
				8134AE5514927C5A005F5FB4 /* RobotUIKit.framework in Frameworks */,
				81FFFC66149688A700184D6C /* RobotKit.framework in Frameworks */,
			);
			runOnlyForDeploymentPostprocessing = 0;
		};
/* End PBXFrameworksBuildPhase section */

/* Begin PBXGroup section */
		81EE34BD1491748300132035 = {
			isa = PBXGroup;
			children = (
				81EE34D81491748300132035 /* AchievementSample */,
				81EE34CB1491748300132035 /* Frameworks */,
				81EE34C91491748300132035 /* Products */,
			);
			sourceTree = "<group>";
		};
		81EE34C91491748300132035 /* Products */ = {
			isa = PBXGroup;
			children = (
				81EE34C81491748300132035 /* AchievementSample.app */,
			);
			name = Products;
			sourceTree = "<group>";
		};
		81EE34CB1491748300132035 /* Frameworks */ = {
			isa = PBXGroup;
			children = (
				81FFFC65149688A700184D6C /* RobotKit.framework */,
				8134AE5214927C5A005F5FB4 /* RobotUIKit.bundle */,
				8134AE5314927C5A005F5FB4 /* RobotUIKit.framework */,
				81EE34E41491748300132035 /* libsqlite3.dylib */,
				81EE34CC1491748300132035 /* UIKit.framework */,
				81EE34CE1491748300132035 /* Foundation.framework */,
				81EE34D01491748300132035 /* CoreGraphics.framework */,
				81EE34D21491748300132035 /* CoreMotion.framework */,
				81EE34D41491748300132035 /* GameKit.framework */,
				81EE34D61491748300132035 /* ExternalAccessory.framework */,
			);
			name = Frameworks;
			sourceTree = "<group>";
		};
		81EE34D81491748300132035 /* AchievementSample */ = {
			isa = PBXGroup;
			children = (
				81EE34FA1491772F00132035 /* README.txt */,
				81EE34E11491748300132035 /* AppDelegate.h */,
				81EE34E21491748300132035 /* AppDelegate.m */,
				81EE34EC1491748400132035 /* ViewController.h */,
				81EE34ED1491748400132035 /* ViewController.m */,
				81EE34EF1491748400132035 /* ViewController_iPhone.xib */,
				81EE34F21491748400132035 /* ViewController_iPad.xib */,
				81EE34D91491748300132035 /* Supporting Files */,
			);
			path = AchievementSample;
			sourceTree = "<group>";
		};
		81EE34D91491748300132035 /* Supporting Files */ = {
			isa = PBXGroup;
			children = (
				81EE34DA1491748300132035 /* AchievementSample-Info.plist */,
				81EE34DB1491748300132035 /* InfoPlist.strings */,
				81EE34DE1491748300132035 /* main.m */,
				81EE34E01491748300132035 /* AchievementSample-Prefix.pch */,
			);
			name = "Supporting Files";
			sourceTree = "<group>";
		};
/* End PBXGroup section */

/* Begin PBXNativeTarget section */
		81EE34C71491748300132035 /* AchievementSample */ = {
			isa = PBXNativeTarget;
			buildConfigurationList = 81EE34F71491748400132035 /* Build configuration list for PBXNativeTarget "AchievementSample" */;
			buildPhases = (
				81EE34C41491748300132035 /* Sources */,
				81EE34C51491748300132035 /* Frameworks */,
				81EE34C61491748300132035 /* Resources */,
			);
			buildRules = (
			);
			dependencies = (
			);
			name = AchievementSample;
			productName = AchievementSample;
			productReference = 81EE34C81491748300132035 /* AchievementSample.app */;
			productType = "com.apple.product-type.application";
		};
/* End PBXNativeTarget section */

/* Begin PBXProject section */
		81EE34BF1491748300132035 /* Project object */ = {
			isa = PBXProject;
			attributes = {
				LastUpgradeCheck = 0420;
				ORGANIZATIONNAME = "Orbotix, Inc.";
			};
			buildConfigurationList = 81EE34C21491748300132035 /* Build configuration list for PBXProject "AchievementSample" */;
			compatibilityVersion = "Xcode 3.2";
			developmentRegion = English;
			hasScannedForEncodings = 0;
			knownRegions = (
				en,
			);
			mainGroup = 81EE34BD1491748300132035;
			productRefGroup = 81EE34C91491748300132035 /* Products */;
			projectDirPath = "";
			projectRoot = "";
			targets = (
				81EE34C71491748300132035 /* AchievementSample */,
			);
		};
/* End PBXProject section */

/* Begin PBXResourcesBuildPhase section */
		81EE34C61491748300132035 /* Resources */ = {
			isa = PBXResourcesBuildPhase;
			buildActionMask = 2147483647;
			files = (
				81EE34DD1491748300132035 /* InfoPlist.strings in Resources */,
				81EE34F11491748400132035 /* ViewController_iPhone.xib in Resources */,
				81EE34F41491748400132035 /* ViewController_iPad.xib in Resources */,
				81EE34FB1491772F00132035 /* README.txt in Resources */,
				8134AE5414927C5A005F5FB4 /* RobotUIKit.bundle in Resources */,
			);
			runOnlyForDeploymentPostprocessing = 0;
		};
/* End PBXResourcesBuildPhase section */

/* Begin PBXSourcesBuildPhase section */
		81EE34C41491748300132035 /* Sources */ = {
			isa = PBXSourcesBuildPhase;
			buildActionMask = 2147483647;
			files = (
				81EE34DF1491748300132035 /* main.m in Sources */,
				81EE34E31491748300132035 /* AppDelegate.m in Sources */,
				81EE34EE1491748400132035 /* ViewController.m in Sources */,
			);
			runOnlyForDeploymentPostprocessing = 0;
		};
/* End PBXSourcesBuildPhase section */

/* Begin PBXVariantGroup section */
		81EE34DB1491748300132035 /* InfoPlist.strings */ = {
			isa = PBXVariantGroup;
			children = (
				81EE34DC1491748300132035 /* en */,
			);
			name = InfoPlist.strings;
			sourceTree = "<group>";
		};
		81EE34EF1491748400132035 /* ViewController_iPhone.xib */ = {
			isa = PBXVariantGroup;
			children = (
				81EE34F01491748400132035 /* en */,
			);
			name = ViewController_iPhone.xib;
			sourceTree = "<group>";
		};
		81EE34F21491748400132035 /* ViewController_iPad.xib */ = {
			isa = PBXVariantGroup;
			children = (
				81EE34F31491748400132035 /* en */,
			);
			name = ViewController_iPad.xib;
			sourceTree = "<group>";
		};
/* End PBXVariantGroup section */

/* Begin XCBuildConfiguration section */
		81EE34F51491748400132035 /* Debug */ = {
			isa = XCBuildConfiguration;
			buildSettings = {
				ALWAYS_SEARCH_USER_PATHS = NO;
				ARCHS = "$(ARCHS_STANDARD_32_BIT)";
				"CODE_SIGN_IDENTITY[sdk=iphoneos*]" = "iPhone Developer";
				COPY_PHASE_STRIP = NO;
				GCC_C_LANGUAGE_STANDARD = gnu99;
				GCC_DYNAMIC_NO_PIC = NO;
				GCC_OPTIMIZATION_LEVEL = 0;
				GCC_PREPROCESSOR_DEFINITIONS = (
					"DEBUG=1",
					"$(inherited)",
				);
				GCC_SYMBOLS_PRIVATE_EXTERN = NO;
				GCC_VERSION = com.apple.compilers.llvm.clang.1_0;
				GCC_WARN_ABOUT_MISSING_PROTOTYPES = YES;
				GCC_WARN_ABOUT_RETURN_TYPE = YES;
				GCC_WARN_UNUSED_VARIABLE = YES;
				IPHONEOS_DEPLOYMENT_TARGET = 5.0;
				SDKROOT = iphoneos;
				TARGETED_DEVICE_FAMILY = "1,2";
			};
			name = Debug;
		};
		81EE34F61491748400132035 /* Release */ = {
			isa = XCBuildConfiguration;
			buildSettings = {
				ALWAYS_SEARCH_USER_PATHS = NO;
				ARCHS = "$(ARCHS_STANDARD_32_BIT)";
				"CODE_SIGN_IDENTITY[sdk=iphoneos*]" = "iPhone Developer";
				COPY_PHASE_STRIP = YES;
				GCC_C_LANGUAGE_STANDARD = gnu99;
				GCC_VERSION = com.apple.compilers.llvm.clang.1_0;
				GCC_WARN_ABOUT_MISSING_PROTOTYPES = YES;
				GCC_WARN_ABOUT_RETURN_TYPE = YES;
				GCC_WARN_UNUSED_VARIABLE = YES;
				IPHONEOS_DEPLOYMENT_TARGET = 5.0;
				OTHER_CFLAGS = "-DNS_BLOCK_ASSERTIONS=1";
				SDKROOT = iphoneos;
				TARGETED_DEVICE_FAMILY = "1,2";
				VALIDATE_PRODUCT = YES;
			};
			name = Release;
		};
		81EE34F81491748400132035 /* Debug */ = {
			isa = XCBuildConfiguration;
			buildSettings = {
				FRAMEWORK_SEARCH_PATHS = (
					"$(inherited)",
					"\"$(SRCROOT)/AchievementSample/Frameworks\"",
					"\"$(SRCROOT)\"",
				);
				GCC_PRECOMPILE_PREFIX_HEADER = YES;
				GCC_PREFIX_HEADER = "AchievementSample/AchievementSample-Prefix.pch";
				INFOPLIST_FILE = "AchievementSample/AchievementSample-Info.plist";
				LIBRARY_SEARCH_PATHS = (
					"$(inherited)",
					"\"$(SRCROOT)/AchievementSample/Frameworks\"",
				);
				OTHER_LDFLAGS = (
					"-ObjC",
					"-all_load",
					"-lstdc++",
				);
				PRODUCT_NAME = "$(TARGET_NAME)";
				WRAPPER_EXTENSION = app;
			};
			name = Debug;
		};
		81EE34F91491748400132035 /* Release */ = {
			isa = XCBuildConfiguration;
			buildSettings = {
				FRAMEWORK_SEARCH_PATHS = (
					"$(inherited)",
					"\"$(SRCROOT)/AchievementSample/Frameworks\"",
					"\"$(SRCROOT)\"",
				);
				GCC_PRECOMPILE_PREFIX_HEADER = YES;
				GCC_PREFIX_HEADER = "AchievementSample/AchievementSample-Prefix.pch";
				INFOPLIST_FILE = "AchievementSample/AchievementSample-Info.plist";
				LIBRARY_SEARCH_PATHS = (
					"$(inherited)",
					"\"$(SRCROOT)/AchievementSample/Frameworks\"",
				);
				OTHER_LDFLAGS = (
					"-ObjC",
					"-all_load",
					"-lstdc++",
				);
				PRODUCT_NAME = "$(TARGET_NAME)";
				WRAPPER_EXTENSION = app;
			};
			name = Release;
		};
/* End XCBuildConfiguration section */

/* Begin XCConfigurationList section */
		81EE34C21491748300132035 /* Build configuration list for PBXProject "AchievementSample" */ = {
			isa = XCConfigurationList;
			buildConfigurations = (
				81EE34F51491748400132035 /* Debug */,
				81EE34F61491748400132035 /* Release */,
			);
			defaultConfigurationIsVisible = 0;
			defaultConfigurationName = Release;
		};
		81EE34F71491748400132035 /* Build configuration list for PBXNativeTarget "AchievementSample" */ = {
			isa = XCConfigurationList;
			buildConfigurations = (
				81EE34F81491748400132035 /* Debug */,
				81EE34F91491748400132035 /* Release */,
			);
			defaultConfigurationIsVisible = 0;
			defaultConfigurationName = Release;
		};
/* End XCConfigurationList section */
	};
	rootObject = 81EE34BF1491748300132035 /* Project object */;
}
