// !$*UTF8*$!
{
	archiveVersion = 1;
	classes = {
	};
	objectVersion = 46;
	objects = {

/* Begin PBXBuildFile section */
		DA951AC81BE2CF9600B56D77 /* main.m in Sources */ = {isa = PBXBuildFile; fileRef = DA951AC71BE2CF9600B56D77 /* main.m */; };
		DA951ACB1BE2CF9600B56D77 /* AppDelegate.m in Sources */ = {isa = PBXBuildFile; fileRef = DA951ACA1BE2CF9600B56D77 /* AppDelegate.m */; };
		DA951ACE1BE2CF9600B56D77 /* ViewController.m in Sources */ = {isa = PBXBuildFile; fileRef = DA951ACD1BE2CF9600B56D77 /* ViewController.m */; };
		DA951AD11BE2CF9600B56D77 /* Main.storyboard in Resources */ = {isa = PBXBuildFile; fileRef = DA951ACF1BE2CF9600B56D77 /* Main.storyboard */; };
		DA951AD31BE2CF9600B56D77 /* Assets.xcassets in Resources */ = {isa = PBXBuildFile; fileRef = DA951AD21BE2CF9600B56D77 /* Assets.xcassets */; };
		DA951AD61BE2CF9600B56D77 /* LaunchScreen.storyboard in Resources */ = {isa = PBXBuildFile; fileRef = DA951AD41BE2CF9600B56D77 /* LaunchScreen.storyboard */; };
		DA951ADE1BE2D18B00B56D77 /* RobotKit.framework in Frameworks */ = {isa = PBXBuildFile; fileRef = DA951ADD1BE2D18B00B56D77 /* RobotKit.framework */; };
		DA951AE01BE2D45C00B56D77 /* Sample.oval in Resources */ = {isa = PBXBuildFile; fileRef = DA951ADF1BE2D45C00B56D77 /* Sample.oval */; };
/* End PBXBuildFile section */

/* Begin PBXFileReference section */
		DA951AC31BE2CF9600B56D77 /* OvalColliisons.app */ = {isa = PBXFileReference; explicitFileType = wrapper.application; includeInIndex = 0; path = OvalColliisons.app; sourceTree = BUILT_PRODUCTS_DIR; };
		DA951AC71BE2CF9600B56D77 /* main.m */ = {isa = PBXFileReference; lastKnownFileType = sourcecode.c.objc; path = main.m; sourceTree = "<group>"; };
		DA951AC91BE2CF9600B56D77 /* AppDelegate.h */ = {isa = PBXFileReference; lastKnownFileType = sourcecode.c.h; path = AppDelegate.h; sourceTree = "<group>"; };
		DA951ACA1BE2CF9600B56D77 /* AppDelegate.m */ = {isa = PBXFileReference; lastKnownFileType = sourcecode.c.objc; path = AppDelegate.m; sourceTree = "<group>"; };
		DA951ACC1BE2CF9600B56D77 /* ViewController.h */ = {isa = PBXFileReference; lastKnownFileType = sourcecode.c.h; path = ViewController.h; sourceTree = "<group>"; };
		DA951ACD1BE2CF9600B56D77 /* ViewController.m */ = {isa = PBXFileReference; lastKnownFileType = sourcecode.c.objc; path = ViewController.m; sourceTree = "<group>"; };
		DA951AD01BE2CF9600B56D77 /* Base */ = {isa = PBXFileReference; lastKnownFileType = file.storyboard; name = Base; path = Base.lproj/Main.storyboard; sourceTree = "<group>"; };
		DA951AD21BE2CF9600B56D77 /* Assets.xcassets */ = {isa = PBXFileReference; lastKnownFileType = folder.assetcatalog; path = Assets.xcassets; sourceTree = "<group>"; };
		DA951AD51BE2CF9600B56D77 /* Base */ = {isa = PBXFileReference; lastKnownFileType = file.storyboard; name = Base; path = Base.lproj/LaunchScreen.storyboard; sourceTree = "<group>"; };
		DA951AD71BE2CF9600B56D77 /* Info.plist */ = {isa = PBXFileReference; lastKnownFileType = text.plist.xml; path = Info.plist; sourceTree = "<group>"; };
		DA951ADD1BE2D18B00B56D77 /* RobotKit.framework */ = {isa = PBXFileReference; lastKnownFileType = wrapper.framework; name = RobotKit.framework; path = "../../../../../Library/Developer/Xcode/DerivedData/RobotKitDevelopment-fpvaelcxwxeiumegcwvsrtltoqyq/Build/Products/Debug-iphoneos/RobotKit.framework"; sourceTree = "<group>"; };
		DA951ADF1BE2D45C00B56D77 /* Sample.oval */ = {isa = PBXFileReference; fileEncoding = 4; lastKnownFileType = text; path = Sample.oval; sourceTree = "<group>"; };
/* End PBXFileReference section */

/* Begin PBXFrameworksBuildPhase section */
		DA951AC01BE2CF9600B56D77 /* Frameworks */ = {
			isa = PBXFrameworksBuildPhase;
			buildActionMask = 2147483647;
			files = (
				DA951ADE1BE2D18B00B56D77 /* RobotKit.framework in Frameworks */,
			);
			runOnlyForDeploymentPostprocessing = 0;
		};
/* End PBXFrameworksBuildPhase section */

/* Begin PBXGroup section */
		DA951ABA1BE2CF9600B56D77 = {
			isa = PBXGroup;
			children = (
				DA951ADD1BE2D18B00B56D77 /* RobotKit.framework */,
				DA951AC51BE2CF9600B56D77 /* OvalColliisons */,
				DA951AC41BE2CF9600B56D77 /* Products */,
			);
			sourceTree = "<group>";
		};
		DA951AC41BE2CF9600B56D77 /* Products */ = {
			isa = PBXGroup;
			children = (
				DA951AC31BE2CF9600B56D77 /* OvalColliisons.app */,
			);
			name = Products;
			sourceTree = "<group>";
		};
		DA951AC51BE2CF9600B56D77 /* OvalColliisons */ = {
			isa = PBXGroup;
			children = (
				DA951AC91BE2CF9600B56D77 /* AppDelegate.h */,
				DA951ADF1BE2D45C00B56D77 /* Sample.oval */,
				DA951ACA1BE2CF9600B56D77 /* AppDelegate.m */,
				DA951ACC1BE2CF9600B56D77 /* ViewController.h */,
				DA951ACD1BE2CF9600B56D77 /* ViewController.m */,
				DA951ACF1BE2CF9600B56D77 /* Main.storyboard */,
				DA951AD21BE2CF9600B56D77 /* Assets.xcassets */,
				DA951AD41BE2CF9600B56D77 /* LaunchScreen.storyboard */,
				DA951AD71BE2CF9600B56D77 /* Info.plist */,
				DA951AC61BE2CF9600B56D77 /* Supporting Files */,
			);
			path = OvalColliisons;
			sourceTree = "<group>";
		};
		DA951AC61BE2CF9600B56D77 /* Supporting Files */ = {
			isa = PBXGroup;
			children = (
				DA951AC71BE2CF9600B56D77 /* main.m */,
			);
			name = "Supporting Files";
			sourceTree = "<group>";
		};
/* End PBXGroup section */

/* Begin PBXNativeTarget section */
		DA951AC21BE2CF9600B56D77 /* OvalColliisons */ = {
			isa = PBXNativeTarget;
			buildConfigurationList = DA951ADA1BE2CF9600B56D77 /* Build configuration list for PBXNativeTarget "OvalColliisons" */;
			buildPhases = (
				DA951ABF1BE2CF9600B56D77 /* Sources */,
				DA951AC01BE2CF9600B56D77 /* Frameworks */,
				DA951AC11BE2CF9600B56D77 /* Resources */,
			);
			buildRules = (
			);
			dependencies = (
			);
			name = OvalColliisons;
			productName = OvalColliisons;
			productReference = DA951AC31BE2CF9600B56D77 /* OvalColliisons.app */;
			productType = "com.apple.product-type.application";
		};
/* End PBXNativeTarget section */

/* Begin PBXProject section */
		DA951ABB1BE2CF9600B56D77 /* Project object */ = {
			isa = PBXProject;
			attributes = {
				LastUpgradeCheck = 0710;
				ORGANIZATIONNAME = Sphero;
				TargetAttributes = {
					DA951AC21BE2CF9600B56D77 = {
						CreatedOnToolsVersion = 7.1;
						SystemCapabilities = {
							com.apple.BackgroundModes = {
								enabled = 1;
							};
						};
					};
				};
			};
			buildConfigurationList = DA951ABE1BE2CF9600B56D77 /* Build configuration list for PBXProject "OvalColliisons" */;
			compatibilityVersion = "Xcode 3.2";
			developmentRegion = English;
			hasScannedForEncodings = 0;
			knownRegions = (
				en,
				Base,
			);
			mainGroup = DA951ABA1BE2CF9600B56D77;
			productRefGroup = DA951AC41BE2CF9600B56D77 /* Products */;
			projectDirPath = "";
			projectRoot = "";
			targets = (
				DA951AC21BE2CF9600B56D77 /* OvalColliisons */,
			);
		};
/* End PBXProject section */

/* Begin PBXResourcesBuildPhase section */
		DA951AC11BE2CF9600B56D77 /* Resources */ = {
			isa = PBXResourcesBuildPhase;
			buildActionMask = 2147483647;
			files = (
				DA951AD61BE2CF9600B56D77 /* LaunchScreen.storyboard in Resources */,
				DA951AE01BE2D45C00B56D77 /* Sample.oval in Resources */,
				DA951AD31BE2CF9600B56D77 /* Assets.xcassets in Resources */,
				DA951AD11BE2CF9600B56D77 /* Main.storyboard in Resources */,
			);
			runOnlyForDeploymentPostprocessing = 0;
		};
/* End PBXResourcesBuildPhase section */

/* Begin PBXSourcesBuildPhase section */
		DA951ABF1BE2CF9600B56D77 /* Sources */ = {
			isa = PBXSourcesBuildPhase;
			buildActionMask = 2147483647;
			files = (
				DA951ACE1BE2CF9600B56D77 /* ViewController.m in Sources */,
				DA951ACB1BE2CF9600B56D77 /* AppDelegate.m in Sources */,
				DA951AC81BE2CF9600B56D77 /* main.m in Sources */,
			);
			runOnlyForDeploymentPostprocessing = 0;
		};
/* End PBXSourcesBuildPhase section */

/* Begin PBXVariantGroup section */
		DA951ACF1BE2CF9600B56D77 /* Main.storyboard */ = {
			isa = PBXVariantGroup;
			children = (
				DA951AD01BE2CF9600B56D77 /* Base */,
			);
			name = Main.storyboard;
			sourceTree = "<group>";
		};
		DA951AD41BE2CF9600B56D77 /* LaunchScreen.storyboard */ = {
			isa = PBXVariantGroup;
			children = (
				DA951AD51BE2CF9600B56D77 /* Base */,
			);
			name = LaunchScreen.storyboard;
			sourceTree = "<group>";
		};
/* End PBXVariantGroup section */

/* Begin XCBuildConfiguration section */
		DA951AD81BE2CF9600B56D77 /* Debug */ = {
			isa = XCBuildConfiguration;
			buildSettings = {
				ALWAYS_SEARCH_USER_PATHS = NO;
				CLANG_CXX_LANGUAGE_STANDARD = "gnu++0x";
				CLANG_CXX_LIBRARY = "libc++";
				CLANG_ENABLE_MODULES = YES;
				CLANG_ENABLE_OBJC_ARC = YES;
				CLANG_WARN_BOOL_CONVERSION = YES;
				CLANG_WARN_CONSTANT_CONVERSION = YES;
				CLANG_WARN_DIRECT_OBJC_ISA_USAGE = YES_ERROR;
				CLANG_WARN_EMPTY_BODY = YES;
				CLANG_WARN_ENUM_CONVERSION = YES;
				CLANG_WARN_INT_CONVERSION = YES;
				CLANG_WARN_OBJC_ROOT_CLASS = YES_ERROR;
				CLANG_WARN_UNREACHABLE_CODE = YES;
				CLANG_WARN__DUPLICATE_METHOD_MATCH = YES;
				"CODE_SIGN_IDENTITY[sdk=iphoneos*]" = "iPhone Developer";
				COPY_PHASE_STRIP = NO;
				DEBUG_INFORMATION_FORMAT = dwarf;
				ENABLE_STRICT_OBJC_MSGSEND = YES;
				ENABLE_TESTABILITY = YES;
				GCC_C_LANGUAGE_STANDARD = gnu99;
				GCC_DYNAMIC_NO_PIC = NO;
				GCC_NO_COMMON_BLOCKS = YES;
				GCC_OPTIMIZATION_LEVEL = 0;
				GCC_PREPROCESSOR_DEFINITIONS = (
					"DEBUG=1",
					"$(inherited)",
				);
				GCC_WARN_64_TO_32_BIT_CONVERSION = YES;
				GCC_WARN_ABOUT_RETURN_TYPE = YES_ERROR;
				GCC_WARN_UNDECLARED_SELECTOR = YES;
				GCC_WARN_UNINITIALIZED_AUTOS = YES_AGGRESSIVE;
				GCC_WARN_UNUSED_FUNCTION = YES;
				GCC_WARN_UNUSED_VARIABLE = YES;
				IPHONEOS_DEPLOYMENT_TARGET = 9.1;
				MTL_ENABLE_DEBUG_INFO = YES;
				ONLY_ACTIVE_ARCH = YES;
				SDKROOT = iphoneos;
				TARGETED_DEVICE_FAMILY = "1,2";
			};
			name = Debug;
		};
		DA951AD91BE2CF9600B56D77 /* Release */ = {
			isa = XCBuildConfiguration;
			buildSettings = {
				ALWAYS_SEARCH_USER_PATHS = NO;
				CLANG_CXX_LANGUAGE_STANDARD = "gnu++0x";
				CLANG_CXX_LIBRARY = "libc++";
				CLANG_ENABLE_MODULES = YES;
				CLANG_ENABLE_OBJC_ARC = YES;
				CLANG_WARN_BOOL_CONVERSION = YES;
				CLANG_WARN_CONSTANT_CONVERSION = YES;
				CLANG_WARN_DIRECT_OBJC_ISA_USAGE = YES_ERROR;
				CLANG_WARN_EMPTY_BODY = YES;
				CLANG_WARN_ENUM_CONVERSION = YES;
				CLANG_WARN_INT_CONVERSION = YES;
				CLANG_WARN_OBJC_ROOT_CLASS = YES_ERROR;
				CLANG_WARN_UNREACHABLE_CODE = YES;
				CLANG_WARN__DUPLICATE_METHOD_MATCH = YES;
				"CODE_SIGN_IDENTITY[sdk=iphoneos*]" = "iPhone Developer";
				COPY_PHASE_STRIP = NO;
				DEBUG_INFORMATION_FORMAT = "dwarf-with-dsym";
				ENABLE_NS_ASSERTIONS = NO;
				ENABLE_STRICT_OBJC_MSGSEND = YES;
				GCC_C_LANGUAGE_STANDARD = gnu99;
				GCC_NO_COMMON_BLOCKS = YES;
				GCC_WARN_64_TO_32_BIT_CONVERSION = YES;
				GCC_WARN_ABOUT_RETURN_TYPE = YES_ERROR;
				GCC_WARN_UNDECLARED_SELECTOR = YES;
				GCC_WARN_UNINITIALIZED_AUTOS = YES_AGGRESSIVE;
				GCC_WARN_UNUSED_FUNCTION = YES;
				GCC_WARN_UNUSED_VARIABLE = YES;
				IPHONEOS_DEPLOYMENT_TARGET = 9.1;
				MTL_ENABLE_DEBUG_INFO = NO;
				SDKROOT = iphoneos;
				TARGETED_DEVICE_FAMILY = "1,2";
				VALIDATE_PRODUCT = YES;
			};
			name = Release;
		};
		DA951ADB1BE2CF9600B56D77 /* Debug */ = {
			isa = XCBuildConfiguration;
			buildSettings = {
				ASSETCATALOG_COMPILER_APPICON_NAME = AppIcon;
				INFOPLIST_FILE = OvalColliisons/Info.plist;
				IPHONEOS_DEPLOYMENT_TARGET = 8.0;
				LD_RUNPATH_SEARCH_PATHS = "$(inherited) @executable_path/Frameworks";
				OTHER_LDFLAGS = (
					"-ObjC",
					"-lc++",
				);
				PRODUCT_BUNDLE_IDENTIFIER = com.sphero.OvalColliisons;
				PRODUCT_NAME = "$(TARGET_NAME)";
			};
			name = Debug;
		};
		DA951ADC1BE2CF9600B56D77 /* Release */ = {
			isa = XCBuildConfiguration;
			buildSettings = {
				ASSETCATALOG_COMPILER_APPICON_NAME = AppIcon;
				INFOPLIST_FILE = OvalColliisons/Info.plist;
				IPHONEOS_DEPLOYMENT_TARGET = 8.0;
				LD_RUNPATH_SEARCH_PATHS = "$(inherited) @executable_path/Frameworks";
				OTHER_LDFLAGS = (
					"-ObjC",
					"-lc++",
				);
				PRODUCT_BUNDLE_IDENTIFIER = com.sphero.OvalColliisons;
				PRODUCT_NAME = "$(TARGET_NAME)";
			};
			name = Release;
		};
/* End XCBuildConfiguration section */

/* Begin XCConfigurationList section */
		DA951ABE1BE2CF9600B56D77 /* Build configuration list for PBXProject "OvalColliisons" */ = {
			isa = XCConfigurationList;
			buildConfigurations = (
				DA951AD81BE2CF9600B56D77 /* Debug */,
				DA951AD91BE2CF9600B56D77 /* Release */,
			);
			defaultConfigurationIsVisible = 0;
			defaultConfigurationName = Release;
		};
		DA951ADA1BE2CF9600B56D77 /* Build configuration list for PBXNativeTarget "OvalColliisons" */ = {
			isa = XCConfigurationList;
			buildConfigurations = (
				DA951ADB1BE2CF9600B56D77 /* Debug */,
				DA951ADC1BE2CF9600B56D77 /* Release */,
			);
			defaultConfigurationIsVisible = 0;
		};
/* End XCConfigurationList section */
	};
	rootObject = DA951ABB1BE2CF9600B56D77 /* Project object */;
}
