// !$*UTF8*$!
{
	archiveVersion = 1;
	classes = {
	};
	objectVersion = 46;
	objects = {

/* Begin PBXBuildFile section */
		816B797E18FCA095009CA81D /* RobotKit.framework in Frameworks */ = {isa = PBXBuildFile; fileRef = 816B797D18FCA095009CA81D /* RobotKit.framework */; };
		D31E6D5314F732260041CE35 /* UIKit.framework in Frameworks */ = {isa = PBXBuildFile; fileRef = D31E6D5214F732260041CE35 /* UIKit.framework */; };
		D31E6D5514F732260041CE35 /* Foundation.framework in Frameworks */ = {isa = PBXBuildFile; fileRef = D31E6D5414F732260041CE35 /* Foundation.framework */; };
		D31E6D5714F732260041CE35 /* CoreGraphics.framework in Frameworks */ = {isa = PBXBuildFile; fileRef = D31E6D5614F732260041CE35 /* CoreGraphics.framework */; };
		D31E6D5D14F732260041CE35 /* InfoPlist.strings in Resources */ = {isa = PBXBuildFile; fileRef = D31E6D5B14F732260041CE35 /* InfoPlist.strings */; };
		D31E6D5F14F732260041CE35 /* main.m in Sources */ = {isa = PBXBuildFile; fileRef = D31E6D5E14F732260041CE35 /* main.m */; };
		D31E6D6314F732260041CE35 /* AppDelegate.m in Sources */ = {isa = PBXBuildFile; fileRef = D31E6D6214F732260041CE35 /* AppDelegate.m */; };
		D31E6D6614F732260041CE35 /* ViewController.m in Sources */ = {isa = PBXBuildFile; fileRef = D31E6D6514F732260041CE35 /* ViewController.m */; };
		D31E6D6914F732260041CE35 /* ViewController.xib in Resources */ = {isa = PBXBuildFile; fileRef = D31E6D6714F732260041CE35 /* ViewController.xib */; };
		D31E6D7814F738140041CE35 /* ExternalAccessory.framework in Frameworks */ = {isa = PBXBuildFile; fileRef = D31E6D7714F738140041CE35 /* ExternalAccessory.framework */; };
		D31E6D7A14F7381E0041CE35 /* CoreMotion.framework in Frameworks */ = {isa = PBXBuildFile; fileRef = D31E6D7914F7381E0041CE35 /* CoreMotion.framework */; };
		D3BAB8FA14FED0BB00007596 /* ConfigurationViewController.m in Sources */ = {isa = PBXBuildFile; fileRef = D3BAB8F814FED0BB00007596 /* ConfigurationViewController.m */; };
		D3BAB8FB14FED0BB00007596 /* ConfigurationViewController.xib in Resources */ = {isa = PBXBuildFile; fileRef = D3BAB8F914FED0BB00007596 /* ConfigurationViewController.xib */; };
/* End PBXBuildFile section */

/* Begin PBXFileReference section */
		816B797D18FCA095009CA81D /* RobotKit.framework */ = {isa = PBXFileReference; lastKnownFileType = wrapper.framework; path = RobotKit.framework; sourceTree = "<group>"; };
		D31E6D4E14F732260041CE35 /* CollisionDetection.app */ = {isa = PBXFileReference; explicitFileType = wrapper.application; includeInIndex = 0; path = CollisionDetection.app; sourceTree = BUILT_PRODUCTS_DIR; };
		D31E6D5214F732260041CE35 /* UIKit.framework */ = {isa = PBXFileReference; lastKnownFileType = wrapper.framework; name = UIKit.framework; path = System/Library/Frameworks/UIKit.framework; sourceTree = SDKROOT; };
		D31E6D5414F732260041CE35 /* Foundation.framework */ = {isa = PBXFileReference; lastKnownFileType = wrapper.framework; name = Foundation.framework; path = System/Library/Frameworks/Foundation.framework; sourceTree = SDKROOT; };
		D31E6D5614F732260041CE35 /* CoreGraphics.framework */ = {isa = PBXFileReference; lastKnownFileType = wrapper.framework; name = CoreGraphics.framework; path = System/Library/Frameworks/CoreGraphics.framework; sourceTree = SDKROOT; };
		D31E6D5A14F732260041CE35 /* CollisionDetection-Info.plist */ = {isa = PBXFileReference; lastKnownFileType = text.plist.xml; path = "CollisionDetection-Info.plist"; sourceTree = "<group>"; };
		D31E6D5C14F732260041CE35 /* en */ = {isa = PBXFileReference; lastKnownFileType = text.plist.strings; name = en; path = en.lproj/InfoPlist.strings; sourceTree = "<group>"; };
		D31E6D5E14F732260041CE35 /* main.m */ = {isa = PBXFileReference; lastKnownFileType = sourcecode.c.objc; path = main.m; sourceTree = "<group>"; };
		D31E6D6014F732260041CE35 /* CollisionDetection-Prefix.pch */ = {isa = PBXFileReference; lastKnownFileType = sourcecode.c.h; path = "CollisionDetection-Prefix.pch"; sourceTree = "<group>"; };
		D31E6D6114F732260041CE35 /* AppDelegate.h */ = {isa = PBXFileReference; lastKnownFileType = sourcecode.c.h; path = AppDelegate.h; sourceTree = "<group>"; };
		D31E6D6214F732260041CE35 /* AppDelegate.m */ = {isa = PBXFileReference; lastKnownFileType = sourcecode.c.objc; path = AppDelegate.m; sourceTree = "<group>"; };
		D31E6D6414F732260041CE35 /* ViewController.h */ = {isa = PBXFileReference; lastKnownFileType = sourcecode.c.h; path = ViewController.h; sourceTree = "<group>"; };
		D31E6D6514F732260041CE35 /* ViewController.m */ = {isa = PBXFileReference; lastKnownFileType = sourcecode.c.objc; path = ViewController.m; sourceTree = "<group>"; };
		D31E6D6814F732260041CE35 /* en */ = {isa = PBXFileReference; lastKnownFileType = file.xib; name = en; path = en.lproj/ViewController.xib; sourceTree = "<group>"; };
		D31E6D7714F738140041CE35 /* ExternalAccessory.framework */ = {isa = PBXFileReference; lastKnownFileType = wrapper.framework; name = ExternalAccessory.framework; path = System/Library/Frameworks/ExternalAccessory.framework; sourceTree = SDKROOT; };
		D31E6D7914F7381E0041CE35 /* CoreMotion.framework */ = {isa = PBXFileReference; lastKnownFileType = wrapper.framework; name = CoreMotion.framework; path = System/Library/Frameworks/CoreMotion.framework; sourceTree = SDKROOT; };
		D3BAB8F714FED0BB00007596 /* ConfigurationViewController.h */ = {isa = PBXFileReference; fileEncoding = 4; lastKnownFileType = sourcecode.c.h; path = ConfigurationViewController.h; sourceTree = "<group>"; };
		D3BAB8F814FED0BB00007596 /* ConfigurationViewController.m */ = {isa = PBXFileReference; fileEncoding = 4; lastKnownFileType = sourcecode.c.objc; path = ConfigurationViewController.m; sourceTree = "<group>"; };
		D3BAB8F914FED0BB00007596 /* ConfigurationViewController.xib */ = {isa = PBXFileReference; fileEncoding = 4; lastKnownFileType = file.xib; path = ConfigurationViewController.xib; sourceTree = "<group>"; };
/* End PBXFileReference section */

/* Begin PBXFrameworksBuildPhase section */
		D31E6D4B14F732260041CE35 /* Frameworks */ = {
			isa = PBXFrameworksBuildPhase;
			buildActionMask = 2147483647;
			files = (
				D31E6D7A14F7381E0041CE35 /* CoreMotion.framework in Frameworks */,
				D31E6D7814F738140041CE35 /* ExternalAccessory.framework in Frameworks */,
				816B797E18FCA095009CA81D /* RobotKit.framework in Frameworks */,
				D31E6D5314F732260041CE35 /* UIKit.framework in Frameworks */,
				D31E6D5514F732260041CE35 /* Foundation.framework in Frameworks */,
				D31E6D5714F732260041CE35 /* CoreGraphics.framework in Frameworks */,
			);
			runOnlyForDeploymentPostprocessing = 0;
		};
/* End PBXFrameworksBuildPhase section */

/* Begin PBXGroup section */
		D31E6D4314F732250041CE35 = {
			isa = PBXGroup;
			children = (
				D31E6D5814F732260041CE35 /* CollisionDetection */,
				D31E6D5114F732260041CE35 /* Frameworks */,
				D31E6D4F14F732260041CE35 /* Products */,
			);
			sourceTree = "<group>";
		};
		D31E6D4F14F732260041CE35 /* Products */ = {
			isa = PBXGroup;
			children = (
				D31E6D4E14F732260041CE35 /* CollisionDetection.app */,
			);
			name = Products;
			sourceTree = "<group>";
		};
		D31E6D5114F732260041CE35 /* Frameworks */ = {
			isa = PBXGroup;
			children = (
				816B797D18FCA095009CA81D /* RobotKit.framework */,
				D31E6D7914F7381E0041CE35 /* CoreMotion.framework */,
				D31E6D7714F738140041CE35 /* ExternalAccessory.framework */,
				D31E6D5214F732260041CE35 /* UIKit.framework */,
				D31E6D5414F732260041CE35 /* Foundation.framework */,
				D31E6D5614F732260041CE35 /* CoreGraphics.framework */,
			);
			name = Frameworks;
			sourceTree = "<group>";
		};
		D31E6D5814F732260041CE35 /* CollisionDetection */ = {
			isa = PBXGroup;
			children = (
				D31E6D6114F732260041CE35 /* AppDelegate.h */,
				D31E6D6214F732260041CE35 /* AppDelegate.m */,
				D31E6D6414F732260041CE35 /* ViewController.h */,
				D31E6D6514F732260041CE35 /* ViewController.m */,
				D31E6D6714F732260041CE35 /* ViewController.xib */,
				D3BAB8F714FED0BB00007596 /* ConfigurationViewController.h */,
				D3BAB8F814FED0BB00007596 /* ConfigurationViewController.m */,
				D3BAB8F914FED0BB00007596 /* ConfigurationViewController.xib */,
				D31E6D5914F732260041CE35 /* Supporting Files */,
			);
			path = CollisionDetection;
			sourceTree = "<group>";
		};
		D31E6D5914F732260041CE35 /* Supporting Files */ = {
			isa = PBXGroup;
			children = (
				D31E6D5A14F732260041CE35 /* CollisionDetection-Info.plist */,
				D31E6D5B14F732260041CE35 /* InfoPlist.strings */,
				D31E6D5E14F732260041CE35 /* main.m */,
				D31E6D6014F732260041CE35 /* CollisionDetection-Prefix.pch */,
			);
			name = "Supporting Files";
			sourceTree = "<group>";
		};
/* End PBXGroup section */

/* Begin PBXNativeTarget section */
		D31E6D4D14F732260041CE35 /* CollisionDetection */ = {
			isa = PBXNativeTarget;
			buildConfigurationList = D31E6D6C14F732260041CE35 /* Build configuration list for PBXNativeTarget "CollisionDetection" */;
			buildPhases = (
				D31E6D4A14F732260041CE35 /* Sources */,
				D31E6D4B14F732260041CE35 /* Frameworks */,
				D31E6D4C14F732260041CE35 /* Resources */,
			);
			buildRules = (
			);
			dependencies = (
			);
			name = CollisionDetection;
			productName = CollisionDetection;
			productReference = D31E6D4E14F732260041CE35 /* CollisionDetection.app */;
			productType = "com.apple.product-type.application";
		};
/* End PBXNativeTarget section */

/* Begin PBXProject section */
		D31E6D4514F732250041CE35 /* Project object */ = {
			isa = PBXProject;
			attributes = {
				LastUpgradeCheck = 0420;
				ORGANIZATIONNAME = "Orbotix Inc.";
			};
			buildConfigurationList = D31E6D4814F732250041CE35 /* Build configuration list for PBXProject "CollisionDetection" */;
			compatibilityVersion = "Xcode 3.2";
			developmentRegion = English;
			hasScannedForEncodings = 0;
			knownRegions = (
				en,
			);
			mainGroup = D31E6D4314F732250041CE35;
			productRefGroup = D31E6D4F14F732260041CE35 /* Products */;
			projectDirPath = "";
			projectRoot = "";
			targets = (
				D31E6D4D14F732260041CE35 /* CollisionDetection */,
			);
		};
/* End PBXProject section */

/* Begin PBXResourcesBuildPhase section */
		D31E6D4C14F732260041CE35 /* Resources */ = {
			isa = PBXResourcesBuildPhase;
			buildActionMask = 2147483647;
			files = (
				D31E6D5D14F732260041CE35 /* InfoPlist.strings in Resources */,
				D31E6D6914F732260041CE35 /* ViewController.xib in Resources */,
				D3BAB8FB14FED0BB00007596 /* ConfigurationViewController.xib in Resources */,
			);
			runOnlyForDeploymentPostprocessing = 0;
		};
/* End PBXResourcesBuildPhase section */

/* Begin PBXSourcesBuildPhase section */
		D31E6D4A14F732260041CE35 /* Sources */ = {
			isa = PBXSourcesBuildPhase;
			buildActionMask = 2147483647;
			files = (
				D31E6D5F14F732260041CE35 /* main.m in Sources */,
				D31E6D6314F732260041CE35 /* AppDelegate.m in Sources */,
				D31E6D6614F732260041CE35 /* ViewController.m in Sources */,
				D3BAB8FA14FED0BB00007596 /* ConfigurationViewController.m in Sources */,
			);
			runOnlyForDeploymentPostprocessing = 0;
		};
/* End PBXSourcesBuildPhase section */

/* Begin PBXVariantGroup section */
		D31E6D5B14F732260041CE35 /* InfoPlist.strings */ = {
			isa = PBXVariantGroup;
			children = (
				D31E6D5C14F732260041CE35 /* en */,
			);
			name = InfoPlist.strings;
			sourceTree = "<group>";
		};
		D31E6D6714F732260041CE35 /* ViewController.xib */ = {
			isa = PBXVariantGroup;
			children = (
				D31E6D6814F732260041CE35 /* en */,
			);
			name = ViewController.xib;
			sourceTree = "<group>";
		};
/* End PBXVariantGroup section */

/* Begin XCBuildConfiguration section */
		D31E6D6A14F732260041CE35 /* Debug */ = {
			isa = XCBuildConfiguration;
			buildSettings = {
				ALWAYS_SEARCH_USER_PATHS = NO;
				ARCHS = "$(ARCHS_STANDARD_32_BIT)";
				CLANG_ENABLE_OBJC_ARC = YES;
				"CODE_SIGN_IDENTITY[sdk=iphoneos*]" = "iPhone Developer";
				COPY_PHASE_STRIP = NO;
				GCC_C_LANGUAGE_STANDARD = gnu99;
				GCC_DYNAMIC_NO_PIC = NO;
				GCC_OPTIMIZATION_LEVEL = 0;
				GCC_PREPROCESSOR_DEFINITIONS = (
					"DEBUG=1",
					"$(inherited)",
				);
				GCC_SYMBOLS_PRIVATE_EXTERN = NO;
				GCC_VERSION = com.apple.compilers.llvm.clang.1_0;
				GCC_WARN_ABOUT_MISSING_PROTOTYPES = YES;
				GCC_WARN_ABOUT_RETURN_TYPE = YES;
				GCC_WARN_UNUSED_VARIABLE = YES;
				IPHONEOS_DEPLOYMENT_TARGET = 4.2;
				SDKROOT = iphoneos;
				USER_HEADER_SEARCH_PATHS = "$(SRCROOT)/../../MOBILE-IOS-ROBOTKIT/RobotKit/**";
			};
			name = Debug;
		};
		D31E6D6B14F732260041CE35 /* Release */ = {
			isa = XCBuildConfiguration;
			buildSettings = {
				ALWAYS_SEARCH_USER_PATHS = NO;
				ARCHS = "$(ARCHS_STANDARD_32_BIT)";
				CLANG_ENABLE_OBJC_ARC = YES;
				"CODE_SIGN_IDENTITY[sdk=iphoneos*]" = "iPhone Developer";
				COPY_PHASE_STRIP = YES;
				GCC_C_LANGUAGE_STANDARD = gnu99;
				GCC_VERSION = com.apple.compilers.llvm.clang.1_0;
				GCC_WARN_ABOUT_MISSING_PROTOTYPES = YES;
				GCC_WARN_ABOUT_RETURN_TYPE = YES;
				GCC_WARN_UNUSED_VARIABLE = YES;
				IPHONEOS_DEPLOYMENT_TARGET = 4.2;
				OTHER_CFLAGS = "-DNS_BLOCK_ASSERTIONS=1";
				SDKROOT = iphoneos;
				USER_HEADER_SEARCH_PATHS = "$(SRCROOT)/../../MOBILE-IOS-ROBOTKIT/RobotKit/**";
				VALIDATE_PRODUCT = YES;
			};
			name = Release;
		};
		D31E6D6D14F732260041CE35 /* Debug */ = {
			isa = XCBuildConfiguration;
			buildSettings = {
				FRAMEWORK_SEARCH_PATHS = (
					"$(inherited)",
					"\"$(SRCROOT)/CollisionDetection/Frameworks\"",
					"$(PROJECT_DIR)",
				);
				GCC_PRECOMPILE_PREFIX_HEADER = YES;
				GCC_PREFIX_HEADER = "CollisionDetection/CollisionDetection-Prefix.pch";
				INFOPLIST_FILE = "CollisionDetection/CollisionDetection-Info.plist";
				OTHER_LDFLAGS = (
					"-lsqlite3",
					"-lstdc++",
					"-all_load",
				);
				PRODUCT_NAME = "$(TARGET_NAME)";
				WRAPPER_EXTENSION = app;
			};
			name = Debug;
		};
		D31E6D6E14F732260041CE35 /* Release */ = {
			isa = XCBuildConfiguration;
			buildSettings = {
				FRAMEWORK_SEARCH_PATHS = (
					"$(inherited)",
					"\"$(SRCROOT)/CollisionDetection/Frameworks\"",
					"$(PROJECT_DIR)",
				);
				GCC_PRECOMPILE_PREFIX_HEADER = YES;
				GCC_PREFIX_HEADER = "CollisionDetection/CollisionDetection-Prefix.pch";
				INFOPLIST_FILE = "CollisionDetection/CollisionDetection-Info.plist";
				OTHER_LDFLAGS = (
					"-lsqlite3",
					"-lstdc++",
					"-all_load",
				);
				PRODUCT_NAME = "$(TARGET_NAME)";
				WRAPPER_EXTENSION = app;
			};
			name = Release;
		};
/* End XCBuildConfiguration section */

/* Begin XCConfigurationList section */
		D31E6D4814F732250041CE35 /* Build configuration list for PBXProject "CollisionDetection" */ = {
			isa = XCConfigurationList;
			buildConfigurations = (
				D31E6D6A14F732260041CE35 /* Debug */,
				D31E6D6B14F732260041CE35 /* Release */,
			);
			defaultConfigurationIsVisible = 0;
			defaultConfigurationName = Release;
		};
		D31E6D6C14F732260041CE35 /* Build configuration list for PBXNativeTarget "CollisionDetection" */ = {
			isa = XCConfigurationList;
			buildConfigurations = (
				D31E6D6D14F732260041CE35 /* Debug */,
				D31E6D6E14F732260041CE35 /* Release */,
			);
			defaultConfigurationIsVisible = 0;
			defaultConfigurationName = Release;
		};
/* End XCConfigurationList section */
	};
	rootObject = D31E6D4514F732250041CE35 /* Project object */;
}
