// !$*UTF8*$!
{
	archiveVersion = 1;
	classes = {
	};
	objectVersion = 46;
	objects = {

/* Begin PBXBuildFile section */
		DA3F10B31BE029D100EFAE53 /* main.m in Sources */ = {isa = PBXBuildFile; fileRef = DA3F10B21BE029D100EFAE53 /* main.m */; };
		DA3F10B61BE029D100EFAE53 /* AppDelegate.m in Sources */ = {isa = PBXBuildFile; fileRef = DA3F10B51BE029D100EFAE53 /* AppDelegate.m */; };
		DA3F10B91BE029D100EFAE53 /* ViewController.m in Sources */ = {isa = PBXBuildFile; fileRef = DA3F10B81BE029D100EFAE53 /* ViewController.m */; };
		DA3F10BC1BE029D100EFAE53 /* Main.storyboard in Resources */ = {isa = PBXBuildFile; fileRef = DA3F10BA1BE029D100EFAE53 /* Main.storyboard */; };
		DA3F10BE1BE029D100EFAE53 /* Assets.xcassets in Resources */ = {isa = PBXBuildFile; fileRef = DA3F10BD1BE029D100EFAE53 /* Assets.xcassets */; };
		DA3F10C11BE029D100EFAE53 /* LaunchScreen.storyboard in Resources */ = {isa = PBXBuildFile; fileRef = DA3F10BF1BE029D100EFAE53 /* LaunchScreen.storyboard */; };
		DA3F10C91BE02A2800EFAE53 /* RobotKit.framework in Frameworks */ = {isa = PBXBuildFile; fileRef = DA3F10C81BE02A2800EFAE53 /* RobotKit.framework */; };
		DA3F10CB1BE02B9500EFAE53 /* Sample.oval in Resources */ = {isa = PBXBuildFile; fileRef = DA3F10CA1BE02B9500EFAE53 /* Sample.oval */; };
		DA3F10CE1BE02FBF00EFAE53 /* libc++.tbd in Frameworks */ = {isa = PBXBuildFile; fileRef = DA3F10CC1BE02FBF00EFAE53 /* libc++.tbd */; };
		DA3F10CF1BE02FBF00EFAE53 /* libstdc++.tbd in Frameworks */ = {isa = PBXBuildFile; fileRef = DA3F10CD1BE02FBF00EFAE53 /* libstdc++.tbd */; };
/* End PBXBuildFile section */

/* Begin PBXFileReference section */
		DA3F10AE1BE029D100EFAE53 /* OvalFreeFall.app */ = {isa = PBXFileReference; explicitFileType = wrapper.application; includeInIndex = 0; path = OvalFreeFall.app; sourceTree = BUILT_PRODUCTS_DIR; };
		DA3F10B21BE029D100EFAE53 /* main.m */ = {isa = PBXFileReference; lastKnownFileType = sourcecode.c.objc; path = main.m; sourceTree = "<group>"; };
		DA3F10B41BE029D100EFAE53 /* AppDelegate.h */ = {isa = PBXFileReference; lastKnownFileType = sourcecode.c.h; path = AppDelegate.h; sourceTree = "<group>"; };
		DA3F10B51BE029D100EFAE53 /* AppDelegate.m */ = {isa = PBXFileReference; lastKnownFileType = sourcecode.c.objc; path = AppDelegate.m; sourceTree = "<group>"; };
		DA3F10B71BE029D100EFAE53 /* ViewController.h */ = {isa = PBXFileReference; lastKnownFileType = sourcecode.c.h; path = ViewController.h; sourceTree = "<group>"; };
		DA3F10B81BE029D100EFAE53 /* ViewController.m */ = {isa = PBXFileReference; lastKnownFileType = sourcecode.c.objc; path = ViewController.m; sourceTree = "<group>"; };
		DA3F10BB1BE029D100EFAE53 /* Base */ = {isa = PBXFileReference; lastKnownFileType = file.storyboard; name = Base; path = Base.lproj/Main.storyboard; sourceTree = "<group>"; };
		DA3F10BD1BE029D100EFAE53 /* Assets.xcassets */ = {isa = PBXFileReference; lastKnownFileType = folder.assetcatalog; path = Assets.xcassets; sourceTree = "<group>"; };
		DA3F10C01BE029D100EFAE53 /* Base */ = {isa = PBXFileReference; lastKnownFileType = file.storyboard; name = Base; path = Base.lproj/LaunchScreen.storyboard; sourceTree = "<group>"; };
		DA3F10C21BE029D100EFAE53 /* Info.plist */ = {isa = PBXFileReference; lastKnownFileType = text.plist.xml; path = Info.plist; sourceTree = "<group>"; };
		DA3F10C81BE02A2800EFAE53 /* RobotKit.framework */ = {isa = PBXFileReference; lastKnownFileType = wrapper.framework; name = RobotKit.framework; path = "../../../../../Library/Developer/Xcode/DerivedData/RobotKitDevelopment-fpvaelcxwxeiumegcwvsrtltoqyq/Build/Products/Debug-iphoneos/RobotKit.framework"; sourceTree = "<group>"; };
		DA3F10CA1BE02B9500EFAE53 /* Sample.oval */ = {isa = PBXFileReference; fileEncoding = 4; lastKnownFileType = text; path = Sample.oval; sourceTree = "<group>"; };
		DA3F10CC1BE02FBF00EFAE53 /* libc++.tbd */ = {isa = PBXFileReference; lastKnownFileType = "sourcecode.text-based-dylib-definition"; name = "libc++.tbd"; path = "usr/lib/libc++.tbd"; sourceTree = SDKROOT; };
		DA3F10CD1BE02FBF00EFAE53 /* libstdc++.tbd */ = {isa = PBXFileReference; lastKnownFileType = "sourcecode.text-based-dylib-definition"; name = "libstdc++.tbd"; path = "usr/lib/libstdc++.tbd"; sourceTree = SDKROOT; };
/* End PBXFileReference section */

/* Begin PBXFrameworksBuildPhase section */
		DA3F10AB1BE029D100EFAE53 /* Frameworks */ = {
			isa = PBXFrameworksBuildPhase;
			buildActionMask = 2147483647;
			files = (
				DA3F10CE1BE02FBF00EFAE53 /* libc++.tbd in Frameworks */,
				DA3F10CF1BE02FBF00EFAE53 /* libstdc++.tbd in Frameworks */,
				DA3F10C91BE02A2800EFAE53 /* RobotKit.framework in Frameworks */,
			);
			runOnlyForDeploymentPostprocessing = 0;
		};
/* End PBXFrameworksBuildPhase section */

/* Begin PBXGroup section */
		DA3F10A51BE029D100EFAE53 = {
			isa = PBXGroup;
			children = (
				DA3F10CC1BE02FBF00EFAE53 /* libc++.tbd */,
				DA3F10CD1BE02FBF00EFAE53 /* libstdc++.tbd */,
				DA3F10C81BE02A2800EFAE53 /* RobotKit.framework */,
				DA3F10B01BE029D100EFAE53 /* OvalFreeFall */,
				DA3F10AF1BE029D100EFAE53 /* Products */,
			);
			sourceTree = "<group>";
		};
		DA3F10AF1BE029D100EFAE53 /* Products */ = {
			isa = PBXGroup;
			children = (
				DA3F10AE1BE029D100EFAE53 /* OvalFreeFall.app */,
			);
			name = Products;
			sourceTree = "<group>";
		};
		DA3F10B01BE029D100EFAE53 /* OvalFreeFall */ = {
			isa = PBXGroup;
			children = (
				DA3F10B41BE029D100EFAE53 /* AppDelegate.h */,
				DA3F10B51BE029D100EFAE53 /* AppDelegate.m */,
				DA3F10B71BE029D100EFAE53 /* ViewController.h */,
				DA3F10B81BE029D100EFAE53 /* ViewController.m */,
				DA3F10BA1BE029D100EFAE53 /* Main.storyboard */,
				DA3F10BD1BE029D100EFAE53 /* Assets.xcassets */,
				DA3F10BF1BE029D100EFAE53 /* LaunchScreen.storyboard */,
				DA3F10C21BE029D100EFAE53 /* Info.plist */,
				DA3F10B11BE029D100EFAE53 /* Supporting Files */,
				DA3F10CA1BE02B9500EFAE53 /* Sample.oval */,
			);
			path = OvalFreeFall;
			sourceTree = "<group>";
		};
		DA3F10B11BE029D100EFAE53 /* Supporting Files */ = {
			isa = PBXGroup;
			children = (
				DA3F10B21BE029D100EFAE53 /* main.m */,
			);
			name = "Supporting Files";
			sourceTree = "<group>";
		};
/* End PBXGroup section */

/* Begin PBXNativeTarget section */
		DA3F10AD1BE029D100EFAE53 /* OvalFreeFall */ = {
			isa = PBXNativeTarget;
			buildConfigurationList = DA3F10C51BE029D100EFAE53 /* Build configuration list for PBXNativeTarget "OvalFreeFall" */;
			buildPhases = (
				DA3F10AA1BE029D100EFAE53 /* Sources */,
				DA3F10AB1BE029D100EFAE53 /* Frameworks */,
				DA3F10AC1BE029D100EFAE53 /* Resources */,
			);
			buildRules = (
			);
			dependencies = (
			);
			name = OvalFreeFall;
			productName = OvalFreeFall;
			productReference = DA3F10AE1BE029D100EFAE53 /* OvalFreeFall.app */;
			productType = "com.apple.product-type.application";
		};
/* End PBXNativeTarget section */

/* Begin PBXProject section */
		DA3F10A61BE029D100EFAE53 /* Project object */ = {
			isa = PBXProject;
			attributes = {
				LastUpgradeCheck = 0710;
				ORGANIZATIONNAME = Sphero;
				TargetAttributes = {
					DA3F10AD1BE029D100EFAE53 = {
						CreatedOnToolsVersion = 7.1;
						SystemCapabilities = {
							com.apple.BackgroundModes = {
								enabled = 1;
							};
						};
					};
				};
			};
			buildConfigurationList = DA3F10A91BE029D100EFAE53 /* Build configuration list for PBXProject "OvalFreeFall" */;
			compatibilityVersion = "Xcode 3.2";
			developmentRegion = English;
			hasScannedForEncodings = 0;
			knownRegions = (
				en,
				Base,
			);
			mainGroup = DA3F10A51BE029D100EFAE53;
			productRefGroup = DA3F10AF1BE029D100EFAE53 /* Products */;
			projectDirPath = "";
			projectRoot = "";
			targets = (
				DA3F10AD1BE029D100EFAE53 /* OvalFreeFall */,
			);
		};
/* End PBXProject section */

/* Begin PBXResourcesBuildPhase section */
		DA3F10AC1BE029D100EFAE53 /* Resources */ = {
			isa = PBXResourcesBuildPhase;
			buildActionMask = 2147483647;
			files = (
				DA3F10C11BE029D100EFAE53 /* LaunchScreen.storyboard in Resources */,
				DA3F10CB1BE02B9500EFAE53 /* Sample.oval in Resources */,
				DA3F10BE1BE029D100EFAE53 /* Assets.xcassets in Resources */,
				DA3F10BC1BE029D100EFAE53 /* Main.storyboard in Resources */,
			);
			runOnlyForDeploymentPostprocessing = 0;
		};
/* End PBXResourcesBuildPhase section */

/* Begin PBXSourcesBuildPhase section */
		DA3F10AA1BE029D100EFAE53 /* Sources */ = {
			isa = PBXSourcesBuildPhase;
			buildActionMask = 2147483647;
			files = (
				DA3F10B91BE029D100EFAE53 /* ViewController.m in Sources */,
				DA3F10B61BE029D100EFAE53 /* AppDelegate.m in Sources */,
				DA3F10B31BE029D100EFAE53 /* main.m in Sources */,
			);
			runOnlyForDeploymentPostprocessing = 0;
		};
/* End PBXSourcesBuildPhase section */

/* Begin PBXVariantGroup section */
		DA3F10BA1BE029D100EFAE53 /* Main.storyboard */ = {
			isa = PBXVariantGroup;
			children = (
				DA3F10BB1BE029D100EFAE53 /* Base */,
			);
			name = Main.storyboard;
			sourceTree = "<group>";
		};
		DA3F10BF1BE029D100EFAE53 /* LaunchScreen.storyboard */ = {
			isa = PBXVariantGroup;
			children = (
				DA3F10C01BE029D100EFAE53 /* Base */,
			);
			name = LaunchScreen.storyboard;
			sourceTree = "<group>";
		};
/* End PBXVariantGroup section */

/* Begin XCBuildConfiguration section */
		DA3F10C31BE029D100EFAE53 /* Debug */ = {
			isa = XCBuildConfiguration;
			buildSettings = {
				ALWAYS_SEARCH_USER_PATHS = NO;
				CLANG_CXX_LANGUAGE_STANDARD = "gnu++0x";
				CLANG_CXX_LIBRARY = "libc++";
				CLANG_ENABLE_MODULES = YES;
				CLANG_ENABLE_OBJC_ARC = YES;
				CLANG_WARN_BOOL_CONVERSION = YES;
				CLANG_WARN_CONSTANT_CONVERSION = YES;
				CLANG_WARN_DIRECT_OBJC_ISA_USAGE = YES_ERROR;
				CLANG_WARN_EMPTY_BODY = YES;
				CLANG_WARN_ENUM_CONVERSION = YES;
				CLANG_WARN_INT_CONVERSION = YES;
				CLANG_WARN_OBJC_ROOT_CLASS = YES_ERROR;
				CLANG_WARN_UNREACHABLE_CODE = YES;
				CLANG_WARN__DUPLICATE_METHOD_MATCH = YES;
				"CODE_SIGN_IDENTITY[sdk=iphoneos*]" = "iPhone Developer";
				COPY_PHASE_STRIP = NO;
				DEBUG_INFORMATION_FORMAT = dwarf;
				ENABLE_STRICT_OBJC_MSGSEND = YES;
				ENABLE_TESTABILITY = YES;
				GCC_C_LANGUAGE_STANDARD = gnu99;
				GCC_DYNAMIC_NO_PIC = NO;
				GCC_NO_COMMON_BLOCKS = YES;
				GCC_OPTIMIZATION_LEVEL = 0;
				GCC_PREPROCESSOR_DEFINITIONS = (
					"DEBUG=1",
					"$(inherited)",
				);
				GCC_WARN_64_TO_32_BIT_CONVERSION = YES;
				GCC_WARN_ABOUT_RETURN_TYPE = YES_ERROR;
				GCC_WARN_UNDECLARED_SELECTOR = YES;
				GCC_WARN_UNINITIALIZED_AUTOS = YES_AGGRESSIVE;
				GCC_WARN_UNUSED_FUNCTION = YES;
				GCC_WARN_UNUSED_VARIABLE = YES;
				IPHONEOS_DEPLOYMENT_TARGET = 9.1;
				MTL_ENABLE_DEBUG_INFO = YES;
				ONLY_ACTIVE_ARCH = YES;
				SDKROOT = iphoneos;
				TARGETED_DEVICE_FAMILY = "1,2";
			};
			name = Debug;
		};
		DA3F10C41BE029D100EFAE53 /* Release */ = {
			isa = XCBuildConfiguration;
			buildSettings = {
				ALWAYS_SEARCH_USER_PATHS = NO;
				CLANG_CXX_LANGUAGE_STANDARD = "gnu++0x";
				CLANG_CXX_LIBRARY = "libc++";
				CLANG_ENABLE_MODULES = YES;
				CLANG_ENABLE_OBJC_ARC = YES;
				CLANG_WARN_BOOL_CONVERSION = YES;
				CLANG_WARN_CONSTANT_CONVERSION = YES;
				CLANG_WARN_DIRECT_OBJC_ISA_USAGE = YES_ERROR;
				CLANG_WARN_EMPTY_BODY = YES;
				CLANG_WARN_ENUM_CONVERSION = YES;
				CLANG_WARN_INT_CONVERSION = YES;
				CLANG_WARN_OBJC_ROOT_CLASS = YES_ERROR;
				CLANG_WARN_UNREACHABLE_CODE = YES;
				CLANG_WARN__DUPLICATE_METHOD_MATCH = YES;
				"CODE_SIGN_IDENTITY[sdk=iphoneos*]" = "iPhone Developer";
				COPY_PHASE_STRIP = NO;
				DEBUG_INFORMATION_FORMAT = "dwarf-with-dsym";
				ENABLE_NS_ASSERTIONS = NO;
				ENABLE_STRICT_OBJC_MSGSEND = YES;
				GCC_C_LANGUAGE_STANDARD = gnu99;
				GCC_NO_COMMON_BLOCKS = YES;
				GCC_WARN_64_TO_32_BIT_CONVERSION = YES;
				GCC_WARN_ABOUT_RETURN_TYPE = YES_ERROR;
				GCC_WARN_UNDECLARED_SELECTOR = YES;
				GCC_WARN_UNINITIALIZED_AUTOS = YES_AGGRESSIVE;
				GCC_WARN_UNUSED_FUNCTION = YES;
				GCC_WARN_UNUSED_VARIABLE = YES;
				IPHONEOS_DEPLOYMENT_TARGET = 9.1;
				MTL_ENABLE_DEBUG_INFO = NO;
				SDKROOT = iphoneos;
				TARGETED_DEVICE_FAMILY = "1,2";
				VALIDATE_PRODUCT = YES;
			};
			name = Release;
		};
		DA3F10C61BE029D100EFAE53 /* Debug */ = {
			isa = XCBuildConfiguration;
			buildSettings = {
				ASSETCATALOG_COMPILER_APPICON_NAME = AppIcon;
				INFOPLIST_FILE = OvalFreeFall/Info.plist;
				LD_RUNPATH_SEARCH_PATHS = "$(inherited) @executable_path/Frameworks";
				OTHER_LDFLAGS = (
					"-ObjC",
					"-lc++",
				);
				PRODUCT_BUNDLE_IDENTIFIER = com.sphero.OvalFreeFall;
				PRODUCT_NAME = "$(TARGET_NAME)";
			};
			name = Debug;
		};
		DA3F10C71BE029D100EFAE53 /* Release */ = {
			isa = XCBuildConfiguration;
			buildSettings = {
				ASSETCATALOG_COMPILER_APPICON_NAME = AppIcon;
				INFOPLIST_FILE = OvalFreeFall/Info.plist;
				LD_RUNPATH_SEARCH_PATHS = "$(inherited) @executable_path/Frameworks";
				OTHER_LDFLAGS = (
					"-ObjC",
					"-lc++",
				);
				PRODUCT_BUNDLE_IDENTIFIER = com.sphero.OvalFreeFall;
				PRODUCT_NAME = "$(TARGET_NAME)";
			};
			name = Release;
		};
/* End XCBuildConfiguration section */

/* Begin XCConfigurationList section */
		DA3F10A91BE029D100EFAE53 /* Build configuration list for PBXProject "OvalFreeFall" */ = {
			isa = XCConfigurationList;
			buildConfigurations = (
				DA3F10C31BE029D100EFAE53 /* Debug */,
				DA3F10C41BE029D100EFAE53 /* Release */,
			);
			defaultConfigurationIsVisible = 0;
			defaultConfigurationName = Release;
		};
		DA3F10C51BE029D100EFAE53 /* Build configuration list for PBXNativeTarget "OvalFreeFall" */ = {
			isa = XCConfigurationList;
			buildConfigurations = (
				DA3F10C61BE029D100EFAE53 /* Debug */,
				DA3F10C71BE029D100EFAE53 /* Release */,
			);
			defaultConfigurationIsVisible = 0;
		};
/* End XCConfigurationList section */
	};
	rootObject = DA3F10A61BE029D100EFAE53 /* Project object */;
}
