// !$*UTF8*$!
{
	archiveVersion = 1;
	classes = {
	};
	objectVersion = 46;
	objects = {

/* Begin PBXBuildFile section */
		818BE05215374FB80009BA1A /* UIKit.framework in Frameworks */ = {isa = PBXBuildFile; fileRef = 818BE05115374FB80009BA1A /* UIKit.framework */; };
		818BE05415374FB80009BA1A /* Foundation.framework in Frameworks */ = {isa = PBXBuildFile; fileRef = 818BE05315374FB80009BA1A /* Foundation.framework */; };
		818BE05615374FB80009BA1A /* CoreGraphics.framework in Frameworks */ = {isa = PBXBuildFile; fileRef = 818BE05515374FB80009BA1A /* CoreGraphics.framework */; };
		818BE05815374FB80009BA1A /* CoreMotion.framework in Frameworks */ = {isa = PBXBuildFile; fileRef = 818BE05715374FB80009BA1A /* CoreMotion.framework */; };
		818BE05A15374FB80009BA1A /* GameKit.framework in Frameworks */ = {isa = PBXBuildFile; fileRef = 818BE05915374FB80009BA1A /* GameKit.framework */; };
		818BE05C15374FB80009BA1A /* ExternalAccessory.framework in Frameworks */ = {isa = PBXBuildFile; fileRef = 818BE05B15374FB80009BA1A /* ExternalAccessory.framework */; };
		818BE06215374FB80009BA1A /* InfoPlist.strings in Resources */ = {isa = PBXBuildFile; fileRef = 818BE06015374FB80009BA1A /* InfoPlist.strings */; };
		818BE06415374FB80009BA1A /* main.m in Sources */ = {isa = PBXBuildFile; fileRef = 818BE06315374FB80009BA1A /* main.m */; };
		818BE06815374FB80009BA1A /* AppDelegate.m in Sources */ = {isa = PBXBuildFile; fileRef = 818BE06715374FB80009BA1A /* AppDelegate.m */; };
		818BE06C15374FB90009BA1A /* RobotUIKit.framework in Frameworks */ = {isa = PBXBuildFile; fileRef = 818BE06B15374FB90009BA1A /* RobotUIKit.framework */; };
		818BE06E15374FB90009BA1A /* RobotUIKit.bundle in Resources */ = {isa = PBXBuildFile; fileRef = 818BE06D15374FB90009BA1A /* RobotUIKit.bundle */; };
		818BE07115374FB90009BA1A /* ViewController.m in Sources */ = {isa = PBXBuildFile; fileRef = 818BE07015374FB90009BA1A /* ViewController.m */; };
		818BE07415374FB90009BA1A /* ViewController.xib in Resources */ = {isa = PBXBuildFile; fileRef = 818BE07215374FB90009BA1A /* ViewController.xib */; };
		818BE07F153763C90009BA1A /* GameLobbyViewController.m in Sources */ = {isa = PBXBuildFile; fileRef = 818BE07D153763C90009BA1A /* GameLobbyViewController.m */; };
		818BE080153763C90009BA1A /* GameLobbyViewController.xib in Resources */ = {isa = PBXBuildFile; fileRef = 818BE07E153763C90009BA1A /* GameLobbyViewController.xib */; };
		818BE088153777300009BA1A /* NameEntryViewController.m in Sources */ = {isa = PBXBuildFile; fileRef = 818BE086153777300009BA1A /* NameEntryViewController.m */; };
		818BE089153777300009BA1A /* NameEntryViewController.xib in Resources */ = {isa = PBXBuildFile; fileRef = 818BE087153777300009BA1A /* NameEntryViewController.xib */; };
		819FD4D7153E1572008285D0 /* README.txt in Resources */ = {isa = PBXBuildFile; fileRef = 819FD4D6153E1572008285D0 /* README.txt */; };
		D308D6D4154AF6AB00A64625 /* RobotKit.framework in Frameworks */ = {isa = PBXBuildFile; fileRef = D308D6D3154AF6AB00A64625 /* RobotKit.framework */; };
/* End PBXBuildFile section */

/* Begin PBXFileReference section */
		818BE04D15374FB80009BA1A /* RKMultiplayerSample.app */ = {isa = PBXFileReference; explicitFileType = wrapper.application; includeInIndex = 0; path = RKMultiplayerSample.app; sourceTree = BUILT_PRODUCTS_DIR; };
		818BE05115374FB80009BA1A /* UIKit.framework */ = {isa = PBXFileReference; lastKnownFileType = wrapper.framework; name = UIKit.framework; path = System/Library/Frameworks/UIKit.framework; sourceTree = SDKROOT; };
		818BE05315374FB80009BA1A /* Foundation.framework */ = {isa = PBXFileReference; lastKnownFileType = wrapper.framework; name = Foundation.framework; path = System/Library/Frameworks/Foundation.framework; sourceTree = SDKROOT; };
		818BE05515374FB80009BA1A /* CoreGraphics.framework */ = {isa = PBXFileReference; lastKnownFileType = wrapper.framework; name = CoreGraphics.framework; path = System/Library/Frameworks/CoreGraphics.framework; sourceTree = SDKROOT; };
		818BE05715374FB80009BA1A /* CoreMotion.framework */ = {isa = PBXFileReference; lastKnownFileType = wrapper.framework; name = CoreMotion.framework; path = System/Library/Frameworks/CoreMotion.framework; sourceTree = SDKROOT; };
		818BE05915374FB80009BA1A /* GameKit.framework */ = {isa = PBXFileReference; lastKnownFileType = wrapper.framework; name = GameKit.framework; path = System/Library/Frameworks/GameKit.framework; sourceTree = SDKROOT; };
		818BE05B15374FB80009BA1A /* ExternalAccessory.framework */ = {isa = PBXFileReference; lastKnownFileType = wrapper.framework; name = ExternalAccessory.framework; path = System/Library/Frameworks/ExternalAccessory.framework; sourceTree = SDKROOT; };
		818BE05F15374FB80009BA1A /* RKMultiplayerSample-Info.plist */ = {isa = PBXFileReference; lastKnownFileType = text.plist.xml; path = "RKMultiplayerSample-Info.plist"; sourceTree = "<group>"; };
		818BE06115374FB80009BA1A /* en */ = {isa = PBXFileReference; lastKnownFileType = text.plist.strings; name = en; path = en.lproj/InfoPlist.strings; sourceTree = "<group>"; };
		818BE06315374FB80009BA1A /* main.m */ = {isa = PBXFileReference; lastKnownFileType = sourcecode.c.objc; path = main.m; sourceTree = "<group>"; };
		818BE06515374FB80009BA1A /* RKMultiplayerSample-Prefix.pch */ = {isa = PBXFileReference; lastKnownFileType = sourcecode.c.h; path = "RKMultiplayerSample-Prefix.pch"; sourceTree = "<group>"; };
		818BE06615374FB80009BA1A /* AppDelegate.h */ = {isa = PBXFileReference; lastKnownFileType = sourcecode.c.h; path = AppDelegate.h; sourceTree = "<group>"; };
		818BE06715374FB80009BA1A /* AppDelegate.m */ = {isa = PBXFileReference; lastKnownFileType = sourcecode.c.objc; path = AppDelegate.m; sourceTree = "<group>"; };
		818BE06B15374FB90009BA1A /* RobotUIKit.framework */ = {isa = PBXFileReference; lastKnownFileType = wrapper.framework; name = RobotUIKit.framework; path = RKMultiplayerSample/Frameworks/RobotUIKit.framework; sourceTree = "<group>"; };
		818BE06D15374FB90009BA1A /* RobotUIKit.bundle */ = {isa = PBXFileReference; lastKnownFileType = "wrapper.plug-in"; path = RobotUIKit.bundle; sourceTree = "<group>"; };
		818BE06F15374FB90009BA1A /* ViewController.h */ = {isa = PBXFileReference; lastKnownFileType = sourcecode.c.h; path = ViewController.h; sourceTree = "<group>"; };
		818BE07015374FB90009BA1A /* ViewController.m */ = {isa = PBXFileReference; lastKnownFileType = sourcecode.c.objc; path = ViewController.m; sourceTree = "<group>"; };
		818BE07315374FB90009BA1A /* en */ = {isa = PBXFileReference; lastKnownFileType = file.xib; name = en; path = en.lproj/ViewController.xib; sourceTree = "<group>"; };
		818BE07C153763C90009BA1A /* GameLobbyViewController.h */ = {isa = PBXFileReference; fileEncoding = 4; lastKnownFileType = sourcecode.c.h; path = GameLobbyViewController.h; sourceTree = "<group>"; };
		818BE07D153763C90009BA1A /* GameLobbyViewController.m */ = {isa = PBXFileReference; fileEncoding = 4; lastKnownFileType = sourcecode.c.objc; path = GameLobbyViewController.m; sourceTree = "<group>"; };
		818BE07E153763C90009BA1A /* GameLobbyViewController.xib */ = {isa = PBXFileReference; fileEncoding = 4; lastKnownFileType = file.xib; path = GameLobbyViewController.xib; sourceTree = "<group>"; };
		818BE085153777300009BA1A /* NameEntryViewController.h */ = {isa = PBXFileReference; fileEncoding = 4; lastKnownFileType = sourcecode.c.h; path = NameEntryViewController.h; sourceTree = "<group>"; };
		818BE086153777300009BA1A /* NameEntryViewController.m */ = {isa = PBXFileReference; fileEncoding = 4; lastKnownFileType = sourcecode.c.objc; path = NameEntryViewController.m; sourceTree = "<group>"; };
		818BE087153777300009BA1A /* NameEntryViewController.xib */ = {isa = PBXFileReference; fileEncoding = 4; lastKnownFileType = file.xib; path = NameEntryViewController.xib; sourceTree = "<group>"; };
		819FD4D6153E1572008285D0 /* README.txt */ = {isa = PBXFileReference; fileEncoding = 4; lastKnownFileType = text; path = README.txt; sourceTree = "<group>"; };
		D308D6D3154AF6AB00A64625 /* RobotKit.framework */ = {isa = PBXFileReference; lastKnownFileType = wrapper.framework; name = RobotKit.framework; path = RKMultiplayerSample/Frameworks/RobotKit.framework; sourceTree = "<group>"; };
/* End PBXFileReference section */

/* Begin PBXFrameworksBuildPhase section */
		818BE04A15374FB80009BA1A /* Frameworks */ = {
			isa = PBXFrameworksBuildPhase;
			buildActionMask = 2147483647;
			files = (
				D308D6D4154AF6AB00A64625 /* RobotKit.framework in Frameworks */,
				818BE05215374FB80009BA1A /* UIKit.framework in Frameworks */,
				818BE05415374FB80009BA1A /* Foundation.framework in Frameworks */,
				818BE05615374FB80009BA1A /* CoreGraphics.framework in Frameworks */,
				818BE05815374FB80009BA1A /* CoreMotion.framework in Frameworks */,
				818BE05A15374FB80009BA1A /* GameKit.framework in Frameworks */,
				818BE05C15374FB80009BA1A /* ExternalAccessory.framework in Frameworks */,
				818BE06C15374FB90009BA1A /* RobotUIKit.framework in Frameworks */,
			);
			runOnlyForDeploymentPostprocessing = 0;
		};
/* End PBXFrameworksBuildPhase section */

/* Begin PBXGroup section */
		818BE04215374FB70009BA1A = {
			isa = PBXGroup;
			children = (
				819FD4D6153E1572008285D0 /* README.txt */,
				818BE05D15374FB80009BA1A /* RKMultiplayerSample */,
				818BE05015374FB80009BA1A /* Frameworks */,
				818BE04E15374FB80009BA1A /* Products */,
			);
			sourceTree = "<group>";
		};
		818BE04E15374FB80009BA1A /* Products */ = {
			isa = PBXGroup;
			children = (
				818BE04D15374FB80009BA1A /* RKMultiplayerSample.app */,
			);
			name = Products;
			sourceTree = "<group>";
		};
		818BE05015374FB80009BA1A /* Frameworks */ = {
			isa = PBXGroup;
			children = (
				D308D6D3154AF6AB00A64625 /* RobotKit.framework */,
				818BE06B15374FB90009BA1A /* RobotUIKit.framework */,
				818BE05115374FB80009BA1A /* UIKit.framework */,
				818BE05315374FB80009BA1A /* Foundation.framework */,
				818BE05515374FB80009BA1A /* CoreGraphics.framework */,
				818BE05715374FB80009BA1A /* CoreMotion.framework */,
				818BE05915374FB80009BA1A /* GameKit.framework */,
				818BE05B15374FB80009BA1A /* ExternalAccessory.framework */,
			);
			name = Frameworks;
			sourceTree = "<group>";
		};
		818BE05D15374FB80009BA1A /* RKMultiplayerSample */ = {
			isa = PBXGroup;
			children = (
				818BE06615374FB80009BA1A /* AppDelegate.h */,
				818BE06715374FB80009BA1A /* AppDelegate.m */,
				818BE06D15374FB90009BA1A /* RobotUIKit.bundle */,
				818BE06F15374FB90009BA1A /* ViewController.h */,
				818BE07015374FB90009BA1A /* ViewController.m */,
				818BE07215374FB90009BA1A /* ViewController.xib */,
				818BE05E15374FB80009BA1A /* Supporting Files */,
				818BE07C153763C90009BA1A /* GameLobbyViewController.h */,
				818BE07D153763C90009BA1A /* GameLobbyViewController.m */,
				818BE07E153763C90009BA1A /* GameLobbyViewController.xib */,
				818BE085153777300009BA1A /* NameEntryViewController.h */,
				818BE086153777300009BA1A /* NameEntryViewController.m */,
				818BE087153777300009BA1A /* NameEntryViewController.xib */,
			);
			path = RKMultiplayerSample;
			sourceTree = "<group>";
		};
		818BE05E15374FB80009BA1A /* Supporting Files */ = {
			isa = PBXGroup;
			children = (
				818BE05F15374FB80009BA1A /* RKMultiplayerSample-Info.plist */,
				818BE06015374FB80009BA1A /* InfoPlist.strings */,
				818BE06315374FB80009BA1A /* main.m */,
				818BE06515374FB80009BA1A /* RKMultiplayerSample-Prefix.pch */,
			);
			name = "Supporting Files";
			sourceTree = "<group>";
		};
/* End PBXGroup section */

/* Begin PBXNativeTarget section */
		818BE04C15374FB80009BA1A /* RKMultiplayerSample */ = {
			isa = PBXNativeTarget;
			buildConfigurationList = 818BE07715374FB90009BA1A /* Build configuration list for PBXNativeTarget "RKMultiplayerSample" */;
			buildPhases = (
				818BE04915374FB80009BA1A /* Sources */,
				818BE04A15374FB80009BA1A /* Frameworks */,
				818BE04B15374FB80009BA1A /* Resources */,
			);
			buildRules = (
			);
			dependencies = (
			);
			name = RKMultiplayerSample;
			productName = RKMultiplayerSample;
			productReference = 818BE04D15374FB80009BA1A /* RKMultiplayerSample.app */;
			productType = "com.apple.product-type.application";
		};
/* End PBXNativeTarget section */

/* Begin PBXProject section */
		818BE04415374FB70009BA1A /* Project object */ = {
			isa = PBXProject;
			attributes = {
				LastUpgradeCheck = 0430;
				ORGANIZATIONNAME = "Orbotix, Inc.";
			};
			buildConfigurationList = 818BE04715374FB70009BA1A /* Build configuration list for PBXProject "RKMultiplayerSample" */;
			compatibilityVersion = "Xcode 3.2";
			developmentRegion = English;
			hasScannedForEncodings = 0;
			knownRegions = (
				en,
			);
			mainGroup = 818BE04215374FB70009BA1A;
			productRefGroup = 818BE04E15374FB80009BA1A /* Products */;
			projectDirPath = "";
			projectRoot = "";
			targets = (
				818BE04C15374FB80009BA1A /* RKMultiplayerSample */,
			);
		};
/* End PBXProject section */

/* Begin PBXResourcesBuildPhase section */
		818BE04B15374FB80009BA1A /* Resources */ = {
			isa = PBXResourcesBuildPhase;
			buildActionMask = 2147483647;
			files = (
				818BE06215374FB80009BA1A /* InfoPlist.strings in Resources */,
				818BE06E15374FB90009BA1A /* RobotUIKit.bundle in Resources */,
				818BE07415374FB90009BA1A /* ViewController.xib in Resources */,
				818BE080153763C90009BA1A /* GameLobbyViewController.xib in Resources */,
				818BE089153777300009BA1A /* NameEntryViewController.xib in Resources */,
				819FD4D7153E1572008285D0 /* README.txt in Resources */,
			);
			runOnlyForDeploymentPostprocessing = 0;
		};
/* End PBXResourcesBuildPhase section */

/* Begin PBXSourcesBuildPhase section */
		818BE04915374FB80009BA1A /* Sources */ = {
			isa = PBXSourcesBuildPhase;
			buildActionMask = 2147483647;
			files = (
				818BE06415374FB80009BA1A /* main.m in Sources */,
				818BE06815374FB80009BA1A /* AppDelegate.m in Sources */,
				818BE07115374FB90009BA1A /* ViewController.m in Sources */,
				818BE07F153763C90009BA1A /* GameLobbyViewController.m in Sources */,
				818BE088153777300009BA1A /* NameEntryViewController.m in Sources */,
			);
			runOnlyForDeploymentPostprocessing = 0;
		};
/* End PBXSourcesBuildPhase section */

/* Begin PBXVariantGroup section */
		818BE06015374FB80009BA1A /* InfoPlist.strings */ = {
			isa = PBXVariantGroup;
			children = (
				818BE06115374FB80009BA1A /* en */,
			);
			name = InfoPlist.strings;
			sourceTree = "<group>";
		};
		818BE07215374FB90009BA1A /* ViewController.xib */ = {
			isa = PBXVariantGroup;
			children = (
				818BE07315374FB90009BA1A /* en */,
			);
			name = ViewController.xib;
			sourceTree = "<group>";
		};
/* End PBXVariantGroup section */

/* Begin XCBuildConfiguration section */
		818BE07515374FB90009BA1A /* Debug */ = {
			isa = XCBuildConfiguration;
			buildSettings = {
				ALWAYS_SEARCH_USER_PATHS = NO;
				ARCHS = "$(ARCHS_STANDARD_32_BIT)";
				"CODE_SIGN_IDENTITY[sdk=iphoneos*]" = "iPhone Developer";
				COPY_PHASE_STRIP = NO;
				GCC_C_LANGUAGE_STANDARD = gnu99;
				GCC_DYNAMIC_NO_PIC = NO;
				GCC_OPTIMIZATION_LEVEL = 0;
				GCC_PREPROCESSOR_DEFINITIONS = (
					"DEBUG=1",
					"$(inherited)",
				);
				GCC_SYMBOLS_PRIVATE_EXTERN = NO;
				GCC_VERSION = com.apple.compilers.llvm.clang.1_0;
				GCC_WARN_ABOUT_RETURN_TYPE = YES;
				GCC_WARN_UNINITIALIZED_AUTOS = YES;
				GCC_WARN_UNUSED_VARIABLE = YES;
				IPHONEOS_DEPLOYMENT_TARGET = 5.1;
				SDKROOT = iphoneos;
			};
			name = Debug;
		};
		818BE07615374FB90009BA1A /* Release */ = {
			isa = XCBuildConfiguration;
			buildSettings = {
				ALWAYS_SEARCH_USER_PATHS = NO;
				ARCHS = "$(ARCHS_STANDARD_32_BIT)";
				"CODE_SIGN_IDENTITY[sdk=iphoneos*]" = "iPhone Developer";
				COPY_PHASE_STRIP = YES;
				GCC_C_LANGUAGE_STANDARD = gnu99;
				GCC_VERSION = com.apple.compilers.llvm.clang.1_0;
				GCC_WARN_ABOUT_RETURN_TYPE = YES;
				GCC_WARN_UNINITIALIZED_AUTOS = YES;
				GCC_WARN_UNUSED_VARIABLE = YES;
				IPHONEOS_DEPLOYMENT_TARGET = 5.1;
				OTHER_CFLAGS = "-DNS_BLOCK_ASSERTIONS=1";
				SDKROOT = iphoneos;
				VALIDATE_PRODUCT = YES;
			};
			name = Release;
		};
		818BE07815374FB90009BA1A /* Debug */ = {
			isa = XCBuildConfiguration;
			buildSettings = {
				FRAMEWORK_SEARCH_PATHS = (
					"$(inherited)",
					"\"$(SRCROOT)/RKMultiplayerSample/Frameworks\"",
					"\"$(SRCROOT)\"",
				);
				GCC_PRECOMPILE_PREFIX_HEADER = YES;
				GCC_PREFIX_HEADER = "RKMultiplayerSample/RKMultiplayerSample-Prefix.pch";
				HEADER_SEARCH_PATHS = "";
				INFOPLIST_FILE = "RKMultiplayerSample/RKMultiplayerSample-Info.plist";
				IPHONEOS_DEPLOYMENT_TARGET = 4.2;
				LIBRARY_SEARCH_PATHS = (
					"$(inherited)",
					"\"$(SRCROOT)/../../../../../../Library/Developer/Xcode/DerivedData/SpheroWorkspace-emzssahxhtteqffranldstyrnisk/Build/Products/Debug-iphoneos\"",
				);
				OTHER_LDFLAGS = (
					"-ObjC",
					"-all_load",
					"-lstdc++",
					"-lsqlite3.0",
				);
				PRODUCT_NAME = "$(TARGET_NAME)";
				WRAPPER_EXTENSION = app;
			};
			name = Debug;
		};
		818BE07915374FB90009BA1A /* Release */ = {
			isa = XCBuildConfiguration;
			buildSettings = {
				FRAMEWORK_SEARCH_PATHS = (
					"$(inherited)",
					"\"$(SRCROOT)/RKMultiplayerSample/Frameworks\"",
					"\"$(SRCROOT)\"",
				);
				GCC_PRECOMPILE_PREFIX_HEADER = YES;
				GCC_PREFIX_HEADER = "RKMultiplayerSample/RKMultiplayerSample-Prefix.pch";
				HEADER_SEARCH_PATHS = "";
				INFOPLIST_FILE = "RKMultiplayerSample/RKMultiplayerSample-Info.plist";
				IPHONEOS_DEPLOYMENT_TARGET = 4.2;
				LIBRARY_SEARCH_PATHS = (
					"$(inherited)",
					"\"$(SRCROOT)/../../../../../../Library/Developer/Xcode/DerivedData/SpheroWorkspace-emzssahxhtteqffranldstyrnisk/Build/Products/Debug-iphoneos\"",
				);
				OTHER_LDFLAGS = (
					"-ObjC",
					"-all_load",
					"-lstdc++",
					"-lsqlite3.0",
				);
				PRODUCT_NAME = "$(TARGET_NAME)";
				WRAPPER_EXTENSION = app;
			};
			name = Release;
		};
/* End XCBuildConfiguration section */

/* Begin XCConfigurationList section */
		818BE04715374FB70009BA1A /* Build configuration list for PBXProject "RKMultiplayerSample" */ = {
			isa = XCConfigurationList;
			buildConfigurations = (
				818BE07515374FB90009BA1A /* Debug */,
				818BE07615374FB90009BA1A /* Release */,
			);
			defaultConfigurationIsVisible = 0;
			defaultConfigurationName = Release;
		};
		818BE07715374FB90009BA1A /* Build configuration list for PBXNativeTarget "RKMultiplayerSample" */ = {
			isa = XCConfigurationList;
			buildConfigurations = (
				818BE07815374FB90009BA1A /* Debug */,
				818BE07915374FB90009BA1A /* Release */,
			);
			defaultConfigurationIsVisible = 0;
			defaultConfigurationName = Release;
		};
/* End XCConfigurationList section */
	};
	rootObject = 818BE04415374FB70009BA1A /* Project object */;
}
