// !$*UTF8*$!
{
	archiveVersion = 1;
	classes = {
	};
	objectVersion = 46;
	objects = {

/* Begin PBXBuildFile section */
		DA0A769C1C0E198300D432C2 /* main.m in Sources */ = {isa = PBXBuildFile; fileRef = DA0A769B1C0E198300D432C2 /* main.m */; };
		DA0A769F1C0E198300D432C2 /* AppDelegate.m in Sources */ = {isa = PBXBuildFile; fileRef = DA0A769E1C0E198300D432C2 /* AppDelegate.m */; };
		DA0A76A21C0E198300D432C2 /* ViewController.m in Sources */ = {isa = PBXBuildFile; fileRef = DA0A76A11C0E198300D432C2 /* ViewController.m */; };
		DA0A76A51C0E198300D432C2 /* Main.storyboard in Resources */ = {isa = PBXBuildFile; fileRef = DA0A76A31C0E198300D432C2 /* Main.storyboard */; };
		DA0A76A71C0E198300D432C2 /* Assets.xcassets in Resources */ = {isa = PBXBuildFile; fileRef = DA0A76A61C0E198300D432C2 /* Assets.xcassets */; };
		DA0A76AA1C0E198300D432C2 /* LaunchScreen.storyboard in Resources */ = {isa = PBXBuildFile; fileRef = DA0A76A81C0E198300D432C2 /* LaunchScreen.storyboard */; };
		DA0A76B21C0E1A7800D432C2 /* Sample.oval in Resources */ = {isa = PBXBuildFile; fileRef = DA0A76B11C0E1A7800D432C2 /* Sample.oval */; };
		DA0A76B41C0E1BF600D432C2 /* RobotKit.framework in Frameworks */ = {isa = PBXBuildFile; fileRef = DA0A76B31C0E1BF600D432C2 /* RobotKit.framework */; };
/* End PBXBuildFile section */

/* Begin PBXFileReference section */
		DA0A76971C0E198300D432C2 /* OvalAccelerationStreaming.app */ = {isa = PBXFileReference; explicitFileType = wrapper.application; includeInIndex = 0; path = OvalAccelerationStreaming.app; sourceTree = BUILT_PRODUCTS_DIR; };
		DA0A769B1C0E198300D432C2 /* main.m */ = {isa = PBXFileReference; lastKnownFileType = sourcecode.c.objc; path = main.m; sourceTree = "<group>"; };
		DA0A769D1C0E198300D432C2 /* AppDelegate.h */ = {isa = PBXFileReference; lastKnownFileType = sourcecode.c.h; path = AppDelegate.h; sourceTree = "<group>"; };
		DA0A769E1C0E198300D432C2 /* AppDelegate.m */ = {isa = PBXFileReference; lastKnownFileType = sourcecode.c.objc; path = AppDelegate.m; sourceTree = "<group>"; };
		DA0A76A01C0E198300D432C2 /* ViewController.h */ = {isa = PBXFileReference; lastKnownFileType = sourcecode.c.h; path = ViewController.h; sourceTree = "<group>"; };
		DA0A76A11C0E198300D432C2 /* ViewController.m */ = {isa = PBXFileReference; lastKnownFileType = sourcecode.c.objc; path = ViewController.m; sourceTree = "<group>"; };
		DA0A76A41C0E198300D432C2 /* Base */ = {isa = PBXFileReference; lastKnownFileType = file.storyboard; name = Base; path = Base.lproj/Main.storyboard; sourceTree = "<group>"; };
		DA0A76A61C0E198300D432C2 /* Assets.xcassets */ = {isa = PBXFileReference; lastKnownFileType = folder.assetcatalog; path = Assets.xcassets; sourceTree = "<group>"; };
		DA0A76A91C0E198300D432C2 /* Base */ = {isa = PBXFileReference; lastKnownFileType = file.storyboard; name = Base; path = Base.lproj/LaunchScreen.storyboard; sourceTree = "<group>"; };
		DA0A76AB1C0E198300D432C2 /* Info.plist */ = {isa = PBXFileReference; lastKnownFileType = text.plist.xml; path = Info.plist; sourceTree = "<group>"; };
		DA0A76B11C0E1A7800D432C2 /* Sample.oval */ = {isa = PBXFileReference; fileEncoding = 4; lastKnownFileType = text; path = Sample.oval; sourceTree = "<group>"; };
		DA0A76B31C0E1BF600D432C2 /* RobotKit.framework */ = {isa = PBXFileReference; lastKnownFileType = wrapper.framework; path = RobotKit.framework; sourceTree = "<group>"; };
/* End PBXFileReference section */

/* Begin PBXFrameworksBuildPhase section */
		DA0A76941C0E198300D432C2 /* Frameworks */ = {
			isa = PBXFrameworksBuildPhase;
			buildActionMask = 2147483647;
			files = (
				DA0A76B41C0E1BF600D432C2 /* RobotKit.framework in Frameworks */,
			);
			runOnlyForDeploymentPostprocessing = 0;
		};
/* End PBXFrameworksBuildPhase section */

/* Begin PBXGroup section */
		DA0A768E1C0E198300D432C2 = {
			isa = PBXGroup;
			children = (
				DA0A76B31C0E1BF600D432C2 /* RobotKit.framework */,
				DA0A76991C0E198300D432C2 /* OvalAccelerationStreaming */,
				DA0A76981C0E198300D432C2 /* Products */,
			);
			sourceTree = "<group>";
		};
		DA0A76981C0E198300D432C2 /* Products */ = {
			isa = PBXGroup;
			children = (
				DA0A76971C0E198300D432C2 /* OvalAccelerationStreaming.app */,
			);
			name = Products;
			sourceTree = "<group>";
		};
		DA0A76991C0E198300D432C2 /* OvalAccelerationStreaming */ = {
			isa = PBXGroup;
			children = (
				DA0A76B11C0E1A7800D432C2 /* Sample.oval */,
				DA0A769D1C0E198300D432C2 /* AppDelegate.h */,
				DA0A769E1C0E198300D432C2 /* AppDelegate.m */,
				DA0A76A01C0E198300D432C2 /* ViewController.h */,
				DA0A76A11C0E198300D432C2 /* ViewController.m */,
				DA0A76A31C0E198300D432C2 /* Main.storyboard */,
				DA0A76A61C0E198300D432C2 /* Assets.xcassets */,
				DA0A76A81C0E198300D432C2 /* LaunchScreen.storyboard */,
				DA0A76AB1C0E198300D432C2 /* Info.plist */,
				DA0A769A1C0E198300D432C2 /* Supporting Files */,
			);
			path = OvalAccelerationStreaming;
			sourceTree = "<group>";
		};
		DA0A769A1C0E198300D432C2 /* Supporting Files */ = {
			isa = PBXGroup;
			children = (
				DA0A769B1C0E198300D432C2 /* main.m */,
			);
			name = "Supporting Files";
			sourceTree = "<group>";
		};
/* End PBXGroup section */

/* Begin PBXNativeTarget section */
		DA0A76961C0E198300D432C2 /* OvalAccelerationStreaming */ = {
			isa = PBXNativeTarget;
			buildConfigurationList = DA0A76AE1C0E198300D432C2 /* Build configuration list for PBXNativeTarget "OvalAccelerationStreaming" */;
			buildPhases = (
				DA0A76931C0E198300D432C2 /* Sources */,
				DA0A76941C0E198300D432C2 /* Frameworks */,
				DA0A76951C0E198300D432C2 /* Resources */,
			);
			buildRules = (
			);
			dependencies = (
			);
			name = OvalAccelerationStreaming;
			productName = OvalAccelerationStreaming;
			productReference = DA0A76971C0E198300D432C2 /* OvalAccelerationStreaming.app */;
			productType = "com.apple.product-type.application";
		};
/* End PBXNativeTarget section */

/* Begin PBXProject section */
		DA0A768F1C0E198300D432C2 /* Project object */ = {
			isa = PBXProject;
			attributes = {
				LastUpgradeCheck = 0710;
				ORGANIZATIONNAME = Sphero;
				TargetAttributes = {
					DA0A76961C0E198300D432C2 = {
						CreatedOnToolsVersion = 7.1.1;
						SystemCapabilities = {
							com.apple.BackgroundModes = {
								enabled = 1;
							};
						};
					};
				};
			};
			buildConfigurationList = DA0A76921C0E198300D432C2 /* Build configuration list for PBXProject "OvalAccelerationStreaming" */;
			compatibilityVersion = "Xcode 3.2";
			developmentRegion = English;
			hasScannedForEncodings = 0;
			knownRegions = (
				en,
				Base,
			);
			mainGroup = DA0A768E1C0E198300D432C2;
			productRefGroup = DA0A76981C0E198300D432C2 /* Products */;
			projectDirPath = "";
			projectRoot = "";
			targets = (
				DA0A76961C0E198300D432C2 /* OvalAccelerationStreaming */,
			);
		};
/* End PBXProject section */

/* Begin PBXResourcesBuildPhase section */
		DA0A76951C0E198300D432C2 /* Resources */ = {
			isa = PBXResourcesBuildPhase;
			buildActionMask = 2147483647;
			files = (
				DA0A76AA1C0E198300D432C2 /* LaunchScreen.storyboard in Resources */,
				DA0A76B21C0E1A7800D432C2 /* Sample.oval in Resources */,
				DA0A76A71C0E198300D432C2 /* Assets.xcassets in Resources */,
				DA0A76A51C0E198300D432C2 /* Main.storyboard in Resources */,
			);
			runOnlyForDeploymentPostprocessing = 0;
		};
/* End PBXResourcesBuildPhase section */

/* Begin PBXSourcesBuildPhase section */
		DA0A76931C0E198300D432C2 /* Sources */ = {
			isa = PBXSourcesBuildPhase;
			buildActionMask = 2147483647;
			files = (
				DA0A76A21C0E198300D432C2 /* ViewController.m in Sources */,
				DA0A769F1C0E198300D432C2 /* AppDelegate.m in Sources */,
				DA0A769C1C0E198300D432C2 /* main.m in Sources */,
			);
			runOnlyForDeploymentPostprocessing = 0;
		};
/* End PBXSourcesBuildPhase section */

/* Begin PBXVariantGroup section */
		DA0A76A31C0E198300D432C2 /* Main.storyboard */ = {
			isa = PBXVariantGroup;
			children = (
				DA0A76A41C0E198300D432C2 /* Base */,
			);
			name = Main.storyboard;
			sourceTree = "<group>";
		};
		DA0A76A81C0E198300D432C2 /* LaunchScreen.storyboard */ = {
			isa = PBXVariantGroup;
			children = (
				DA0A76A91C0E198300D432C2 /* Base */,
			);
			name = LaunchScreen.storyboard;
			sourceTree = "<group>";
		};
/* End PBXVariantGroup section */

/* Begin XCBuildConfiguration section */
		DA0A76AC1C0E198300D432C2 /* Debug */ = {
			isa = XCBuildConfiguration;
			buildSettings = {
				ALWAYS_SEARCH_USER_PATHS = NO;
				CLANG_CXX_LANGUAGE_STANDARD = "gnu++0x";
				CLANG_CXX_LIBRARY = "libc++";
				CLANG_ENABLE_MODULES = YES;
				CLANG_ENABLE_OBJC_ARC = YES;
				CLANG_WARN_BOOL_CONVERSION = YES;
				CLANG_WARN_CONSTANT_CONVERSION = YES;
				CLANG_WARN_DIRECT_OBJC_ISA_USAGE = YES_ERROR;
				CLANG_WARN_EMPTY_BODY = YES;
				CLANG_WARN_ENUM_CONVERSION = YES;
				CLANG_WARN_INT_CONVERSION = YES;
				CLANG_WARN_OBJC_ROOT_CLASS = YES_ERROR;
				CLANG_WARN_UNREACHABLE_CODE = YES;
				CLANG_WARN__DUPLICATE_METHOD_MATCH = YES;
				"CODE_SIGN_IDENTITY[sdk=iphoneos*]" = "iPhone Developer";
				COPY_PHASE_STRIP = NO;
				DEBUG_INFORMATION_FORMAT = dwarf;
				ENABLE_STRICT_OBJC_MSGSEND = YES;
				ENABLE_TESTABILITY = YES;
				GCC_C_LANGUAGE_STANDARD = gnu99;
				GCC_DYNAMIC_NO_PIC = NO;
				GCC_NO_COMMON_BLOCKS = YES;
				GCC_OPTIMIZATION_LEVEL = 0;
				GCC_PREPROCESSOR_DEFINITIONS = (
					"DEBUG=1",
					"$(inherited)",
				);
				GCC_WARN_64_TO_32_BIT_CONVERSION = YES;
				GCC_WARN_ABOUT_RETURN_TYPE = YES_ERROR;
				GCC_WARN_UNDECLARED_SELECTOR = YES;
				GCC_WARN_UNINITIALIZED_AUTOS = YES_AGGRESSIVE;
				GCC_WARN_UNUSED_FUNCTION = YES;
				GCC_WARN_UNUSED_VARIABLE = YES;
				IPHONEOS_DEPLOYMENT_TARGET = 9.1;
				MTL_ENABLE_DEBUG_INFO = YES;
				ONLY_ACTIVE_ARCH = YES;
				SDKROOT = iphoneos;
				TARGETED_DEVICE_FAMILY = "1,2";
			};
			name = Debug;
		};
		DA0A76AD1C0E198300D432C2 /* Release */ = {
			isa = XCBuildConfiguration;
			buildSettings = {
				ALWAYS_SEARCH_USER_PATHS = NO;
				CLANG_CXX_LANGUAGE_STANDARD = "gnu++0x";
				CLANG_CXX_LIBRARY = "libc++";
				CLANG_ENABLE_MODULES = YES;
				CLANG_ENABLE_OBJC_ARC = YES;
				CLANG_WARN_BOOL_CONVERSION = YES;
				CLANG_WARN_CONSTANT_CONVERSION = YES;
				CLANG_WARN_DIRECT_OBJC_ISA_USAGE = YES_ERROR;
				CLANG_WARN_EMPTY_BODY = YES;
				CLANG_WARN_ENUM_CONVERSION = YES;
				CLANG_WARN_INT_CONVERSION = YES;
				CLANG_WARN_OBJC_ROOT_CLASS = YES_ERROR;
				CLANG_WARN_UNREACHABLE_CODE = YES;
				CLANG_WARN__DUPLICATE_METHOD_MATCH = YES;
				"CODE_SIGN_IDENTITY[sdk=iphoneos*]" = "iPhone Developer";
				COPY_PHASE_STRIP = NO;
				DEBUG_INFORMATION_FORMAT = "dwarf-with-dsym";
				ENABLE_NS_ASSERTIONS = NO;
				ENABLE_STRICT_OBJC_MSGSEND = YES;
				GCC_C_LANGUAGE_STANDARD = gnu99;
				GCC_NO_COMMON_BLOCKS = YES;
				GCC_WARN_64_TO_32_BIT_CONVERSION = YES;
				GCC_WARN_ABOUT_RETURN_TYPE = YES_ERROR;
				GCC_WARN_UNDECLARED_SELECTOR = YES;
				GCC_WARN_UNINITIALIZED_AUTOS = YES_AGGRESSIVE;
				GCC_WARN_UNUSED_FUNCTION = YES;
				GCC_WARN_UNUSED_VARIABLE = YES;
				IPHONEOS_DEPLOYMENT_TARGET = 9.1;
				MTL_ENABLE_DEBUG_INFO = NO;
				SDKROOT = iphoneos;
				TARGETED_DEVICE_FAMILY = "1,2";
				VALIDATE_PRODUCT = YES;
			};
			name = Release;
		};
		DA0A76AF1C0E198300D432C2 /* Debug */ = {
			isa = XCBuildConfiguration;
			buildSettings = {
				ASSETCATALOG_COMPILER_APPICON_NAME = AppIcon;
				FRAMEWORK_SEARCH_PATHS = (
					"$(inherited)",
					"$(PROJECT_DIR)",
				);
				INFOPLIST_FILE = OvalAccelerationStreaming/Info.plist;
				IPHONEOS_DEPLOYMENT_TARGET = 8.0;
				LD_RUNPATH_SEARCH_PATHS = "$(inherited) @executable_path/Frameworks";
				OTHER_LDFLAGS = (
					"-ObjC",
					"-lc++",
				);
				PRODUCT_BUNDLE_IDENTIFIER = com.sphero.OvalAccelerationStreaming;
				PRODUCT_NAME = "$(TARGET_NAME)";
			};
			name = Debug;
		};
		DA0A76B01C0E198300D432C2 /* Release */ = {
			isa = XCBuildConfiguration;
			buildSettings = {
				ASSETCATALOG_COMPILER_APPICON_NAME = AppIcon;
				FRAMEWORK_SEARCH_PATHS = (
					"$(inherited)",
					"$(PROJECT_DIR)",
				);
				INFOPLIST_FILE = OvalAccelerationStreaming/Info.plist;
				IPHONEOS_DEPLOYMENT_TARGET = 8.0;
				LD_RUNPATH_SEARCH_PATHS = "$(inherited) @executable_path/Frameworks";
				OTHER_LDFLAGS = (
					"-ObjC",
					"-lc++",
				);
				PRODUCT_BUNDLE_IDENTIFIER = com.sphero.OvalAccelerationStreaming;
				PRODUCT_NAME = "$(TARGET_NAME)";
			};
			name = Release;
		};
/* End XCBuildConfiguration section */

/* Begin XCConfigurationList section */
		DA0A76921C0E198300D432C2 /* Build configuration list for PBXProject "OvalAccelerationStreaming" */ = {
			isa = XCConfigurationList;
			buildConfigurations = (
				DA0A76AC1C0E198300D432C2 /* Debug */,
				DA0A76AD1C0E198300D432C2 /* Release */,
			);
			defaultConfigurationIsVisible = 0;
			defaultConfigurationName = Release;
		};
		DA0A76AE1C0E198300D432C2 /* Build configuration list for PBXNativeTarget "OvalAccelerationStreaming" */ = {
			isa = XCConfigurationList;
			buildConfigurations = (
				DA0A76AF1C0E198300D432C2 /* Debug */,
				DA0A76B01C0E198300D432C2 /* Release */,
			);
			defaultConfigurationIsVisible = 0;
		};
/* End XCConfigurationList section */
	};
	rootObject = DA0A768F1C0E198300D432C2 /* Project object */;
}
